
Microsoft Visual Studio Solution File, Format Version 11.00
# Visual Studio 2010
Project("{FAE04EC0-301F-11D3-BF4B-00C04F79EFBC}") = "SQLProviderLibrary", "SQLProviderLibrary\SQLProviderLibrary.csproj", "{505D1E88-8D99-47FF-86A0-93305AF008F2}"
EndProject
Project("{FAE04EC0-301F-11D3-BF4B-00C04F79EFBC}") = "SQLProviderService", "SQLProviderService\SQLProviderService.csproj", "{AC331CD1-1A69-41EF-9770-604A4D2355E6}"
EndProject
Project("{FAE04EC0-301F-11D3-BF4B-00C04F79EFBC}") = "SQLProviderClient", "SQLProviderClient\SQLProviderClient.csproj", "{ADD8DC1E-156B-4904-8549-C7E379A336AF}"
EndProject
Global
	GlobalSection(SolutionConfigurationPlatforms) = preSolution
		Debug|Any CPU = Debug|Any CPU
		Release|Any CPU = Release|Any CPU
	EndGlobalSection
	GlobalSection(ProjectConfigurationPlatforms) = postSolution
		{505D1E88-8D99-47FF-86A0-93305AF008F2}.Debug|Any CPU.ActiveCfg = Debug|Any CPU
		{505D1E88-8D99-47FF-86A0-93305AF008F2}.Debug|Any CPU.Build.0 = Debug|Any CPU
		{505D1E88-8D99-47FF-86A0-93305AF008F2}.Release|Any CPU.ActiveCfg = Release|Any CPU
		{505D1E88-8D99-47FF-86A0-93305AF008F2}.Release|Any CPU.Build.0 = Release|Any CPU
		{AC331CD1-1A69-41EF-9770-604A4D2355E6}.Debug|Any CPU.ActiveCfg = Debug|Any CPU
		{AC331CD1-1A69-41EF-9770-604A4D2355E6}.Debug|Any CPU.Build.0 = Debug|Any CPU
		{AC331CD1-1A69-41EF-9770-604A4D2355E6}.Release|Any CPU.ActiveCfg = Release|Any CPU
		{AC331CD1-1A69-41EF-9770-604A4D2355E6}.Release|Any CPU.Build.0 = Release|Any CPU
		{ADD8DC1E-156B-4904-8549-C7E379A336AF}.Debug|Any CPU.ActiveCfg = Debug|Any CPU
		{ADD8DC1E-156B-4904-8549-C7E379A336AF}.Debug|Any CPU.Build.0 = Debug|Any CPU
		{ADD8DC1E-156B-4904-8549-C7E379A336AF}.Release|Any CPU.ActiveCfg = Release|Any CPU
		{ADD8DC1E-156B-4904-8549-C7E379A336AF}.Release|Any CPU.Build.0 = Release|Any CPU
	EndGlobalSection
	GlobalSection(SolutionProperties) = preSolution
		HideSolutionNode = FALSE
	EndGlobalSection
EndGlobal
