
Microsoft Visual Studio Solution File, Format Version 12.00
# Visual Studio 2013
VisualStudioVersion = 12.0.30110.0
MinimumVisualStudioVersion = 10.0.40219.1
Project("{FAE04EC0-301F-11D3-BF4B-00C04F79EFBC}") = "PrimitiveTypes", "PrimitiveTypes\PrimitiveTypes.csproj", "{B7433446-24BC-4EE5-BB83-0E6EF22BFC69}"
EndProject
Project("{FAE04EC0-301F-11D3-BF4B-00C04F79EFBC}") = "ValueTypes", "ValueTypes\ValueTypes.csproj", "{B1FA9B99-645F-4CE1-9B96-198C0DB45358}"
EndProject
Project("{FAE04EC0-301F-11D3-BF4B-00C04F79EFBC}") = "DynamicTypes", "DynamicTypes\DynamicTypes.csproj", "{66E5A6F5-FBEF-4EB5-92FA-AFC984342B68}"
EndProject
Project("{2150E333-8FDC-42A3-9474-1A3956D46DE8}") = "!DOC", "!DOC", "{9541BAB0-03D4-4D7C-9482-D24A008337BA}"
	ProjectSection(SolutionItems) = preProject
		!!!.txt = !!!.txt
	EndProjectSection
EndProject
Project("{FAE04EC0-301F-11D3-BF4B-00C04F79EFBC}") = "ReferenceTypes", "ReferenceTypes\ReferenceTypes.csproj", "{9101B90A-C0D8-48AC-9F99-F180B0AD1F60}"
EndProject
Global
	GlobalSection(SolutionConfigurationPlatforms) = preSolution
		Debug|Any CPU = Debug|Any CPU
		Debug|x86 = Debug|x86
		Release|Any CPU = Release|Any CPU
		Release|x86 = Release|x86
	EndGlobalSection
	GlobalSection(ProjectConfigurationPlatforms) = postSolution
		{B7433446-24BC-4EE5-BB83-0E6EF22BFC69}.Debug|Any CPU.ActiveCfg = Debug|Any CPU
		{B7433446-24BC-4EE5-BB83-0E6EF22BFC69}.Debug|Any CPU.Build.0 = Debug|Any CPU
		{B7433446-24BC-4EE5-BB83-0E6EF22BFC69}.Debug|x86.ActiveCfg = Debug|x86
		{B7433446-24BC-4EE5-BB83-0E6EF22BFC69}.Debug|x86.Build.0 = Debug|x86
		{B7433446-24BC-4EE5-BB83-0E6EF22BFC69}.Release|Any CPU.ActiveCfg = Release|Any CPU
		{B7433446-24BC-4EE5-BB83-0E6EF22BFC69}.Release|Any CPU.Build.0 = Release|Any CPU
		{B7433446-24BC-4EE5-BB83-0E6EF22BFC69}.Release|x86.ActiveCfg = Release|x86
		{B7433446-24BC-4EE5-BB83-0E6EF22BFC69}.Release|x86.Build.0 = Release|x86
		{B1FA9B99-645F-4CE1-9B96-198C0DB45358}.Debug|Any CPU.ActiveCfg = Debug|Any CPU
		{B1FA9B99-645F-4CE1-9B96-198C0DB45358}.Debug|Any CPU.Build.0 = Debug|Any CPU
		{B1FA9B99-645F-4CE1-9B96-198C0DB45358}.Debug|x86.ActiveCfg = Debug|x86
		{B1FA9B99-645F-4CE1-9B96-198C0DB45358}.Debug|x86.Build.0 = Debug|x86
		{B1FA9B99-645F-4CE1-9B96-198C0DB45358}.Release|Any CPU.ActiveCfg = Release|Any CPU
		{B1FA9B99-645F-4CE1-9B96-198C0DB45358}.Release|Any CPU.Build.0 = Release|Any CPU
		{B1FA9B99-645F-4CE1-9B96-198C0DB45358}.Release|x86.ActiveCfg = Release|x86
		{B1FA9B99-645F-4CE1-9B96-198C0DB45358}.Release|x86.Build.0 = Release|x86
		{66E5A6F5-FBEF-4EB5-92FA-AFC984342B68}.Debug|Any CPU.ActiveCfg = Debug|Any CPU
		{66E5A6F5-FBEF-4EB5-92FA-AFC984342B68}.Debug|Any CPU.Build.0 = Debug|Any CPU
		{66E5A6F5-FBEF-4EB5-92FA-AFC984342B68}.Debug|x86.ActiveCfg = Debug|x86
		{66E5A6F5-FBEF-4EB5-92FA-AFC984342B68}.Debug|x86.Build.0 = Debug|x86
		{66E5A6F5-FBEF-4EB5-92FA-AFC984342B68}.Release|Any CPU.ActiveCfg = Release|Any CPU
		{66E5A6F5-FBEF-4EB5-92FA-AFC984342B68}.Release|Any CPU.Build.0 = Release|Any CPU
		{66E5A6F5-FBEF-4EB5-92FA-AFC984342B68}.Release|x86.ActiveCfg = Release|x86
		{66E5A6F5-FBEF-4EB5-92FA-AFC984342B68}.Release|x86.Build.0 = Release|x86
		{9101B90A-C0D8-48AC-9F99-F180B0AD1F60}.Debug|Any CPU.ActiveCfg = Debug|Any CPU
		{9101B90A-C0D8-48AC-9F99-F180B0AD1F60}.Debug|Any CPU.Build.0 = Debug|Any CPU
		{9101B90A-C0D8-48AC-9F99-F180B0AD1F60}.Debug|x86.ActiveCfg = Debug|Any CPU
		{9101B90A-C0D8-48AC-9F99-F180B0AD1F60}.Release|Any CPU.ActiveCfg = Release|Any CPU
		{9101B90A-C0D8-48AC-9F99-F180B0AD1F60}.Release|Any CPU.Build.0 = Release|Any CPU
		{9101B90A-C0D8-48AC-9F99-F180B0AD1F60}.Release|x86.ActiveCfg = Release|Any CPU
	EndGlobalSection
	GlobalSection(SolutionProperties) = preSolution
		HideSolutionNode = FALSE
	EndGlobalSection
EndGlobal
