
Microsoft Visual Studio Solution File, Format Version 11.00
# Visual Studio 2010
Project("{FAE04EC0-301F-11D3-BF4B-00C04F79EFBC}") = "ConcurrencyMSMQLibrary", "ConcurrencyMSMQLibrary\ConcurrencyMSMQLibrary.csproj", "{9A0318C4-9D3C-42E9-A3AE-5DF3D7B9AEF0}"
EndProject
Project("{FAE04EC0-301F-11D3-BF4B-00C04F79EFBC}") = "ConcurrencyMSMQService", "ConcurrencyMSMQService\ConcurrencyMSMQService.csproj", "{27D48430-B05F-4E1A-B969-707D4A73D8EC}"
EndProject
Project("{FAE04EC0-301F-11D3-BF4B-00C04F79EFBC}") = "ConcurrencyMSMQClient", "ConcurrencyMSMQClient\ConcurrencyMSMQClient.csproj", "{8600E5CA-851E-479B-B9B5-4048AFEABC74}"
EndProject
Global
	GlobalSection(SolutionConfigurationPlatforms) = preSolution
		Debug|Any CPU = Debug|Any CPU
		Release|Any CPU = Release|Any CPU
	EndGlobalSection
	GlobalSection(ProjectConfigurationPlatforms) = postSolution
		{9A0318C4-9D3C-42E9-A3AE-5DF3D7B9AEF0}.Debug|Any CPU.ActiveCfg = Debug|Any CPU
		{9A0318C4-9D3C-42E9-A3AE-5DF3D7B9AEF0}.Debug|Any CPU.Build.0 = Debug|Any CPU
		{9A0318C4-9D3C-42E9-A3AE-5DF3D7B9AEF0}.Release|Any CPU.ActiveCfg = Release|Any CPU
		{9A0318C4-9D3C-42E9-A3AE-5DF3D7B9AEF0}.Release|Any CPU.Build.0 = Release|Any CPU
		{27D48430-B05F-4E1A-B969-707D4A73D8EC}.Debug|Any CPU.ActiveCfg = Debug|Any CPU
		{27D48430-B05F-4E1A-B969-707D4A73D8EC}.Debug|Any CPU.Build.0 = Debug|Any CPU
		{27D48430-B05F-4E1A-B969-707D4A73D8EC}.Release|Any CPU.ActiveCfg = Release|Any CPU
		{27D48430-B05F-4E1A-B969-707D4A73D8EC}.Release|Any CPU.Build.0 = Release|Any CPU
		{8600E5CA-851E-479B-B9B5-4048AFEABC74}.Debug|Any CPU.ActiveCfg = Debug|Any CPU
		{8600E5CA-851E-479B-B9B5-4048AFEABC74}.Debug|Any CPU.Build.0 = Debug|Any CPU
		{8600E5CA-851E-479B-B9B5-4048AFEABC74}.Release|Any CPU.ActiveCfg = Release|Any CPU
		{8600E5CA-851E-479B-B9B5-4048AFEABC74}.Release|Any CPU.Build.0 = Release|Any CPU
	EndGlobalSection
	GlobalSection(SolutionProperties) = preSolution
		HideSolutionNode = FALSE
	EndGlobalSection
EndGlobal
