
Microsoft Visual Studio Solution File, Format Version 12.00
# Visual Studio 2013
VisualStudioVersion = 12.0.21005.1
MinimumVisualStudioVersion = 10.0.40219.1
Project("{2150E333-8FDC-42A3-9474-1A3956D46DE8}") = "CustomAttributes", "CustomAttributes", "{F4EBB5EE-0866-45CD-986D-0553F23D4E0A}"
	ProjectSection(SolutionItems) = preProject
		CustomAttributes\Clean.bat = CustomAttributes\Clean.bat
		CustomAttributes\Compile.bat = CustomAttributes\Compile.bat
		CustomAttributes\CompileDebug.bat = CustomAttributes\CompileDebug.bat
		CustomAttributes\CustomAttributes.il = CustomAttributes\CustomAttributes.il
		CustomAttributes\Helpers.il = CustomAttributes\Helpers.il
		CustomAttributes\MyCustomAttribute.il = CustomAttributes\MyCustomAttribute.il
		CustomAttributes\TestClass.il = CustomAttributes\TestClass.il
	EndProjectSection
EndProject
Project("{2150E333-8FDC-42A3-9474-1A3956D46DE8}") = "!DOC", "!DOC", "{87FC848B-3960-4EE5-B95D-984DF73A0CBB}"
	ProjectSection(SolutionItems) = preProject
		!!!.txt = !!!.txt
	EndProjectSection
EndProject
Global
	GlobalSection(SolutionProperties) = preSolution
		HideSolutionNode = FALSE
	EndGlobalSection
EndGlobal
