
Microsoft Visual Studio Solution File, Format Version 12.00
# Visual Studio Version 16
VisualStudioVersion = 16.0.30611.23
MinimumVisualStudioVersion = 10.0.40219.1
Project("{FAE04EC0-301F-11D3-BF4B-00C04F79EFBC}") = "ControllersAndViews", "ControllersAndViews\ControllersAndViews.csproj", "{FE7F6835-CFF5-415A-89A1-F64B69F3E234}"
EndProject
Project("{2150E333-8FDC-42A3-9474-1A3956D46DE8}") = "!DOC", "!DOC", "{8BD4B0B9-71A4-4987-9738-DD7D2A6DDCB7}"
	ProjectSection(SolutionItems) = preProject
		!DOC\!!!.txt = !DOC\!!!.txt
	EndProjectSection
EndProject
Global
	GlobalSection(SolutionConfigurationPlatforms) = preSolution
		Debug|Any CPU = Debug|Any CPU
		Release|Any CPU = Release|Any CPU
	EndGlobalSection
	GlobalSection(ProjectConfigurationPlatforms) = postSolution
		{FE7F6835-CFF5-415A-89A1-F64B69F3E234}.Debug|Any CPU.ActiveCfg = Debug|Any CPU
		{FE7F6835-CFF5-415A-89A1-F64B69F3E234}.Debug|Any CPU.Build.0 = Debug|Any CPU
		{FE7F6835-CFF5-415A-89A1-F64B69F3E234}.Release|Any CPU.ActiveCfg = Release|Any CPU
		{FE7F6835-CFF5-415A-89A1-F64B69F3E234}.Release|Any CPU.Build.0 = Release|Any CPU
	EndGlobalSection
	GlobalSection(SolutionProperties) = preSolution
		HideSolutionNode = FALSE
	EndGlobalSection
	GlobalSection(ExtensibilityGlobals) = postSolution
		SolutionGuid = {6F457D94-DC64-44B6-8616-A4042048C24C}
	EndGlobalSection
EndGlobal
