
Microsoft Visual Studio Solution File, Format Version 11.00
# Visual Studio 2010
Project("{FAE04EC0-301F-11D3-BF4B-00C04F79EFBC}") = "ErrorHandlingExtensionsLibrary", "ErrorHandlingExtensionsLibrary\ErrorHandlingExtensionsLibrary.csproj", "{9BF326FF-84B0-4A94-8B74-8F17F0CC52BD}"
EndProject
Project("{FAE04EC0-301F-11D3-BF4B-00C04F79EFBC}") = "ErrorHandlingExtensionsService", "ErrorHandlingExtensionsService\ErrorHandlingExtensionsService.csproj", "{ECD7E6CE-ED88-4227-8F07-D0ADFBF01543}"
EndProject
Project("{FAE04EC0-301F-11D3-BF4B-00C04F79EFBC}") = "ErrorHandlingExtensionsClient", "ErrorHandlingExtensionsClient\ErrorHandlingExtensionsClient.csproj", "{B77A6675-7817-4318-AADB-D1D359F9AA12}"
EndProject
Global
	GlobalSection(SolutionConfigurationPlatforms) = preSolution
		Debug|Any CPU = Debug|Any CPU
		Release|Any CPU = Release|Any CPU
	EndGlobalSection
	GlobalSection(ProjectConfigurationPlatforms) = postSolution
		{9BF326FF-84B0-4A94-8B74-8F17F0CC52BD}.Debug|Any CPU.ActiveCfg = Debug|Any CPU
		{9BF326FF-84B0-4A94-8B74-8F17F0CC52BD}.Debug|Any CPU.Build.0 = Debug|Any CPU
		{9BF326FF-84B0-4A94-8B74-8F17F0CC52BD}.Release|Any CPU.ActiveCfg = Release|Any CPU
		{9BF326FF-84B0-4A94-8B74-8F17F0CC52BD}.Release|Any CPU.Build.0 = Release|Any CPU
		{ECD7E6CE-ED88-4227-8F07-D0ADFBF01543}.Debug|Any CPU.ActiveCfg = Debug|Any CPU
		{ECD7E6CE-ED88-4227-8F07-D0ADFBF01543}.Debug|Any CPU.Build.0 = Debug|Any CPU
		{ECD7E6CE-ED88-4227-8F07-D0ADFBF01543}.Release|Any CPU.ActiveCfg = Release|Any CPU
		{ECD7E6CE-ED88-4227-8F07-D0ADFBF01543}.Release|Any CPU.Build.0 = Release|Any CPU
		{B77A6675-7817-4318-AADB-D1D359F9AA12}.Debug|Any CPU.ActiveCfg = Debug|Any CPU
		{B77A6675-7817-4318-AADB-D1D359F9AA12}.Debug|Any CPU.Build.0 = Debug|Any CPU
		{B77A6675-7817-4318-AADB-D1D359F9AA12}.Release|Any CPU.ActiveCfg = Release|Any CPU
		{B77A6675-7817-4318-AADB-D1D359F9AA12}.Release|Any CPU.Build.0 = Release|Any CPU
	EndGlobalSection
	GlobalSection(SolutionProperties) = preSolution
		HideSolutionNode = FALSE
	EndGlobalSection
EndGlobal
