
Microsoft Visual Studio Solution File, Format Version 12.00
# Visual Studio Version 17
VisualStudioVersion = 17.13.35931.197
MinimumVisualStudioVersion = 10.0.40219.1
Project("{FAE04EC0-301F-11D3-BF4B-00C04F79EFBC}") = "MyAzureProgram", "MyAzureProgram\MyAzureProgram.csproj", "{63914AC4-31ED-A96E-A0FB-0FA652650CBA}"
EndProject
Project("{FAE04EC0-301F-11D3-BF4B-00C04F79EFBC}") = "MyAzureProgramTests", "MyAzureProgramTests\MyAzureProgramTests.csproj", "{7F37613C-040B-654C-B4BC-B5ABE0DCD6B2}"
EndProject
Project("{2150E333-8FDC-42A3-9474-1A3956D46DE8}") = "!DOC", "!DOC", "{02EA681E-C7D8-13C7-8484-4AC65E1B71E8}"
	ProjectSection(SolutionItems) = preProject
		!DOC\!!!.txt = !DOC\!!!.txt
	EndProjectSection
EndProject
Project("{FAE04EC0-301F-11D3-BF4B-00C04F79EFBC}") = "MySharedLibrary", "MySharedLibrary\MySharedLibrary.csproj", "{1F9147A2-0532-47CB-C6C0-45A5B344712F}"
EndProject
Project("{FAE04EC0-301F-11D3-BF4B-00C04F79EFBC}") = "Client", "Client\Client.csproj", "{AE7EEA74-2FE0-136F-D797-854FD87E022A}"
EndProject
Global
	GlobalSection(SolutionConfigurationPlatforms) = preSolution
		Debug|Any CPU = Debug|Any CPU
		Release|Any CPU = Release|Any CPU
	EndGlobalSection
	GlobalSection(ProjectConfigurationPlatforms) = postSolution
		{63914AC4-31ED-A96E-A0FB-0FA652650CBA}.Debug|Any CPU.ActiveCfg = Debug|Any CPU
		{63914AC4-31ED-A96E-A0FB-0FA652650CBA}.Debug|Any CPU.Build.0 = Debug|Any CPU
		{63914AC4-31ED-A96E-A0FB-0FA652650CBA}.Release|Any CPU.ActiveCfg = Release|Any CPU
		{63914AC4-31ED-A96E-A0FB-0FA652650CBA}.Release|Any CPU.Build.0 = Release|Any CPU
		{7F37613C-040B-654C-B4BC-B5ABE0DCD6B2}.Debug|Any CPU.ActiveCfg = Debug|Any CPU
		{7F37613C-040B-654C-B4BC-B5ABE0DCD6B2}.Debug|Any CPU.Build.0 = Debug|Any CPU
		{7F37613C-040B-654C-B4BC-B5ABE0DCD6B2}.Release|Any CPU.ActiveCfg = Release|Any CPU
		{7F37613C-040B-654C-B4BC-B5ABE0DCD6B2}.Release|Any CPU.Build.0 = Release|Any CPU
		{1F9147A2-0532-47CB-C6C0-45A5B344712F}.Debug|Any CPU.ActiveCfg = Debug|Any CPU
		{1F9147A2-0532-47CB-C6C0-45A5B344712F}.Debug|Any CPU.Build.0 = Debug|Any CPU
		{1F9147A2-0532-47CB-C6C0-45A5B344712F}.Release|Any CPU.ActiveCfg = Release|Any CPU
		{1F9147A2-0532-47CB-C6C0-45A5B344712F}.Release|Any CPU.Build.0 = Release|Any CPU
		{AE7EEA74-2FE0-136F-D797-854FD87E022A}.Debug|Any CPU.ActiveCfg = Debug|Any CPU
		{AE7EEA74-2FE0-136F-D797-854FD87E022A}.Debug|Any CPU.Build.0 = Debug|Any CPU
		{AE7EEA74-2FE0-136F-D797-854FD87E022A}.Release|Any CPU.ActiveCfg = Release|Any CPU
		{AE7EEA74-2FE0-136F-D797-854FD87E022A}.Release|Any CPU.Build.0 = Release|Any CPU
	EndGlobalSection
	GlobalSection(SolutionProperties) = preSolution
		HideSolutionNode = FALSE
	EndGlobalSection
	GlobalSection(ExtensibilityGlobals) = postSolution
		SolutionGuid = {1B585621-20CA-48FE-97BA-358E30BEE40F}
	EndGlobalSection
EndGlobal
