
Microsoft Visual Studio Solution File, Format Version 11.00
# Visual Studio 2010
Project("{FAE04EC0-301F-11D3-BF4B-00C04F79EFBC}") = "ConcurrencyReentrantLibrary", "ConcurrencyReentrantLibrary\ConcurrencyReentrantLibrary.csproj", "{AE3E8AD5-1E5F-4BE8-AE6D-6278B0D0623E}"
EndProject
Project("{FAE04EC0-301F-11D3-BF4B-00C04F79EFBC}") = "ConcurrencyReentrantService", "ConcurrencyReentrantService\ConcurrencyReentrantService.csproj", "{7E58B7B3-2DC6-4B88-9B75-E606ECE8FD13}"
EndProject
Project("{FAE04EC0-301F-11D3-BF4B-00C04F79EFBC}") = "ConcurrencyReentrantClient", "ConcurrencyReentrantClient\ConcurrencyReentrantClient.csproj", "{F4A3BE1A-4D55-49AA-A968-14E03EDB1950}"
EndProject
Global
	GlobalSection(SolutionConfigurationPlatforms) = preSolution
		Debug|Any CPU = Debug|Any CPU
		Release|Any CPU = Release|Any CPU
	EndGlobalSection
	GlobalSection(ProjectConfigurationPlatforms) = postSolution
		{AE3E8AD5-1E5F-4BE8-AE6D-6278B0D0623E}.Debug|Any CPU.ActiveCfg = Debug|Any CPU
		{AE3E8AD5-1E5F-4BE8-AE6D-6278B0D0623E}.Debug|Any CPU.Build.0 = Debug|Any CPU
		{AE3E8AD5-1E5F-4BE8-AE6D-6278B0D0623E}.Release|Any CPU.ActiveCfg = Release|Any CPU
		{AE3E8AD5-1E5F-4BE8-AE6D-6278B0D0623E}.Release|Any CPU.Build.0 = Release|Any CPU
		{7E58B7B3-2DC6-4B88-9B75-E606ECE8FD13}.Debug|Any CPU.ActiveCfg = Debug|Any CPU
		{7E58B7B3-2DC6-4B88-9B75-E606ECE8FD13}.Debug|Any CPU.Build.0 = Debug|Any CPU
		{7E58B7B3-2DC6-4B88-9B75-E606ECE8FD13}.Release|Any CPU.ActiveCfg = Release|Any CPU
		{7E58B7B3-2DC6-4B88-9B75-E606ECE8FD13}.Release|Any CPU.Build.0 = Release|Any CPU
		{F4A3BE1A-4D55-49AA-A968-14E03EDB1950}.Debug|Any CPU.ActiveCfg = Debug|Any CPU
		{F4A3BE1A-4D55-49AA-A968-14E03EDB1950}.Debug|Any CPU.Build.0 = Debug|Any CPU
		{F4A3BE1A-4D55-49AA-A968-14E03EDB1950}.Release|Any CPU.ActiveCfg = Release|Any CPU
		{F4A3BE1A-4D55-49AA-A968-14E03EDB1950}.Release|Any CPU.Build.0 = Release|Any CPU
	EndGlobalSection
	GlobalSection(SolutionProperties) = preSolution
		HideSolutionNode = FALSE
	EndGlobalSection
EndGlobal
