
Microsoft Visual Studio Solution File, Format Version 12.00
# Visual Studio 15
VisualStudioVersion = 15.0.26228.4
MinimumVisualStudioVersion = 10.0.40219.1
Project("{8BC9CEB8-8B4A-11D0-8D11-00A0C91BC942}") = "ContainersInDetails", "ContainersInDetails\ContainersInDetails.vcxproj", "{2530FCE2-D52F-4DEE-8D34-56EABF815741}"
EndProject
Project("{2150E333-8FDC-42A3-9474-1A3956D46DE8}") = "!DOC", "!DOC", "{04CF947E-BB95-4ACD-8405-762D14A5E22B}"
	ProjectSection(SolutionItems) = preProject
		!DOC\!!!.txt = !DOC\!!!.txt
	EndProjectSection
EndProject
Global
	GlobalSection(SolutionConfigurationPlatforms) = preSolution
		Debug|x64 = Debug|x64
		Release|x64 = Release|x64
	EndGlobalSection
	GlobalSection(ProjectConfigurationPlatforms) = postSolution
		{2530FCE2-D52F-4DEE-8D34-56EABF815741}.Debug|x64.ActiveCfg = Debug|x64
		{2530FCE2-D52F-4DEE-8D34-56EABF815741}.Debug|x64.Build.0 = Debug|x64
		{2530FCE2-D52F-4DEE-8D34-56EABF815741}.Release|x64.ActiveCfg = Release|x64
		{2530FCE2-D52F-4DEE-8D34-56EABF815741}.Release|x64.Build.0 = Release|x64
	EndGlobalSection
	GlobalSection(SolutionProperties) = preSolution
		HideSolutionNode = FALSE
	EndGlobalSection
EndGlobal
