
Microsoft Visual Studio Solution File, Format Version 10.00
# Visual Studio 2008
Project("{FAE04EC0-301F-11D3-BF4B-00C04F79EFBC}") = "InteroperabilityWPF", "InteroperabilityWPF\InteroperabilityWPF.csproj", "{96544DC5-5F89-4001-A577-AE21241B852A}"
EndProject
Global
	GlobalSection(SolutionConfigurationPlatforms) = preSolution
		Debug|Any CPU = Debug|Any CPU
		Release|Any CPU = Release|Any CPU
	EndGlobalSection
	GlobalSection(ProjectConfigurationPlatforms) = postSolution
		{96544DC5-5F89-4001-A577-AE21241B852A}.Debug|Any CPU.ActiveCfg = Debug|Any CPU
		{96544DC5-5F89-4001-A577-AE21241B852A}.Debug|Any CPU.Build.0 = Debug|Any CPU
		{96544DC5-5F89-4001-A577-AE21241B852A}.Release|Any CPU.ActiveCfg = Release|Any CPU
		{96544DC5-5F89-4001-A577-AE21241B852A}.Release|Any CPU.Build.0 = Release|Any CPU
	EndGlobalSection
	GlobalSection(SolutionProperties) = preSolution
		HideSolutionNode = FALSE
	EndGlobalSection
EndGlobal
