
Microsoft Visual Studio Solution File, Format Version 12.00
# Visual Studio Version 17
VisualStudioVersion = 17.4.33122.133
MinimumVisualStudioVersion = 10.0.40219.1
Project("{FAE04EC0-301F-11D3-BF4B-00C04F79EFBC}") = "UnitTesting", "UnitTesting\UnitTesting.csproj", "{DF576BA9-B8F8-4AF4-A749-44ACEBD29507}"
EndProject
Project("{2150E333-8FDC-42A3-9474-1A3956D46DE8}") = "!DOC", "!DOC", "{D61ED25F-A3C0-4D47-B98F-220E0AE94212}"
	ProjectSection(SolutionItems) = preProject
		!DOC\!!!.txt = !DOC\!!!.txt
	EndProjectSection
EndProject
Project("{FAE04EC0-301F-11D3-BF4B-00C04F79EFBC}") = "UnitTesting.Tests", "UnitTesting.Tests\UnitTesting.Tests.csproj", "{56C46AFE-587B-4933-BB0D-F67EDC10BD4A}"
EndProject
Global
	GlobalSection(SolutionConfigurationPlatforms) = preSolution
		Debug|Any CPU = Debug|Any CPU
		Release|Any CPU = Release|Any CPU
	EndGlobalSection
	GlobalSection(ProjectConfigurationPlatforms) = postSolution
		{DF576BA9-B8F8-4AF4-A749-44ACEBD29507}.Debug|Any CPU.ActiveCfg = Debug|Any CPU
		{DF576BA9-B8F8-4AF4-A749-44ACEBD29507}.Debug|Any CPU.Build.0 = Debug|Any CPU
		{DF576BA9-B8F8-4AF4-A749-44ACEBD29507}.Release|Any CPU.ActiveCfg = Release|Any CPU
		{DF576BA9-B8F8-4AF4-A749-44ACEBD29507}.Release|Any CPU.Build.0 = Release|Any CPU
		{56C46AFE-587B-4933-BB0D-F67EDC10BD4A}.Debug|Any CPU.ActiveCfg = Debug|Any CPU
		{56C46AFE-587B-4933-BB0D-F67EDC10BD4A}.Debug|Any CPU.Build.0 = Debug|Any CPU
		{56C46AFE-587B-4933-BB0D-F67EDC10BD4A}.Release|Any CPU.ActiveCfg = Release|Any CPU
		{56C46AFE-587B-4933-BB0D-F67EDC10BD4A}.Release|Any CPU.Build.0 = Release|Any CPU
	EndGlobalSection
	GlobalSection(SolutionProperties) = preSolution
		HideSolutionNode = FALSE
	EndGlobalSection
	GlobalSection(ExtensibilityGlobals) = postSolution
		SolutionGuid = {E896C827-7D95-454B-B6BE-120E75D495C6}
	EndGlobalSection
EndGlobal
