
Microsoft Visual Studio Solution File, Format Version 12.00
# Visual Studio Version 17
VisualStudioVersion = 17.13.35931.197
MinimumVisualStudioVersion = 10.0.40219.1
Project("{2150E333-8FDC-42A3-9474-1A3956D46DE8}") = "!DOC", "!DOC", "{02EA681E-C7D8-13C7-8484-4AC65E1B71E8}"
	ProjectSection(SolutionItems) = preProject
		!DOC\!!!.txt = !DOC\!!!.txt
	EndProjectSection
EndProject
Project("{FAE04EC0-301F-11D3-BF4B-00C04F79EFBC}") = "ProgramDockerCLI", "ProgramDockerCLI\ProgramDockerCLI.csproj", "{68D37135-E54F-4E2C-80D0-18CEA945015F}"
EndProject
Project("{FAE04EC0-301F-11D3-BF4B-00C04F79EFBC}") = "ProgramDockerVS", "ProgramDockerVS\ProgramDockerVS.csproj", "{8F9FCEA0-0841-45B8-BE00-364C15A14F7D}"
EndProject
Project("{FAE04EC0-301F-11D3-BF4B-00C04F79EFBC}") = "MySharedLibrary", "MySharedLibrary\MySharedLibrary.csproj", "{FABB1351-8561-4415-8926-C3F931722394}"
EndProject
Project("{FAE04EC0-301F-11D3-BF4B-00C04F79EFBC}") = "Client", "Client\Client.csproj", "{396A897B-F0C4-451E-BFE6-75FAA5335248}"
EndProject
Global
	GlobalSection(SolutionConfigurationPlatforms) = preSolution
		Debug|Any CPU = Debug|Any CPU
		Release|Any CPU = Release|Any CPU
	EndGlobalSection
	GlobalSection(ProjectConfigurationPlatforms) = postSolution
		{68D37135-E54F-4E2C-80D0-18CEA945015F}.Debug|Any CPU.ActiveCfg = Debug|Any CPU
		{68D37135-E54F-4E2C-80D0-18CEA945015F}.Debug|Any CPU.Build.0 = Debug|Any CPU
		{68D37135-E54F-4E2C-80D0-18CEA945015F}.Release|Any CPU.ActiveCfg = Release|Any CPU
		{68D37135-E54F-4E2C-80D0-18CEA945015F}.Release|Any CPU.Build.0 = Release|Any CPU
		{8F9FCEA0-0841-45B8-BE00-364C15A14F7D}.Debug|Any CPU.ActiveCfg = Debug|Any CPU
		{8F9FCEA0-0841-45B8-BE00-364C15A14F7D}.Debug|Any CPU.Build.0 = Debug|Any CPU
		{8F9FCEA0-0841-45B8-BE00-364C15A14F7D}.Release|Any CPU.ActiveCfg = Release|Any CPU
		{8F9FCEA0-0841-45B8-BE00-364C15A14F7D}.Release|Any CPU.Build.0 = Release|Any CPU
		{FABB1351-8561-4415-8926-C3F931722394}.Debug|Any CPU.ActiveCfg = Debug|Any CPU
		{FABB1351-8561-4415-8926-C3F931722394}.Debug|Any CPU.Build.0 = Debug|Any CPU
		{FABB1351-8561-4415-8926-C3F931722394}.Release|Any CPU.ActiveCfg = Release|Any CPU
		{FABB1351-8561-4415-8926-C3F931722394}.Release|Any CPU.Build.0 = Release|Any CPU
		{396A897B-F0C4-451E-BFE6-75FAA5335248}.Debug|Any CPU.ActiveCfg = Debug|Any CPU
		{396A897B-F0C4-451E-BFE6-75FAA5335248}.Debug|Any CPU.Build.0 = Debug|Any CPU
		{396A897B-F0C4-451E-BFE6-75FAA5335248}.Release|Any CPU.ActiveCfg = Release|Any CPU
		{396A897B-F0C4-451E-BFE6-75FAA5335248}.Release|Any CPU.Build.0 = Release|Any CPU
	EndGlobalSection
	GlobalSection(SolutionProperties) = preSolution
		HideSolutionNode = FALSE
	EndGlobalSection
	GlobalSection(ExtensibilityGlobals) = postSolution
		SolutionGuid = {49CCB2B6-98CB-4E40-AB4B-8628B9D714B9}
	EndGlobalSection
EndGlobal
