<?xml version="1.0" encoding="utf-8"?>
<Project ToolsVersion="4.0" xmlns="http://schemas.microsoft.com/developer/msbuild/2003">
  <ItemGroup>
    <Filter Include="Source Files">
      <UniqueIdentifier>{4FC737F1-C7A5-4376-A066-2A32D752A2FF}</UniqueIdentifier>
      <Extensions>cpp;c;cc;cxx;def;odl;idl;hpj;bat;asm;asmx</Extensions>
    </Filter>
    <Filter Include="Header Files">
      <UniqueIdentifier>{93995380-89BD-4b04-88EB-625FBE52EBFB}</UniqueIdentifier>
      <Extensions>h;hh;hpp;hxx;hm;inl;inc;xsd</Extensions>
    </Filter>
    <Filter Include="Resource Files">
      <UniqueIdentifier>{67DA6AB6-F800-4c08-8B7A-83BB121AAD01}</UniqueIdentifier>
      <Extensions>rc;ico;cur;bmp;dlg;rc2;rct;bin;rgs;gif;jpg;jpeg;jpe;resx;tiff;tif;png;wav;mfcribbon-ms</Extensions>
    </Filter>
  </ItemGroup>
  <ItemGroup>
    <ClCompile Include="SmartPointers.cpp">
      <Filter>Source Files</Filter>
    </ClCompile>
    <ClCompile Include="CCyclicReferencesShared1.cpp">
      <Filter>Source Files</Filter>
    </ClCompile>
    <ClCompile Include="CCyclicReferencesShared2.cpp">
      <Filter>Source Files</Filter>
    </ClCompile>
    <ClCompile Include="CCyclicReferencesWeak1.cpp">
      <Filter>Source Files</Filter>
    </ClCompile>
    <ClCompile Include="CCyclicReferencesWeak2.cpp">
      <Filter>Source Files</Filter>
    </ClCompile>
    <ClCompile Include="CErrorThisChildShared.cpp">
      <Filter>Source Files</Filter>
    </ClCompile>
    <ClCompile Include="CErrorThisParentShared.cpp">
      <Filter>Source Files</Filter>
    </ClCompile>
    <ClCompile Include="MyDebug.cpp">
      <Filter>Source Files</Filter>
    </ClCompile>
  </ItemGroup>
  <ItemGroup>
    <ClInclude Include="MyDebug.h">
      <Filter>Header Files</Filter>
    </ClInclude>
    <ClInclude Include="CException.h">
      <Filter>Header Files</Filter>
    </ClInclude>
    <ClInclude Include="CCustomClass.h">
      <Filter>Header Files</Filter>
    </ClInclude>
    <ClInclude Include="CCyclicReferencesShared1.h">
      <Filter>Header Files</Filter>
    </ClInclude>
    <ClInclude Include="CCyclicReferencesShared2.h">
      <Filter>Header Files</Filter>
    </ClInclude>
    <ClInclude Include="CCyclicReferencesWeak1.h">
      <Filter>Header Files</Filter>
    </ClInclude>
    <ClInclude Include="CCyclicReferencesWeak2.h">
      <Filter>Header Files</Filter>
    </ClInclude>
    <ClInclude Include="CErrorThisChildShared.h">
      <Filter>Header Files</Filter>
    </ClInclude>
    <ClInclude Include="CErrorThisParentShared.h">
      <Filter>Header Files</Filter>
    </ClInclude>
    <ClInclude Include="CSharedPointerOnThisError.h">
      <Filter>Header Files</Filter>
    </ClInclude>
    <ClInclude Include="CBaseVirtual.h">
      <Filter>Header Files</Filter>
    </ClInclude>
    <ClInclude Include="CDerivedVirtual.h">
      <Filter>Header Files</Filter>
    </ClInclude>
    <ClInclude Include="CSharedPointerOnThis.h">
      <Filter>Header Files</Filter>
    </ClInclude>
    <ClInclude Include="CBaseNonVirtual.h">
      <Filter>Header Files</Filter>
    </ClInclude>
    <ClInclude Include="CDerivedNonVirtual.h">
      <Filter>Header Files</Filter>
    </ClInclude>
    <ClInclude Include="CName.h">
      <Filter>Header Files</Filter>
    </ClInclude>
    <ClInclude Include="CClassWithUniquePointers.h">
      <Filter>Header Files</Filter>
    </ClInclude>
    <ClInclude Include="CClassWithUniquePointersException.h">
      <Filter>Header Files</Filter>
    </ClInclude>
    <ClInclude Include="CBaseClass.h">
      <Filter>Header Files</Filter>
    </ClInclude>
    <ClInclude Include="CDerivedClass.h">
      <Filter>Header Files</Filter>
    </ClInclude>
    <ClInclude Include="CCustomDeleteFuctionForUniquePointer.h">
      <Filter>Header Files</Filter>
    </ClInclude>
  </ItemGroup>
</Project>