
Microsoft Visual Studio Solution File, Format Version 12.00
# Visual Studio 15
VisualStudioVersion = 15.0.27428.2002
MinimumVisualStudioVersion = 10.0.40219.1
Project("{8BC9CEB8-8B4A-11D0-8D11-00A0C91BC942}") = "ConcurrencyAndUtilities", "ConcurrencyAndUtilities\ConcurrencyAndUtilities.vcxproj", "{D8E850A0-4966-47AB-8A71-54FBC9CAD391}"
EndProject
Project("{2150E333-8FDC-42A3-9474-1A3956D46DE8}") = "!DOC", "!DOC", "{53EE81C1-CDA8-461E-B967-5A03271653ED}"
	ProjectSection(SolutionItems) = preProject
		!DOC\!!!.txt = !DOC\!!!.txt
	EndProjectSection
EndProject
Global
	GlobalSection(SolutionConfigurationPlatforms) = preSolution
		Debug|x64 = Debug|x64
		Release|x64 = Release|x64
	EndGlobalSection
	GlobalSection(ProjectConfigurationPlatforms) = postSolution
		{D8E850A0-4966-47AB-8A71-54FBC9CAD391}.Debug|x64.ActiveCfg = Debug|x64
		{D8E850A0-4966-47AB-8A71-54FBC9CAD391}.Debug|x64.Build.0 = Debug|x64
		{D8E850A0-4966-47AB-8A71-54FBC9CAD391}.Release|x64.ActiveCfg = Release|x64
		{D8E850A0-4966-47AB-8A71-54FBC9CAD391}.Release|x64.Build.0 = Release|x64
	EndGlobalSection
	GlobalSection(SolutionProperties) = preSolution
		HideSolutionNode = FALSE
	EndGlobalSection
	GlobalSection(ExtensibilityGlobals) = postSolution
		SolutionGuid = {58B30A0B-1B77-44F9-8555-A2F85A111FE6}
	EndGlobalSection
EndGlobal
