
Microsoft Visual Studio Solution File, Format Version 11.00
# Visual Studio 2010
Project("{FAE04EC0-301F-11D3-BF4B-00C04F79EFBC}") = "ServiceKnownTypesLibrary", "ServiceKnownTypesLibrary\ServiceKnownTypesLibrary.csproj", "{EC13CCF5-174E-4267-BEC6-09037601C84F}"
EndProject
Project("{FAE04EC0-301F-11D3-BF4B-00C04F79EFBC}") = "ServiceKnownTypesService", "ServiceKnownTypesService\ServiceKnownTypesService.csproj", "{C367CEFF-7162-44C9-B8D5-9A6CFC9DB214}"
EndProject
Project("{FAE04EC0-301F-11D3-BF4B-00C04F79EFBC}") = "ServiceKnownTypesClient", "ServiceKnownTypesClient\ServiceKnownTypesClient.csproj", "{9A375BC1-D89E-4CDE-8713-275B92C8E2AB}"
EndProject
Global
	GlobalSection(SolutionConfigurationPlatforms) = preSolution
		Debug|Any CPU = Debug|Any CPU
		Release|Any CPU = Release|Any CPU
	EndGlobalSection
	GlobalSection(ProjectConfigurationPlatforms) = postSolution
		{EC13CCF5-174E-4267-BEC6-09037601C84F}.Debug|Any CPU.ActiveCfg = Debug|Any CPU
		{EC13CCF5-174E-4267-BEC6-09037601C84F}.Debug|Any CPU.Build.0 = Debug|Any CPU
		{EC13CCF5-174E-4267-BEC6-09037601C84F}.Release|Any CPU.ActiveCfg = Release|Any CPU
		{EC13CCF5-174E-4267-BEC6-09037601C84F}.Release|Any CPU.Build.0 = Release|Any CPU
		{C367CEFF-7162-44C9-B8D5-9A6CFC9DB214}.Debug|Any CPU.ActiveCfg = Debug|Any CPU
		{C367CEFF-7162-44C9-B8D5-9A6CFC9DB214}.Debug|Any CPU.Build.0 = Debug|Any CPU
		{C367CEFF-7162-44C9-B8D5-9A6CFC9DB214}.Release|Any CPU.ActiveCfg = Release|Any CPU
		{C367CEFF-7162-44C9-B8D5-9A6CFC9DB214}.Release|Any CPU.Build.0 = Release|Any CPU
		{9A375BC1-D89E-4CDE-8713-275B92C8E2AB}.Debug|Any CPU.ActiveCfg = Debug|Any CPU
		{9A375BC1-D89E-4CDE-8713-275B92C8E2AB}.Debug|Any CPU.Build.0 = Debug|Any CPU
		{9A375BC1-D89E-4CDE-8713-275B92C8E2AB}.Release|Any CPU.ActiveCfg = Release|Any CPU
		{9A375BC1-D89E-4CDE-8713-275B92C8E2AB}.Release|Any CPU.Build.0 = Release|Any CPU
	EndGlobalSection
	GlobalSection(SolutionProperties) = preSolution
		HideSolutionNode = FALSE
	EndGlobalSection
EndGlobal
