
Microsoft Visual Studio Solution File, Format Version 11.00
# Visual Studio 2010
Project("{FAE04EC0-301F-11D3-BF4B-00C04F79EFBC}") = "WCFSerializersTest", "WCFSerializersTest\WCFSerializersTest.csproj", "{6DBC7916-3C94-4ECB-A1CC-4A22ACD5E02F}"
EndProject
Global
	GlobalSection(SolutionConfigurationPlatforms) = preSolution
		Debug|Any CPU = Debug|Any CPU
		Release|Any CPU = Release|Any CPU
	EndGlobalSection
	GlobalSection(ProjectConfigurationPlatforms) = postSolution
		{6DBC7916-3C94-4ECB-A1CC-4A22ACD5E02F}.Debug|Any CPU.ActiveCfg = Debug|Any CPU
		{6DBC7916-3C94-4ECB-A1CC-4A22ACD5E02F}.Debug|Any CPU.Build.0 = Debug|Any CPU
		{6DBC7916-3C94-4ECB-A1CC-4A22ACD5E02F}.Release|Any CPU.ActiveCfg = Release|Any CPU
		{6DBC7916-3C94-4ECB-A1CC-4A22ACD5E02F}.Release|Any CPU.Build.0 = Release|Any CPU
	EndGlobalSection
	GlobalSection(SolutionProperties) = preSolution
		HideSolutionNode = FALSE
	EndGlobalSection
EndGlobal
