
Microsoft Visual Studio Solution File, Format Version 11.00
# Visual Studio 2010
Project("{FAE04EC0-301F-11D3-BF4B-00C04F79EFBC}") = "Templates", "Templates\Templates.csproj", "{5FDA36BF-5054-44EA-9D42-E82D410DE690}"
EndProject
Project("{FAE04EC0-301F-11D3-BF4B-00C04F79EFBC}") = "UsageContentTemplate", "UsageContentTemplate\UsageContentTemplate.csproj", "{E27775D8-CADD-4FA1-9170-C6785607003D}"
EndProject
Project("{FAE04EC0-301F-11D3-BF4B-00C04F79EFBC}") = "DumpControlTemplate", "DumpControlTemplate\DumpControlTemplate.csproj", "{EECB68CD-E090-44D3-BCB4-222626C87901}"
EndProject
Project("{FAE04EC0-301F-11D3-BF4B-00C04F79EFBC}") = "CreateDatePicker", "CreateDatePicker\CreateDatePicker.csproj", "{10D298F2-2EEF-431B-B829-9155559E158C}"
EndProject
Project("{FAE04EC0-301F-11D3-BF4B-00C04F79EFBC}") = "FlowDocumentHelp", "FlowDocumentHelp\FlowDocumentHelp.csproj", "{A9D28BED-1F53-41AB-84EC-929B464EB255}"
EndProject
Global
	GlobalSection(SolutionConfigurationPlatforms) = preSolution
		Debug|x86 = Debug|x86
		Release|x86 = Release|x86
	EndGlobalSection
	GlobalSection(ProjectConfigurationPlatforms) = postSolution
		{5FDA36BF-5054-44EA-9D42-E82D410DE690}.Debug|x86.ActiveCfg = Debug|x86
		{5FDA36BF-5054-44EA-9D42-E82D410DE690}.Debug|x86.Build.0 = Debug|x86
		{5FDA36BF-5054-44EA-9D42-E82D410DE690}.Release|x86.ActiveCfg = Release|x86
		{5FDA36BF-5054-44EA-9D42-E82D410DE690}.Release|x86.Build.0 = Release|x86
		{E27775D8-CADD-4FA1-9170-C6785607003D}.Debug|x86.ActiveCfg = Debug|x86
		{E27775D8-CADD-4FA1-9170-C6785607003D}.Debug|x86.Build.0 = Debug|x86
		{E27775D8-CADD-4FA1-9170-C6785607003D}.Release|x86.ActiveCfg = Release|x86
		{E27775D8-CADD-4FA1-9170-C6785607003D}.Release|x86.Build.0 = Release|x86
		{EECB68CD-E090-44D3-BCB4-222626C87901}.Debug|x86.ActiveCfg = Debug|x86
		{EECB68CD-E090-44D3-BCB4-222626C87901}.Debug|x86.Build.0 = Debug|x86
		{EECB68CD-E090-44D3-BCB4-222626C87901}.Release|x86.ActiveCfg = Release|x86
		{EECB68CD-E090-44D3-BCB4-222626C87901}.Release|x86.Build.0 = Release|x86
		{10D298F2-2EEF-431B-B829-9155559E158C}.Debug|x86.ActiveCfg = Debug|x86
		{10D298F2-2EEF-431B-B829-9155559E158C}.Debug|x86.Build.0 = Debug|x86
		{10D298F2-2EEF-431B-B829-9155559E158C}.Release|x86.ActiveCfg = Release|x86
		{10D298F2-2EEF-431B-B829-9155559E158C}.Release|x86.Build.0 = Release|x86
		{A9D28BED-1F53-41AB-84EC-929B464EB255}.Debug|x86.ActiveCfg = Debug|x86
		{A9D28BED-1F53-41AB-84EC-929B464EB255}.Debug|x86.Build.0 = Debug|x86
		{A9D28BED-1F53-41AB-84EC-929B464EB255}.Release|x86.ActiveCfg = Release|x86
		{A9D28BED-1F53-41AB-84EC-929B464EB255}.Release|x86.Build.0 = Release|x86
	EndGlobalSection
	GlobalSection(SolutionProperties) = preSolution
		HideSolutionNode = FALSE
	EndGlobalSection
EndGlobal
