
Microsoft Visual Studio Solution File, Format Version 12.00
# Visual Studio Version 16
VisualStudioVersion = 16.0.30503.244
MinimumVisualStudioVersion = 10.0.40219.1
Project("{FAE04EC0-301F-11D3-BF4B-00C04F79EFBC}") = "WebApplication", "WebApplication\WebApplication.csproj", "{64CC5130-9722-4DD6-8C79-9B50A342A274}"
EndProject
Project("{FAE04EC0-301F-11D3-BF4B-00C04F79EFBC}") = "SharedClasses", "SharedClasses\SharedClasses.csproj", "{5EF8DF01-E680-456D-A289-9F4463DA6EDC}"
EndProject
Project("{2150E333-8FDC-42A3-9474-1A3956D46DE8}") = "!DOC", "!DOC", "{B30276BC-1A6B-47DB-A044-4944818EC470}"
	ProjectSection(SolutionItems) = preProject
		!DOC\!!!.txt = !DOC\!!!.txt
	EndProjectSection
EndProject
Project("{FAE04EC0-301F-11D3-BF4B-00C04F79EFBC}") = "BlazorApplication", "BlazorApplication\BlazorApplication.csproj", "{3402A72C-F762-4F32-8826-85637E7D616F}"
EndProject
Global
	GlobalSection(SolutionConfigurationPlatforms) = preSolution
		Debug|Any CPU = Debug|Any CPU
		Release|Any CPU = Release|Any CPU
	EndGlobalSection
	GlobalSection(ProjectConfigurationPlatforms) = postSolution
		{64CC5130-9722-4DD6-8C79-9B50A342A274}.Debug|Any CPU.ActiveCfg = Debug|Any CPU
		{64CC5130-9722-4DD6-8C79-9B50A342A274}.Debug|Any CPU.Build.0 = Debug|Any CPU
		{64CC5130-9722-4DD6-8C79-9B50A342A274}.Release|Any CPU.ActiveCfg = Release|Any CPU
		{64CC5130-9722-4DD6-8C79-9B50A342A274}.Release|Any CPU.Build.0 = Release|Any CPU
		{5EF8DF01-E680-456D-A289-9F4463DA6EDC}.Debug|Any CPU.ActiveCfg = Debug|Any CPU
		{5EF8DF01-E680-456D-A289-9F4463DA6EDC}.Debug|Any CPU.Build.0 = Debug|Any CPU
		{5EF8DF01-E680-456D-A289-9F4463DA6EDC}.Release|Any CPU.ActiveCfg = Release|Any CPU
		{5EF8DF01-E680-456D-A289-9F4463DA6EDC}.Release|Any CPU.Build.0 = Release|Any CPU
		{3402A72C-F762-4F32-8826-85637E7D616F}.Debug|Any CPU.ActiveCfg = Debug|Any CPU
		{3402A72C-F762-4F32-8826-85637E7D616F}.Debug|Any CPU.Build.0 = Debug|Any CPU
		{3402A72C-F762-4F32-8826-85637E7D616F}.Release|Any CPU.ActiveCfg = Release|Any CPU
		{3402A72C-F762-4F32-8826-85637E7D616F}.Release|Any CPU.Build.0 = Release|Any CPU
	EndGlobalSection
	GlobalSection(SolutionProperties) = preSolution
		HideSolutionNode = FALSE
	EndGlobalSection
	GlobalSection(ExtensibilityGlobals) = postSolution
		SolutionGuid = {54CC7D07-D758-496B-985F-D7169986DF46}
	EndGlobalSection
EndGlobal
