
Microsoft Visual Studio Solution File, Format Version 11.00
# Visual Studio 2010
Project("{FAE04EC0-301F-11D3-BF4B-00C04F79EFBC}") = "AsynchronousCallsSynContextHost", "AsynchronousCallsSynContextHost\AsynchronousCallsSynContextHost.csproj", "{BC79680A-7F41-47F5-96E1-1602AE50566B}"
EndProject
Project("{FAE04EC0-301F-11D3-BF4B-00C04F79EFBC}") = "AsynchronousCallsSynContextClient", "AsynchronousCallsSynContextClient\AsynchronousCallsSynContextClient.csproj", "{028CE442-C88F-45E2-85A4-BD8A8F80CE59}"
EndProject
Global
	GlobalSection(SolutionConfigurationPlatforms) = preSolution
		Debug|Any CPU = Debug|Any CPU
		Release|Any CPU = Release|Any CPU
	EndGlobalSection
	GlobalSection(ProjectConfigurationPlatforms) = postSolution
		{BC79680A-7F41-47F5-96E1-1602AE50566B}.Debug|Any CPU.ActiveCfg = Debug|Any CPU
		{BC79680A-7F41-47F5-96E1-1602AE50566B}.Debug|Any CPU.Build.0 = Debug|Any CPU
		{BC79680A-7F41-47F5-96E1-1602AE50566B}.Release|Any CPU.ActiveCfg = Release|Any CPU
		{BC79680A-7F41-47F5-96E1-1602AE50566B}.Release|Any CPU.Build.0 = Release|Any CPU
		{028CE442-C88F-45E2-85A4-BD8A8F80CE59}.Debug|Any CPU.ActiveCfg = Debug|Any CPU
		{028CE442-C88F-45E2-85A4-BD8A8F80CE59}.Debug|Any CPU.Build.0 = Debug|Any CPU
		{028CE442-C88F-45E2-85A4-BD8A8F80CE59}.Release|Any CPU.ActiveCfg = Release|Any CPU
		{028CE442-C88F-45E2-85A4-BD8A8F80CE59}.Release|Any CPU.Build.0 = Release|Any CPU
	EndGlobalSection
	GlobalSection(SolutionProperties) = preSolution
		HideSolutionNode = FALSE
	EndGlobalSection
EndGlobal
