
Microsoft Visual Studio Solution File, Format Version 11.00
# Visual Studio 2010
Project("{FAE04EC0-301F-11D3-BF4B-00C04F79EFBC}") = "Finalizer", "Finalizer\Finalizer.csproj", "{C1766A62-61E0-4067-B3ED-7C8F733A0D36}"
	ProjectSection(ProjectDependencies) = postProject
		{3E52A654-9F6A-4AD3-B8A6-A64376D6B818} = {3E52A654-9F6A-4AD3-B8A6-A64376D6B818}
		{3D3E9FC9-6F1D-44A2-A177-F9D538BBC932} = {3D3E9FC9-6F1D-44A2-A177-F9D538BBC932}
	EndProjectSection
EndProject
Project("{FAE04EC0-301F-11D3-BF4B-00C04F79EFBC}") = "Marshal", "Marshal\Marshal.csproj", "{FE378271-52EA-406E-849C-40B49F874C5B}"
	ProjectSection(ProjectDependencies) = postProject
		{3D3E9FC9-6F1D-44A2-A177-F9D538BBC932} = {3D3E9FC9-6F1D-44A2-A177-F9D538BBC932}
	EndProjectSection
EndProject
Project("{FAE04EC0-301F-11D3-BF4B-00C04F79EFBC}") = "Sig", "Sig\Sig.csproj", "{D44B06A2-7850-4926-9559-333F1975453D}"
	ProjectSection(ProjectDependencies) = postProject
		{3D3E9FC9-6F1D-44A2-A177-F9D538BBC932} = {3D3E9FC9-6F1D-44A2-A177-F9D538BBC932}
	EndProjectSection
EndProject
Project("{FAE04EC0-301F-11D3-BF4B-00C04F79EFBC}") = "PInvoke", "PInvoke\PInvoke.csproj", "{62D42006-1EBB-4D9F-AD8A-4372F76D0BE3}"
	ProjectSection(ProjectDependencies) = postProject
		{3D3E9FC9-6F1D-44A2-A177-F9D538BBC932} = {3D3E9FC9-6F1D-44A2-A177-F9D538BBC932}
	EndProjectSection
EndProject
Project("{FAE04EC0-301F-11D3-BF4B-00C04F79EFBC}") = "Date", "Date\Date.csproj", "{748EE8A5-5495-4F28-AFE9-FF3ECF940A5E}"
	ProjectSection(ProjectDependencies) = postProject
		{3D3E9FC9-6F1D-44A2-A177-F9D538BBC932} = {3D3E9FC9-6F1D-44A2-A177-F9D538BBC932}
	EndProjectSection
EndProject
Project("{FAE04EC0-301F-11D3-BF4B-00C04F79EFBC}") = "COMInterop", "COMInterop\COMInterop.csproj", "{B415BBD3-3F94-43BE-9446-35FF228D5B46}"
	ProjectSection(ProjectDependencies) = postProject
		{3E52A654-9F6A-4AD3-B8A6-A64376D6B818} = {3E52A654-9F6A-4AD3-B8A6-A64376D6B818}
		{3D3E9FC9-6F1D-44A2-A177-F9D538BBC932} = {3D3E9FC9-6F1D-44A2-A177-F9D538BBC932}
	EndProjectSection
EndProject
Project("{FAE04EC0-301F-11D3-BF4B-00C04F79EFBC}") = "Callback", "Callback\Callback.csproj", "{B431A709-334D-448D-88CA-B11D182DD46E}"
	ProjectSection(ProjectDependencies) = postProject
		{3D3E9FC9-6F1D-44A2-A177-F9D538BBC932} = {3D3E9FC9-6F1D-44A2-A177-F9D538BBC932}
	EndProjectSection
EndProject
Project("{FAE04EC0-301F-11D3-BF4B-00C04F79EFBC}") = "Beep", "Beep\Beep.csproj", "{2F679F9F-22DE-49AB-A9F2-E4811933B30A}"
EndProject
Project("{8BC9CEB8-8B4A-11D0-8D11-00A0C91BC942}") = "MyCOM", "MyCOM\MyCOM.vcxproj", "{3E52A654-9F6A-4AD3-B8A6-A64376D6B818}"
EndProject
Project("{8BC9CEB8-8B4A-11D0-8D11-00A0C91BC942}") = "MyNative", "MyNative\MyNative.vcxproj", "{3D3E9FC9-6F1D-44A2-A177-F9D538BBC932}"
EndProject
Global
	GlobalSection(SolutionConfigurationPlatforms) = preSolution
		Debug|Mixed Platforms = Debug|Mixed Platforms
		Debug|Win32 = Debug|Win32
		Debug|x64 = Debug|x64
		Debug|x86 = Debug|x86
		Release|Mixed Platforms = Release|Mixed Platforms
		Release|Win32 = Release|Win32
		Release|x64 = Release|x64
		Release|x86 = Release|x86
	EndGlobalSection
	GlobalSection(ProjectConfigurationPlatforms) = postSolution
		{C1766A62-61E0-4067-B3ED-7C8F733A0D36}.Debug|Mixed Platforms.ActiveCfg = Debug|x86
		{C1766A62-61E0-4067-B3ED-7C8F733A0D36}.Debug|Mixed Platforms.Build.0 = Debug|x86
		{C1766A62-61E0-4067-B3ED-7C8F733A0D36}.Debug|Win32.ActiveCfg = Debug|x86
		{C1766A62-61E0-4067-B3ED-7C8F733A0D36}.Debug|x64.ActiveCfg = Debug|x64
		{C1766A62-61E0-4067-B3ED-7C8F733A0D36}.Debug|x64.Build.0 = Debug|x64
		{C1766A62-61E0-4067-B3ED-7C8F733A0D36}.Debug|x86.ActiveCfg = Debug|x86
		{C1766A62-61E0-4067-B3ED-7C8F733A0D36}.Debug|x86.Build.0 = Debug|x86
		{C1766A62-61E0-4067-B3ED-7C8F733A0D36}.Release|Mixed Platforms.ActiveCfg = Release|x86
		{C1766A62-61E0-4067-B3ED-7C8F733A0D36}.Release|Mixed Platforms.Build.0 = Release|x86
		{C1766A62-61E0-4067-B3ED-7C8F733A0D36}.Release|Win32.ActiveCfg = Release|x86
		{C1766A62-61E0-4067-B3ED-7C8F733A0D36}.Release|x64.ActiveCfg = Release|x86
		{C1766A62-61E0-4067-B3ED-7C8F733A0D36}.Release|x64.Build.0 = Release|x86
		{C1766A62-61E0-4067-B3ED-7C8F733A0D36}.Release|x86.ActiveCfg = Release|x86
		{C1766A62-61E0-4067-B3ED-7C8F733A0D36}.Release|x86.Build.0 = Release|x86
		{FE378271-52EA-406E-849C-40B49F874C5B}.Debug|Mixed Platforms.ActiveCfg = Debug|x86
		{FE378271-52EA-406E-849C-40B49F874C5B}.Debug|Mixed Platforms.Build.0 = Debug|x86
		{FE378271-52EA-406E-849C-40B49F874C5B}.Debug|Win32.ActiveCfg = Debug|x86
		{FE378271-52EA-406E-849C-40B49F874C5B}.Debug|x64.ActiveCfg = Debug|x64
		{FE378271-52EA-406E-849C-40B49F874C5B}.Debug|x64.Build.0 = Debug|x64
		{FE378271-52EA-406E-849C-40B49F874C5B}.Debug|x86.ActiveCfg = Debug|x86
		{FE378271-52EA-406E-849C-40B49F874C5B}.Debug|x86.Build.0 = Debug|x86
		{FE378271-52EA-406E-849C-40B49F874C5B}.Release|Mixed Platforms.ActiveCfg = Release|x86
		{FE378271-52EA-406E-849C-40B49F874C5B}.Release|Mixed Platforms.Build.0 = Release|x86
		{FE378271-52EA-406E-849C-40B49F874C5B}.Release|Win32.ActiveCfg = Release|x86
		{FE378271-52EA-406E-849C-40B49F874C5B}.Release|x64.ActiveCfg = Release|x86
		{FE378271-52EA-406E-849C-40B49F874C5B}.Release|x64.Build.0 = Release|x86
		{FE378271-52EA-406E-849C-40B49F874C5B}.Release|x86.ActiveCfg = Release|x86
		{FE378271-52EA-406E-849C-40B49F874C5B}.Release|x86.Build.0 = Release|x86
		{D44B06A2-7850-4926-9559-333F1975453D}.Debug|Mixed Platforms.ActiveCfg = Debug|x86
		{D44B06A2-7850-4926-9559-333F1975453D}.Debug|Mixed Platforms.Build.0 = Debug|x86
		{D44B06A2-7850-4926-9559-333F1975453D}.Debug|Win32.ActiveCfg = Debug|x86
		{D44B06A2-7850-4926-9559-333F1975453D}.Debug|x64.ActiveCfg = Debug|x64
		{D44B06A2-7850-4926-9559-333F1975453D}.Debug|x64.Build.0 = Debug|x64
		{D44B06A2-7850-4926-9559-333F1975453D}.Debug|x86.ActiveCfg = Debug|x86
		{D44B06A2-7850-4926-9559-333F1975453D}.Debug|x86.Build.0 = Debug|x86
		{D44B06A2-7850-4926-9559-333F1975453D}.Release|Mixed Platforms.ActiveCfg = Release|x86
		{D44B06A2-7850-4926-9559-333F1975453D}.Release|Mixed Platforms.Build.0 = Release|x86
		{D44B06A2-7850-4926-9559-333F1975453D}.Release|Win32.ActiveCfg = Release|x86
		{D44B06A2-7850-4926-9559-333F1975453D}.Release|x64.ActiveCfg = Release|x86
		{D44B06A2-7850-4926-9559-333F1975453D}.Release|x64.Build.0 = Release|x86
		{D44B06A2-7850-4926-9559-333F1975453D}.Release|x86.ActiveCfg = Release|x86
		{D44B06A2-7850-4926-9559-333F1975453D}.Release|x86.Build.0 = Release|x86
		{62D42006-1EBB-4D9F-AD8A-4372F76D0BE3}.Debug|Mixed Platforms.ActiveCfg = Debug|x86
		{62D42006-1EBB-4D9F-AD8A-4372F76D0BE3}.Debug|Mixed Platforms.Build.0 = Debug|x86
		{62D42006-1EBB-4D9F-AD8A-4372F76D0BE3}.Debug|Win32.ActiveCfg = Debug|x86
		{62D42006-1EBB-4D9F-AD8A-4372F76D0BE3}.Debug|x64.ActiveCfg = Debug|x64
		{62D42006-1EBB-4D9F-AD8A-4372F76D0BE3}.Debug|x64.Build.0 = Debug|x64
		{62D42006-1EBB-4D9F-AD8A-4372F76D0BE3}.Debug|x86.ActiveCfg = Debug|x86
		{62D42006-1EBB-4D9F-AD8A-4372F76D0BE3}.Debug|x86.Build.0 = Debug|x86
		{62D42006-1EBB-4D9F-AD8A-4372F76D0BE3}.Release|Mixed Platforms.ActiveCfg = Release|x86
		{62D42006-1EBB-4D9F-AD8A-4372F76D0BE3}.Release|Mixed Platforms.Build.0 = Release|x86
		{62D42006-1EBB-4D9F-AD8A-4372F76D0BE3}.Release|Win32.ActiveCfg = Release|x86
		{62D42006-1EBB-4D9F-AD8A-4372F76D0BE3}.Release|x64.ActiveCfg = Release|x86
		{62D42006-1EBB-4D9F-AD8A-4372F76D0BE3}.Release|x64.Build.0 = Release|x86
		{62D42006-1EBB-4D9F-AD8A-4372F76D0BE3}.Release|x86.ActiveCfg = Release|x86
		{62D42006-1EBB-4D9F-AD8A-4372F76D0BE3}.Release|x86.Build.0 = Release|x86
		{748EE8A5-5495-4F28-AFE9-FF3ECF940A5E}.Debug|Mixed Platforms.ActiveCfg = Debug|x86
		{748EE8A5-5495-4F28-AFE9-FF3ECF940A5E}.Debug|Mixed Platforms.Build.0 = Debug|x86
		{748EE8A5-5495-4F28-AFE9-FF3ECF940A5E}.Debug|Win32.ActiveCfg = Debug|x86
		{748EE8A5-5495-4F28-AFE9-FF3ECF940A5E}.Debug|x64.ActiveCfg = Debug|x64
		{748EE8A5-5495-4F28-AFE9-FF3ECF940A5E}.Debug|x64.Build.0 = Debug|x64
		{748EE8A5-5495-4F28-AFE9-FF3ECF940A5E}.Debug|x86.ActiveCfg = Debug|x86
		{748EE8A5-5495-4F28-AFE9-FF3ECF940A5E}.Debug|x86.Build.0 = Debug|x86
		{748EE8A5-5495-4F28-AFE9-FF3ECF940A5E}.Release|Mixed Platforms.ActiveCfg = Release|x86
		{748EE8A5-5495-4F28-AFE9-FF3ECF940A5E}.Release|Mixed Platforms.Build.0 = Release|x86
		{748EE8A5-5495-4F28-AFE9-FF3ECF940A5E}.Release|Win32.ActiveCfg = Release|x86
		{748EE8A5-5495-4F28-AFE9-FF3ECF940A5E}.Release|x64.ActiveCfg = Release|x86
		{748EE8A5-5495-4F28-AFE9-FF3ECF940A5E}.Release|x64.Build.0 = Release|x86
		{748EE8A5-5495-4F28-AFE9-FF3ECF940A5E}.Release|x86.ActiveCfg = Release|x86
		{748EE8A5-5495-4F28-AFE9-FF3ECF940A5E}.Release|x86.Build.0 = Release|x86
		{B415BBD3-3F94-43BE-9446-35FF228D5B46}.Debug|Mixed Platforms.ActiveCfg = Debug|x86
		{B415BBD3-3F94-43BE-9446-35FF228D5B46}.Debug|Mixed Platforms.Build.0 = Debug|x86
		{B415BBD3-3F94-43BE-9446-35FF228D5B46}.Debug|Win32.ActiveCfg = Debug|x86
		{B415BBD3-3F94-43BE-9446-35FF228D5B46}.Debug|x64.ActiveCfg = Debug|x64
		{B415BBD3-3F94-43BE-9446-35FF228D5B46}.Debug|x64.Build.0 = Debug|x64
		{B415BBD3-3F94-43BE-9446-35FF228D5B46}.Debug|x86.ActiveCfg = Debug|x86
		{B415BBD3-3F94-43BE-9446-35FF228D5B46}.Debug|x86.Build.0 = Debug|x86
		{B415BBD3-3F94-43BE-9446-35FF228D5B46}.Release|Mixed Platforms.ActiveCfg = Release|x86
		{B415BBD3-3F94-43BE-9446-35FF228D5B46}.Release|Mixed Platforms.Build.0 = Release|x86
		{B415BBD3-3F94-43BE-9446-35FF228D5B46}.Release|Win32.ActiveCfg = Release|x86
		{B415BBD3-3F94-43BE-9446-35FF228D5B46}.Release|x64.ActiveCfg = Release|x86
		{B415BBD3-3F94-43BE-9446-35FF228D5B46}.Release|x64.Build.0 = Release|x86
		{B415BBD3-3F94-43BE-9446-35FF228D5B46}.Release|x86.ActiveCfg = Release|x86
		{B415BBD3-3F94-43BE-9446-35FF228D5B46}.Release|x86.Build.0 = Release|x86
		{B431A709-334D-448D-88CA-B11D182DD46E}.Debug|Mixed Platforms.ActiveCfg = Debug|x86
		{B431A709-334D-448D-88CA-B11D182DD46E}.Debug|Mixed Platforms.Build.0 = Debug|x86
		{B431A709-334D-448D-88CA-B11D182DD46E}.Debug|Win32.ActiveCfg = Debug|x86
		{B431A709-334D-448D-88CA-B11D182DD46E}.Debug|x64.ActiveCfg = Debug|x64
		{B431A709-334D-448D-88CA-B11D182DD46E}.Debug|x64.Build.0 = Debug|x64
		{B431A709-334D-448D-88CA-B11D182DD46E}.Debug|x86.ActiveCfg = Debug|x86
		{B431A709-334D-448D-88CA-B11D182DD46E}.Debug|x86.Build.0 = Debug|x86
		{B431A709-334D-448D-88CA-B11D182DD46E}.Release|Mixed Platforms.ActiveCfg = Release|x86
		{B431A709-334D-448D-88CA-B11D182DD46E}.Release|Mixed Platforms.Build.0 = Release|x86
		{B431A709-334D-448D-88CA-B11D182DD46E}.Release|Win32.ActiveCfg = Release|x86
		{B431A709-334D-448D-88CA-B11D182DD46E}.Release|x64.ActiveCfg = Release|x86
		{B431A709-334D-448D-88CA-B11D182DD46E}.Release|x64.Build.0 = Release|x86
		{B431A709-334D-448D-88CA-B11D182DD46E}.Release|x86.ActiveCfg = Release|x86
		{B431A709-334D-448D-88CA-B11D182DD46E}.Release|x86.Build.0 = Release|x86
		{2F679F9F-22DE-49AB-A9F2-E4811933B30A}.Debug|Mixed Platforms.ActiveCfg = Debug|x86
		{2F679F9F-22DE-49AB-A9F2-E4811933B30A}.Debug|Mixed Platforms.Build.0 = Debug|x86
		{2F679F9F-22DE-49AB-A9F2-E4811933B30A}.Debug|Win32.ActiveCfg = Debug|x86
		{2F679F9F-22DE-49AB-A9F2-E4811933B30A}.Debug|x64.ActiveCfg = Debug|x64
		{2F679F9F-22DE-49AB-A9F2-E4811933B30A}.Debug|x64.Build.0 = Debug|x64
		{2F679F9F-22DE-49AB-A9F2-E4811933B30A}.Debug|x86.ActiveCfg = Debug|x86
		{2F679F9F-22DE-49AB-A9F2-E4811933B30A}.Debug|x86.Build.0 = Debug|x86
		{2F679F9F-22DE-49AB-A9F2-E4811933B30A}.Release|Mixed Platforms.ActiveCfg = Release|x86
		{2F679F9F-22DE-49AB-A9F2-E4811933B30A}.Release|Mixed Platforms.Build.0 = Release|x86
		{2F679F9F-22DE-49AB-A9F2-E4811933B30A}.Release|Win32.ActiveCfg = Release|x86
		{2F679F9F-22DE-49AB-A9F2-E4811933B30A}.Release|x64.ActiveCfg = Release|x86
		{2F679F9F-22DE-49AB-A9F2-E4811933B30A}.Release|x64.Build.0 = Release|x86
		{2F679F9F-22DE-49AB-A9F2-E4811933B30A}.Release|x86.ActiveCfg = Release|x86
		{2F679F9F-22DE-49AB-A9F2-E4811933B30A}.Release|x86.Build.0 = Release|x86
		{3E52A654-9F6A-4AD3-B8A6-A64376D6B818}.Debug|Mixed Platforms.ActiveCfg = Debug|Win32
		{3E52A654-9F6A-4AD3-B8A6-A64376D6B818}.Debug|Mixed Platforms.Build.0 = Debug|Win32
		{3E52A654-9F6A-4AD3-B8A6-A64376D6B818}.Debug|Win32.ActiveCfg = Debug|Win32
		{3E52A654-9F6A-4AD3-B8A6-A64376D6B818}.Debug|Win32.Build.0 = Debug|Win32
		{3E52A654-9F6A-4AD3-B8A6-A64376D6B818}.Debug|x64.ActiveCfg = Debug|x64
		{3E52A654-9F6A-4AD3-B8A6-A64376D6B818}.Debug|x64.Build.0 = Debug|x64
		{3E52A654-9F6A-4AD3-B8A6-A64376D6B818}.Debug|x86.ActiveCfg = Debug|Win32
		{3E52A654-9F6A-4AD3-B8A6-A64376D6B818}.Debug|x86.Build.0 = Debug|Win32
		{3E52A654-9F6A-4AD3-B8A6-A64376D6B818}.Release|Mixed Platforms.ActiveCfg = Release|Win32
		{3E52A654-9F6A-4AD3-B8A6-A64376D6B818}.Release|Mixed Platforms.Build.0 = Release|Win32
		{3E52A654-9F6A-4AD3-B8A6-A64376D6B818}.Release|Win32.ActiveCfg = Release|Win32
		{3E52A654-9F6A-4AD3-B8A6-A64376D6B818}.Release|Win32.Build.0 = Release|Win32
		{3E52A654-9F6A-4AD3-B8A6-A64376D6B818}.Release|x64.ActiveCfg = Release|Win32
		{3E52A654-9F6A-4AD3-B8A6-A64376D6B818}.Release|x86.ActiveCfg = Release|Win32
		{3D3E9FC9-6F1D-44A2-A177-F9D538BBC932}.Debug|Mixed Platforms.ActiveCfg = Debug|x64
		{3D3E9FC9-6F1D-44A2-A177-F9D538BBC932}.Debug|Mixed Platforms.Build.0 = Debug|x64
		{3D3E9FC9-6F1D-44A2-A177-F9D538BBC932}.Debug|Win32.ActiveCfg = Debug|Win32
		{3D3E9FC9-6F1D-44A2-A177-F9D538BBC932}.Debug|Win32.Build.0 = Debug|Win32
		{3D3E9FC9-6F1D-44A2-A177-F9D538BBC932}.Debug|x64.ActiveCfg = Debug|x64
		{3D3E9FC9-6F1D-44A2-A177-F9D538BBC932}.Debug|x64.Build.0 = Debug|x64
		{3D3E9FC9-6F1D-44A2-A177-F9D538BBC932}.Debug|x86.ActiveCfg = Debug|Win32
		{3D3E9FC9-6F1D-44A2-A177-F9D538BBC932}.Debug|x86.Build.0 = Debug|Win32
		{3D3E9FC9-6F1D-44A2-A177-F9D538BBC932}.Release|Mixed Platforms.ActiveCfg = Release|x64
		{3D3E9FC9-6F1D-44A2-A177-F9D538BBC932}.Release|Mixed Platforms.Build.0 = Release|x64
		{3D3E9FC9-6F1D-44A2-A177-F9D538BBC932}.Release|Win32.ActiveCfg = Release|Win32
		{3D3E9FC9-6F1D-44A2-A177-F9D538BBC932}.Release|Win32.Build.0 = Release|Win32
		{3D3E9FC9-6F1D-44A2-A177-F9D538BBC932}.Release|x64.ActiveCfg = Release|x64
		{3D3E9FC9-6F1D-44A2-A177-F9D538BBC932}.Release|x64.Build.0 = Release|x64
		{3D3E9FC9-6F1D-44A2-A177-F9D538BBC932}.Release|x86.ActiveCfg = Release|x64
	EndGlobalSection
	GlobalSection(SolutionProperties) = preSolution
		HideSolutionNode = FALSE
	EndGlobalSection
EndGlobal
