
Microsoft Visual Studio Solution File, Format Version 10.00
# Visual Studio 2008
Project("{8BC9CEB8-8B4A-11D0-8D11-00A0C91BC942}") = "SimpleThreads", "SimpleThreads\SimpleThreads.vcproj", "{5C095D16-514B-44C4-9E82-162A72AD2CFD}"
EndProject
Project("{FAE04EC0-301F-11D3-BF4B-00C04F79EFBC}") = "SimpleManagedThreads", "SimpleManagedThreads\SimpleManagedThreads.csproj", "{68A275FA-20D3-42D5-BBB1-84E9A7970D18}"
EndProject
Project("{FAE04EC0-301F-11D3-BF4B-00C04F79EFBC}") = "NETThreadAbort", "NETThreadAbort\NETThreadAbort.csproj", "{65B136BF-D39E-4A4F-B7AA-5D38CD10850B}"
EndProject
Project("{8BC9CEB8-8B4A-11D0-8D11-00A0C91BC942}") = "NativeTLS", "NativeTLS\NativeTLS.vcproj", "{39C5838C-8118-4B8D-B6E9-18CF02BF7F87}"
EndProject
Project("{FAE04EC0-301F-11D3-BF4B-00C04F79EFBC}") = "ManagedTLS", "ManagedTLS\ManagedTLS.csproj", "{BBEC275E-6F38-4D40-9C8A-519EDD163E5C}"
EndProject
Global
	GlobalSection(SolutionConfigurationPlatforms) = preSolution
		Debug|Any CPU = Debug|Any CPU
		Debug|Mixed Platforms = Debug|Mixed Platforms
		Debug|Win32 = Debug|Win32
		Release|Any CPU = Release|Any CPU
		Release|Mixed Platforms = Release|Mixed Platforms
		Release|Win32 = Release|Win32
	EndGlobalSection
	GlobalSection(ProjectConfigurationPlatforms) = postSolution
		{5C095D16-514B-44C4-9E82-162A72AD2CFD}.Debug|Any CPU.ActiveCfg = Debug|Win32
		{5C095D16-514B-44C4-9E82-162A72AD2CFD}.Debug|Mixed Platforms.ActiveCfg = Debug|Win32
		{5C095D16-514B-44C4-9E82-162A72AD2CFD}.Debug|Mixed Platforms.Build.0 = Debug|Win32
		{5C095D16-514B-44C4-9E82-162A72AD2CFD}.Debug|Win32.ActiveCfg = Debug|Win32
		{5C095D16-514B-44C4-9E82-162A72AD2CFD}.Debug|Win32.Build.0 = Debug|Win32
		{5C095D16-514B-44C4-9E82-162A72AD2CFD}.Release|Any CPU.ActiveCfg = Release|Win32
		{5C095D16-514B-44C4-9E82-162A72AD2CFD}.Release|Mixed Platforms.ActiveCfg = Release|Win32
		{5C095D16-514B-44C4-9E82-162A72AD2CFD}.Release|Mixed Platforms.Build.0 = Release|Win32
		{5C095D16-514B-44C4-9E82-162A72AD2CFD}.Release|Win32.ActiveCfg = Release|Win32
		{5C095D16-514B-44C4-9E82-162A72AD2CFD}.Release|Win32.Build.0 = Release|Win32
		{68A275FA-20D3-42D5-BBB1-84E9A7970D18}.Debug|Any CPU.ActiveCfg = Debug|Any CPU
		{68A275FA-20D3-42D5-BBB1-84E9A7970D18}.Debug|Any CPU.Build.0 = Debug|Any CPU
		{68A275FA-20D3-42D5-BBB1-84E9A7970D18}.Debug|Mixed Platforms.ActiveCfg = Debug|Any CPU
		{68A275FA-20D3-42D5-BBB1-84E9A7970D18}.Debug|Mixed Platforms.Build.0 = Debug|Any CPU
		{68A275FA-20D3-42D5-BBB1-84E9A7970D18}.Debug|Win32.ActiveCfg = Debug|Any CPU
		{68A275FA-20D3-42D5-BBB1-84E9A7970D18}.Release|Any CPU.ActiveCfg = Release|Any CPU
		{68A275FA-20D3-42D5-BBB1-84E9A7970D18}.Release|Any CPU.Build.0 = Release|Any CPU
		{68A275FA-20D3-42D5-BBB1-84E9A7970D18}.Release|Mixed Platforms.ActiveCfg = Release|Any CPU
		{68A275FA-20D3-42D5-BBB1-84E9A7970D18}.Release|Mixed Platforms.Build.0 = Release|Any CPU
		{68A275FA-20D3-42D5-BBB1-84E9A7970D18}.Release|Win32.ActiveCfg = Release|Any CPU
		{65B136BF-D39E-4A4F-B7AA-5D38CD10850B}.Debug|Any CPU.ActiveCfg = Debug|Any CPU
		{65B136BF-D39E-4A4F-B7AA-5D38CD10850B}.Debug|Any CPU.Build.0 = Debug|Any CPU
		{65B136BF-D39E-4A4F-B7AA-5D38CD10850B}.Debug|Mixed Platforms.ActiveCfg = Debug|Any CPU
		{65B136BF-D39E-4A4F-B7AA-5D38CD10850B}.Debug|Mixed Platforms.Build.0 = Debug|Any CPU
		{65B136BF-D39E-4A4F-B7AA-5D38CD10850B}.Debug|Win32.ActiveCfg = Debug|Any CPU
		{65B136BF-D39E-4A4F-B7AA-5D38CD10850B}.Release|Any CPU.ActiveCfg = Release|Any CPU
		{65B136BF-D39E-4A4F-B7AA-5D38CD10850B}.Release|Any CPU.Build.0 = Release|Any CPU
		{65B136BF-D39E-4A4F-B7AA-5D38CD10850B}.Release|Mixed Platforms.ActiveCfg = Release|Any CPU
		{65B136BF-D39E-4A4F-B7AA-5D38CD10850B}.Release|Mixed Platforms.Build.0 = Release|Any CPU
		{65B136BF-D39E-4A4F-B7AA-5D38CD10850B}.Release|Win32.ActiveCfg = Release|Any CPU
		{39C5838C-8118-4B8D-B6E9-18CF02BF7F87}.Debug|Any CPU.ActiveCfg = Debug|Win32
		{39C5838C-8118-4B8D-B6E9-18CF02BF7F87}.Debug|Mixed Platforms.ActiveCfg = Debug|Win32
		{39C5838C-8118-4B8D-B6E9-18CF02BF7F87}.Debug|Mixed Platforms.Build.0 = Debug|Win32
		{39C5838C-8118-4B8D-B6E9-18CF02BF7F87}.Debug|Win32.ActiveCfg = Debug|Win32
		{39C5838C-8118-4B8D-B6E9-18CF02BF7F87}.Debug|Win32.Build.0 = Debug|Win32
		{39C5838C-8118-4B8D-B6E9-18CF02BF7F87}.Release|Any CPU.ActiveCfg = Release|Win32
		{39C5838C-8118-4B8D-B6E9-18CF02BF7F87}.Release|Mixed Platforms.ActiveCfg = Release|Win32
		{39C5838C-8118-4B8D-B6E9-18CF02BF7F87}.Release|Mixed Platforms.Build.0 = Release|Win32
		{39C5838C-8118-4B8D-B6E9-18CF02BF7F87}.Release|Win32.ActiveCfg = Release|Win32
		{39C5838C-8118-4B8D-B6E9-18CF02BF7F87}.Release|Win32.Build.0 = Release|Win32
		{BBEC275E-6F38-4D40-9C8A-519EDD163E5C}.Debug|Any CPU.ActiveCfg = Debug|Any CPU
		{BBEC275E-6F38-4D40-9C8A-519EDD163E5C}.Debug|Any CPU.Build.0 = Debug|Any CPU
		{BBEC275E-6F38-4D40-9C8A-519EDD163E5C}.Debug|Mixed Platforms.ActiveCfg = Debug|Any CPU
		{BBEC275E-6F38-4D40-9C8A-519EDD163E5C}.Debug|Mixed Platforms.Build.0 = Debug|Any CPU
		{BBEC275E-6F38-4D40-9C8A-519EDD163E5C}.Debug|Win32.ActiveCfg = Debug|Any CPU
		{BBEC275E-6F38-4D40-9C8A-519EDD163E5C}.Release|Any CPU.ActiveCfg = Release|Any CPU
		{BBEC275E-6F38-4D40-9C8A-519EDD163E5C}.Release|Any CPU.Build.0 = Release|Any CPU
		{BBEC275E-6F38-4D40-9C8A-519EDD163E5C}.Release|Mixed Platforms.ActiveCfg = Release|Any CPU
		{BBEC275E-6F38-4D40-9C8A-519EDD163E5C}.Release|Mixed Platforms.Build.0 = Release|Any CPU
		{BBEC275E-6F38-4D40-9C8A-519EDD163E5C}.Release|Win32.ActiveCfg = Release|Any CPU
	EndGlobalSection
	GlobalSection(SolutionProperties) = preSolution
		HideSolutionNode = FALSE
	EndGlobalSection
EndGlobal
