
Microsoft Visual Studio Solution File, Format Version 11.00
# Visual Studio 2010
Project("{FAE04EC0-301F-11D3-BF4B-00C04F79EFBC}") = "SCGUILibrary", "SCGUILibrary\SCGUILibrary.csproj", "{EF249CF8-C945-4CCD-8661-C40F1B5C911C}"
EndProject
Project("{FAE04EC0-301F-11D3-BF4B-00C04F79EFBC}") = "SCGUIService", "SCGUIService\SCGUIService.csproj", "{88BC005F-302C-43CE-BE3C-4B644416C13C}"
EndProject
Project("{FAE04EC0-301F-11D3-BF4B-00C04F79EFBC}") = "SCGUIClient", "SCGUIClient\SCGUIClient.csproj", "{9B3389D0-2161-4931-8917-EB8B02DF1981}"
EndProject
Global
	GlobalSection(SolutionConfigurationPlatforms) = preSolution
		Debug|Any CPU = Debug|Any CPU
		Release|Any CPU = Release|Any CPU
	EndGlobalSection
	GlobalSection(ProjectConfigurationPlatforms) = postSolution
		{EF249CF8-C945-4CCD-8661-C40F1B5C911C}.Debug|Any CPU.ActiveCfg = Debug|Any CPU
		{EF249CF8-C945-4CCD-8661-C40F1B5C911C}.Debug|Any CPU.Build.0 = Debug|Any CPU
		{EF249CF8-C945-4CCD-8661-C40F1B5C911C}.Release|Any CPU.ActiveCfg = Release|Any CPU
		{EF249CF8-C945-4CCD-8661-C40F1B5C911C}.Release|Any CPU.Build.0 = Release|Any CPU
		{88BC005F-302C-43CE-BE3C-4B644416C13C}.Debug|Any CPU.ActiveCfg = Debug|Any CPU
		{88BC005F-302C-43CE-BE3C-4B644416C13C}.Debug|Any CPU.Build.0 = Debug|Any CPU
		{88BC005F-302C-43CE-BE3C-4B644416C13C}.Release|Any CPU.ActiveCfg = Release|Any CPU
		{88BC005F-302C-43CE-BE3C-4B644416C13C}.Release|Any CPU.Build.0 = Release|Any CPU
		{9B3389D0-2161-4931-8917-EB8B02DF1981}.Debug|Any CPU.ActiveCfg = Debug|Any CPU
		{9B3389D0-2161-4931-8917-EB8B02DF1981}.Debug|Any CPU.Build.0 = Debug|Any CPU
		{9B3389D0-2161-4931-8917-EB8B02DF1981}.Release|Any CPU.ActiveCfg = Release|Any CPU
		{9B3389D0-2161-4931-8917-EB8B02DF1981}.Release|Any CPU.Build.0 = Release|Any CPU
	EndGlobalSection
	GlobalSection(SolutionProperties) = preSolution
		HideSolutionNode = FALSE
	EndGlobalSection
EndGlobal
