
Microsoft Visual Studio Solution File, Format Version 11.00
# Visual Studio 2010
Project("{FAE04EC0-301F-11D3-BF4B-00C04F79EFBC}") = "SynchroCallbackTransactionLibrary", "SynchroCallbackTransactionLibrary\SynchroCallbackTransactionLibrary.csproj", "{0AAE7E18-7F2F-4256-B3E5-EE0C5D98AC50}"
EndProject
Project("{FAE04EC0-301F-11D3-BF4B-00C04F79EFBC}") = "SynchroCallbackTransactionService", "SynchroCallbackTransactionService\SynchroCallbackTransactionService.csproj", "{586909C5-A54A-4901-852F-93F5996FFEC3}"
EndProject
Project("{FAE04EC0-301F-11D3-BF4B-00C04F79EFBC}") = "SynchroCallbackTransactionClient", "SynchroCallbackTransactionClient\SynchroCallbackTransactionClient.csproj", "{C8D440CC-F477-40E6-ADA4-A10E46C2C8CF}"
EndProject
Global
	GlobalSection(SolutionConfigurationPlatforms) = preSolution
		Debug|Any CPU = Debug|Any CPU
		Release|Any CPU = Release|Any CPU
	EndGlobalSection
	GlobalSection(ProjectConfigurationPlatforms) = postSolution
		{0AAE7E18-7F2F-4256-B3E5-EE0C5D98AC50}.Debug|Any CPU.ActiveCfg = Debug|Any CPU
		{0AAE7E18-7F2F-4256-B3E5-EE0C5D98AC50}.Debug|Any CPU.Build.0 = Debug|Any CPU
		{0AAE7E18-7F2F-4256-B3E5-EE0C5D98AC50}.Release|Any CPU.ActiveCfg = Release|Any CPU
		{0AAE7E18-7F2F-4256-B3E5-EE0C5D98AC50}.Release|Any CPU.Build.0 = Release|Any CPU
		{586909C5-A54A-4901-852F-93F5996FFEC3}.Debug|Any CPU.ActiveCfg = Debug|Any CPU
		{586909C5-A54A-4901-852F-93F5996FFEC3}.Debug|Any CPU.Build.0 = Debug|Any CPU
		{586909C5-A54A-4901-852F-93F5996FFEC3}.Release|Any CPU.ActiveCfg = Release|Any CPU
		{586909C5-A54A-4901-852F-93F5996FFEC3}.Release|Any CPU.Build.0 = Release|Any CPU
		{C8D440CC-F477-40E6-ADA4-A10E46C2C8CF}.Debug|Any CPU.ActiveCfg = Debug|Any CPU
		{C8D440CC-F477-40E6-ADA4-A10E46C2C8CF}.Debug|Any CPU.Build.0 = Debug|Any CPU
		{C8D440CC-F477-40E6-ADA4-A10E46C2C8CF}.Release|Any CPU.ActiveCfg = Release|Any CPU
		{C8D440CC-F477-40E6-ADA4-A10E46C2C8CF}.Release|Any CPU.Build.0 = Release|Any CPU
	EndGlobalSection
	GlobalSection(SolutionProperties) = preSolution
		HideSolutionNode = FALSE
	EndGlobalSection
EndGlobal
