
Microsoft Visual Studio Solution File, Format Version 11.00
# Visual Studio 2010
Project("{FAE04EC0-301F-11D3-BF4B-00C04F79EFBC}") = "CLRSecurity", "CLRSecurity\CLRSecurity.csproj", "{75AE21ED-AC91-484C-93E9-C742CF8E1B19}"
EndProject
Project("{8BC9CEB8-8B4A-11D0-8D11-00A0C91BC942}") = "BagHost", "BagHost\BagHost.vcxproj", "{7258CD2C-ECF7-4F6A-8B2F-CD8C8D777D49}"
	ProjectSection(ProjectDependencies) = postProject
		{2B777B61-17EC-42C1-BD61-5510812EC57C} = {2B777B61-17EC-42C1-BD61-5510812EC57C}
	EndProjectSection
EndProject
Project("{FAE04EC0-301F-11D3-BF4B-00C04F79EFBC}") = "BagAppDomainManager", "BagAppDomainManager\BagAppDomainManager.csproj", "{2B777B61-17EC-42C1-BD61-5510812EC57C}"
EndProject
Project("{8BC9CEB8-8B4A-11D0-8D11-00A0C91BC942}") = "CreateBag", "CreateBag\CreateBag.vcxproj", "{F5A087BF-E568-4B74-A70B-5C9BDB5FE767}"
EndProject
Project("{FAE04EC0-301F-11D3-BF4B-00C04F79EFBC}") = "BagExecutable", "BagExecutable\BagExecutable.csproj", "{35AD84A0-A2B7-436C-BC5E-7ABD258E6A82}"
EndProject
Project("{FAE04EC0-301F-11D3-BF4B-00C04F79EFBC}") = "BagAssembly1", "BagAssembly1\BagAssembly1.csproj", "{50A01194-AC8B-48C9-A4FB-18B2EFE0AAF9}"
EndProject
Project("{FAE04EC0-301F-11D3-BF4B-00C04F79EFBC}") = "BagAssembly2", "BagAssembly2\BagAssembly2.csproj", "{E599CB0C-16DE-4406-BD69-752F89F5653F}"
EndProject
Project("{FAE04EC0-301F-11D3-BF4B-00C04F79EFBC}") = "DummyAssembly", "DummyAssembly\DummyAssembly.csproj", "{876370E7-A8A7-41DC-B131-80D6CC5A93DA}"
EndProject
Global
	GlobalSection(SolutionConfigurationPlatforms) = preSolution
		Debug|Any CPU = Debug|Any CPU
		Debug|Mixed Platforms = Debug|Mixed Platforms
		Debug|Win32 = Debug|Win32
		Debug|x64 = Debug|x64
		Debug|x86 = Debug|x86
		Release|Any CPU = Release|Any CPU
		Release|Mixed Platforms = Release|Mixed Platforms
		Release|Win32 = Release|Win32
		Release|x64 = Release|x64
		Release|x86 = Release|x86
	EndGlobalSection
	GlobalSection(ProjectConfigurationPlatforms) = postSolution
		{75AE21ED-AC91-484C-93E9-C742CF8E1B19}.Debug|Any CPU.ActiveCfg = Debug|x86
		{75AE21ED-AC91-484C-93E9-C742CF8E1B19}.Debug|Mixed Platforms.ActiveCfg = Debug|x64
		{75AE21ED-AC91-484C-93E9-C742CF8E1B19}.Debug|Mixed Platforms.Build.0 = Debug|x64
		{75AE21ED-AC91-484C-93E9-C742CF8E1B19}.Debug|Win32.ActiveCfg = Debug|x86
		{75AE21ED-AC91-484C-93E9-C742CF8E1B19}.Debug|x64.ActiveCfg = Debug|x64
		{75AE21ED-AC91-484C-93E9-C742CF8E1B19}.Debug|x64.Build.0 = Debug|x64
		{75AE21ED-AC91-484C-93E9-C742CF8E1B19}.Debug|x86.ActiveCfg = Debug|x86
		{75AE21ED-AC91-484C-93E9-C742CF8E1B19}.Debug|x86.Build.0 = Debug|x86
		{75AE21ED-AC91-484C-93E9-C742CF8E1B19}.Release|Any CPU.ActiveCfg = Release|x86
		{75AE21ED-AC91-484C-93E9-C742CF8E1B19}.Release|Mixed Platforms.ActiveCfg = Release|x86
		{75AE21ED-AC91-484C-93E9-C742CF8E1B19}.Release|Mixed Platforms.Build.0 = Release|x86
		{75AE21ED-AC91-484C-93E9-C742CF8E1B19}.Release|Win32.ActiveCfg = Release|x86
		{75AE21ED-AC91-484C-93E9-C742CF8E1B19}.Release|x64.ActiveCfg = Release|x86
		{75AE21ED-AC91-484C-93E9-C742CF8E1B19}.Release|x86.ActiveCfg = Release|x86
		{75AE21ED-AC91-484C-93E9-C742CF8E1B19}.Release|x86.Build.0 = Release|x86
		{7258CD2C-ECF7-4F6A-8B2F-CD8C8D777D49}.Debug|Any CPU.ActiveCfg = Debug|x64
		{7258CD2C-ECF7-4F6A-8B2F-CD8C8D777D49}.Debug|Mixed Platforms.ActiveCfg = Debug|x64
		{7258CD2C-ECF7-4F6A-8B2F-CD8C8D777D49}.Debug|Mixed Platforms.Build.0 = Debug|x64
		{7258CD2C-ECF7-4F6A-8B2F-CD8C8D777D49}.Debug|Win32.ActiveCfg = Debug|Win32
		{7258CD2C-ECF7-4F6A-8B2F-CD8C8D777D49}.Debug|Win32.Build.0 = Debug|Win32
		{7258CD2C-ECF7-4F6A-8B2F-CD8C8D777D49}.Debug|x64.ActiveCfg = Debug|x64
		{7258CD2C-ECF7-4F6A-8B2F-CD8C8D777D49}.Debug|x64.Build.0 = Debug|x64
		{7258CD2C-ECF7-4F6A-8B2F-CD8C8D777D49}.Debug|x86.ActiveCfg = Debug|x64
		{7258CD2C-ECF7-4F6A-8B2F-CD8C8D777D49}.Release|Any CPU.ActiveCfg = Release|x64
		{7258CD2C-ECF7-4F6A-8B2F-CD8C8D777D49}.Release|Mixed Platforms.ActiveCfg = Release|x64
		{7258CD2C-ECF7-4F6A-8B2F-CD8C8D777D49}.Release|Mixed Platforms.Build.0 = Release|x64
		{7258CD2C-ECF7-4F6A-8B2F-CD8C8D777D49}.Release|Win32.ActiveCfg = Release|Win32
		{7258CD2C-ECF7-4F6A-8B2F-CD8C8D777D49}.Release|Win32.Build.0 = Release|Win32
		{7258CD2C-ECF7-4F6A-8B2F-CD8C8D777D49}.Release|x64.ActiveCfg = Release|x64
		{7258CD2C-ECF7-4F6A-8B2F-CD8C8D777D49}.Release|x64.Build.0 = Release|x64
		{7258CD2C-ECF7-4F6A-8B2F-CD8C8D777D49}.Release|x86.ActiveCfg = Release|x64
		{2B777B61-17EC-42C1-BD61-5510812EC57C}.Debug|Any CPU.ActiveCfg = Debug|Any CPU
		{2B777B61-17EC-42C1-BD61-5510812EC57C}.Debug|Any CPU.Build.0 = Debug|Any CPU
		{2B777B61-17EC-42C1-BD61-5510812EC57C}.Debug|Mixed Platforms.ActiveCfg = Debug|x64
		{2B777B61-17EC-42C1-BD61-5510812EC57C}.Debug|Mixed Platforms.Build.0 = Debug|x64
		{2B777B61-17EC-42C1-BD61-5510812EC57C}.Debug|Win32.ActiveCfg = Debug|x64
		{2B777B61-17EC-42C1-BD61-5510812EC57C}.Debug|x64.ActiveCfg = Debug|x64
		{2B777B61-17EC-42C1-BD61-5510812EC57C}.Debug|x64.Build.0 = Debug|x64
		{2B777B61-17EC-42C1-BD61-5510812EC57C}.Debug|x86.ActiveCfg = Debug|x64
		{2B777B61-17EC-42C1-BD61-5510812EC57C}.Release|Any CPU.ActiveCfg = Release|Any CPU
		{2B777B61-17EC-42C1-BD61-5510812EC57C}.Release|Any CPU.Build.0 = Release|Any CPU
		{2B777B61-17EC-42C1-BD61-5510812EC57C}.Release|Mixed Platforms.ActiveCfg = Release|x64
		{2B777B61-17EC-42C1-BD61-5510812EC57C}.Release|Mixed Platforms.Build.0 = Release|x64
		{2B777B61-17EC-42C1-BD61-5510812EC57C}.Release|Win32.ActiveCfg = Release|x64
		{2B777B61-17EC-42C1-BD61-5510812EC57C}.Release|x64.ActiveCfg = Release|x64
		{2B777B61-17EC-42C1-BD61-5510812EC57C}.Release|x64.Build.0 = Release|x64
		{2B777B61-17EC-42C1-BD61-5510812EC57C}.Release|x86.ActiveCfg = Release|x64
		{F5A087BF-E568-4B74-A70B-5C9BDB5FE767}.Debug|Any CPU.ActiveCfg = Debug|x64
		{F5A087BF-E568-4B74-A70B-5C9BDB5FE767}.Debug|Mixed Platforms.ActiveCfg = Debug|x64
		{F5A087BF-E568-4B74-A70B-5C9BDB5FE767}.Debug|Mixed Platforms.Build.0 = Debug|x64
		{F5A087BF-E568-4B74-A70B-5C9BDB5FE767}.Debug|Win32.ActiveCfg = Debug|Win32
		{F5A087BF-E568-4B74-A70B-5C9BDB5FE767}.Debug|Win32.Build.0 = Debug|Win32
		{F5A087BF-E568-4B74-A70B-5C9BDB5FE767}.Debug|x64.ActiveCfg = Debug|x64
		{F5A087BF-E568-4B74-A70B-5C9BDB5FE767}.Debug|x64.Build.0 = Debug|x64
		{F5A087BF-E568-4B74-A70B-5C9BDB5FE767}.Debug|x86.ActiveCfg = Debug|x64
		{F5A087BF-E568-4B74-A70B-5C9BDB5FE767}.Release|Any CPU.ActiveCfg = Release|x64
		{F5A087BF-E568-4B74-A70B-5C9BDB5FE767}.Release|Mixed Platforms.ActiveCfg = Release|x64
		{F5A087BF-E568-4B74-A70B-5C9BDB5FE767}.Release|Mixed Platforms.Build.0 = Release|x64
		{F5A087BF-E568-4B74-A70B-5C9BDB5FE767}.Release|Win32.ActiveCfg = Release|Win32
		{F5A087BF-E568-4B74-A70B-5C9BDB5FE767}.Release|Win32.Build.0 = Release|Win32
		{F5A087BF-E568-4B74-A70B-5C9BDB5FE767}.Release|x64.ActiveCfg = Release|x64
		{F5A087BF-E568-4B74-A70B-5C9BDB5FE767}.Release|x64.Build.0 = Release|x64
		{F5A087BF-E568-4B74-A70B-5C9BDB5FE767}.Release|x86.ActiveCfg = Release|x64
		{35AD84A0-A2B7-436C-BC5E-7ABD258E6A82}.Debug|Any CPU.ActiveCfg = Debug|x64
		{35AD84A0-A2B7-436C-BC5E-7ABD258E6A82}.Debug|Mixed Platforms.ActiveCfg = Debug|x64
		{35AD84A0-A2B7-436C-BC5E-7ABD258E6A82}.Debug|Mixed Platforms.Build.0 = Debug|x64
		{35AD84A0-A2B7-436C-BC5E-7ABD258E6A82}.Debug|Win32.ActiveCfg = Debug|x64
		{35AD84A0-A2B7-436C-BC5E-7ABD258E6A82}.Debug|x64.ActiveCfg = Debug|x64
		{35AD84A0-A2B7-436C-BC5E-7ABD258E6A82}.Debug|x64.Build.0 = Debug|x64
		{35AD84A0-A2B7-436C-BC5E-7ABD258E6A82}.Debug|x86.ActiveCfg = Debug|x86
		{35AD84A0-A2B7-436C-BC5E-7ABD258E6A82}.Debug|x86.Build.0 = Debug|x86
		{35AD84A0-A2B7-436C-BC5E-7ABD258E6A82}.Release|Any CPU.ActiveCfg = Release|x64
		{35AD84A0-A2B7-436C-BC5E-7ABD258E6A82}.Release|Mixed Platforms.ActiveCfg = Release|x64
		{35AD84A0-A2B7-436C-BC5E-7ABD258E6A82}.Release|Mixed Platforms.Build.0 = Release|x64
		{35AD84A0-A2B7-436C-BC5E-7ABD258E6A82}.Release|Win32.ActiveCfg = Release|x64
		{35AD84A0-A2B7-436C-BC5E-7ABD258E6A82}.Release|x64.ActiveCfg = Release|x64
		{35AD84A0-A2B7-436C-BC5E-7ABD258E6A82}.Release|x64.Build.0 = Release|x64
		{35AD84A0-A2B7-436C-BC5E-7ABD258E6A82}.Release|x86.ActiveCfg = Release|x86
		{35AD84A0-A2B7-436C-BC5E-7ABD258E6A82}.Release|x86.Build.0 = Release|x86
		{50A01194-AC8B-48C9-A4FB-18B2EFE0AAF9}.Debug|Any CPU.ActiveCfg = Debug|Any CPU
		{50A01194-AC8B-48C9-A4FB-18B2EFE0AAF9}.Debug|Any CPU.Build.0 = Debug|Any CPU
		{50A01194-AC8B-48C9-A4FB-18B2EFE0AAF9}.Debug|Mixed Platforms.ActiveCfg = Debug|x64
		{50A01194-AC8B-48C9-A4FB-18B2EFE0AAF9}.Debug|Mixed Platforms.Build.0 = Debug|x64
		{50A01194-AC8B-48C9-A4FB-18B2EFE0AAF9}.Debug|Win32.ActiveCfg = Debug|x64
		{50A01194-AC8B-48C9-A4FB-18B2EFE0AAF9}.Debug|x64.ActiveCfg = Debug|x64
		{50A01194-AC8B-48C9-A4FB-18B2EFE0AAF9}.Debug|x64.Build.0 = Debug|x64
		{50A01194-AC8B-48C9-A4FB-18B2EFE0AAF9}.Debug|x86.ActiveCfg = Debug|x64
		{50A01194-AC8B-48C9-A4FB-18B2EFE0AAF9}.Release|Any CPU.ActiveCfg = Release|Any CPU
		{50A01194-AC8B-48C9-A4FB-18B2EFE0AAF9}.Release|Any CPU.Build.0 = Release|Any CPU
		{50A01194-AC8B-48C9-A4FB-18B2EFE0AAF9}.Release|Mixed Platforms.ActiveCfg = Release|x64
		{50A01194-AC8B-48C9-A4FB-18B2EFE0AAF9}.Release|Mixed Platforms.Build.0 = Release|x64
		{50A01194-AC8B-48C9-A4FB-18B2EFE0AAF9}.Release|Win32.ActiveCfg = Release|x64
		{50A01194-AC8B-48C9-A4FB-18B2EFE0AAF9}.Release|x64.ActiveCfg = Release|x64
		{50A01194-AC8B-48C9-A4FB-18B2EFE0AAF9}.Release|x64.Build.0 = Release|x64
		{50A01194-AC8B-48C9-A4FB-18B2EFE0AAF9}.Release|x86.ActiveCfg = Release|x64
		{E599CB0C-16DE-4406-BD69-752F89F5653F}.Debug|Any CPU.ActiveCfg = Debug|Any CPU
		{E599CB0C-16DE-4406-BD69-752F89F5653F}.Debug|Any CPU.Build.0 = Debug|Any CPU
		{E599CB0C-16DE-4406-BD69-752F89F5653F}.Debug|Mixed Platforms.ActiveCfg = Debug|x64
		{E599CB0C-16DE-4406-BD69-752F89F5653F}.Debug|Mixed Platforms.Build.0 = Debug|x64
		{E599CB0C-16DE-4406-BD69-752F89F5653F}.Debug|Win32.ActiveCfg = Debug|x64
		{E599CB0C-16DE-4406-BD69-752F89F5653F}.Debug|x64.ActiveCfg = Debug|x64
		{E599CB0C-16DE-4406-BD69-752F89F5653F}.Debug|x64.Build.0 = Debug|x64
		{E599CB0C-16DE-4406-BD69-752F89F5653F}.Debug|x86.ActiveCfg = Debug|x64
		{E599CB0C-16DE-4406-BD69-752F89F5653F}.Release|Any CPU.ActiveCfg = Release|Any CPU
		{E599CB0C-16DE-4406-BD69-752F89F5653F}.Release|Any CPU.Build.0 = Release|Any CPU
		{E599CB0C-16DE-4406-BD69-752F89F5653F}.Release|Mixed Platforms.ActiveCfg = Release|x64
		{E599CB0C-16DE-4406-BD69-752F89F5653F}.Release|Mixed Platforms.Build.0 = Release|x64
		{E599CB0C-16DE-4406-BD69-752F89F5653F}.Release|Win32.ActiveCfg = Release|x64
		{E599CB0C-16DE-4406-BD69-752F89F5653F}.Release|x64.ActiveCfg = Release|x64
		{E599CB0C-16DE-4406-BD69-752F89F5653F}.Release|x64.Build.0 = Release|x64
		{E599CB0C-16DE-4406-BD69-752F89F5653F}.Release|x86.ActiveCfg = Release|x64
		{876370E7-A8A7-41DC-B131-80D6CC5A93DA}.Debug|Any CPU.ActiveCfg = Debug|Any CPU
		{876370E7-A8A7-41DC-B131-80D6CC5A93DA}.Debug|Any CPU.Build.0 = Debug|Any CPU
		{876370E7-A8A7-41DC-B131-80D6CC5A93DA}.Debug|Mixed Platforms.ActiveCfg = Debug|x64
		{876370E7-A8A7-41DC-B131-80D6CC5A93DA}.Debug|Mixed Platforms.Build.0 = Debug|x64
		{876370E7-A8A7-41DC-B131-80D6CC5A93DA}.Debug|Win32.ActiveCfg = Debug|Any CPU
		{876370E7-A8A7-41DC-B131-80D6CC5A93DA}.Debug|x64.ActiveCfg = Debug|x64
		{876370E7-A8A7-41DC-B131-80D6CC5A93DA}.Debug|x64.Build.0 = Debug|x64
		{876370E7-A8A7-41DC-B131-80D6CC5A93DA}.Debug|x86.ActiveCfg = Debug|Any CPU
		{876370E7-A8A7-41DC-B131-80D6CC5A93DA}.Release|Any CPU.ActiveCfg = Release|Any CPU
		{876370E7-A8A7-41DC-B131-80D6CC5A93DA}.Release|Any CPU.Build.0 = Release|Any CPU
		{876370E7-A8A7-41DC-B131-80D6CC5A93DA}.Release|Mixed Platforms.ActiveCfg = Release|Any CPU
		{876370E7-A8A7-41DC-B131-80D6CC5A93DA}.Release|Mixed Platforms.Build.0 = Release|Any CPU
		{876370E7-A8A7-41DC-B131-80D6CC5A93DA}.Release|Win32.ActiveCfg = Release|Any CPU
		{876370E7-A8A7-41DC-B131-80D6CC5A93DA}.Release|x64.ActiveCfg = Release|Any CPU
		{876370E7-A8A7-41DC-B131-80D6CC5A93DA}.Release|x86.ActiveCfg = Release|Any CPU
	EndGlobalSection
	GlobalSection(SolutionProperties) = preSolution
		HideSolutionNode = FALSE
	EndGlobalSection
EndGlobal
