
Microsoft Visual Studio Solution File, Format Version 11.00
# Visual Studio 2010
Project("{FAE04EC0-301F-11D3-BF4B-00C04F79EFBC}") = "FirstWCFLibrary", "FirstWCFLibrary\FirstWCFLibrary.csproj", "{80AA237B-D6F8-4E2A-BE12-A32512A176F9}"
EndProject
Project("{FAE04EC0-301F-11D3-BF4B-00C04F79EFBC}") = "FirstWCFService", "FirstWCFService\FirstWCFService.csproj", "{59369C0C-4EDC-4BE4-A31C-56E1484FD5C4}"
EndProject
Project("{FAE04EC0-301F-11D3-BF4B-00C04F79EFBC}") = "FirstWCFClient", "FirstWCFClient\FirstWCFClient.csproj", "{7D80FBF4-20CB-43BD-97A5-4227A122DB0B}"
EndProject
Global
	GlobalSection(SolutionConfigurationPlatforms) = preSolution
		Debug|Any CPU = Debug|Any CPU
		Release|Any CPU = Release|Any CPU
	EndGlobalSection
	GlobalSection(ProjectConfigurationPlatforms) = postSolution
		{80AA237B-D6F8-4E2A-BE12-A32512A176F9}.Debug|Any CPU.ActiveCfg = Debug|Any CPU
		{80AA237B-D6F8-4E2A-BE12-A32512A176F9}.Debug|Any CPU.Build.0 = Debug|Any CPU
		{80AA237B-D6F8-4E2A-BE12-A32512A176F9}.Release|Any CPU.ActiveCfg = Release|Any CPU
		{80AA237B-D6F8-4E2A-BE12-A32512A176F9}.Release|Any CPU.Build.0 = Release|Any CPU
		{59369C0C-4EDC-4BE4-A31C-56E1484FD5C4}.Debug|Any CPU.ActiveCfg = Debug|Any CPU
		{59369C0C-4EDC-4BE4-A31C-56E1484FD5C4}.Debug|Any CPU.Build.0 = Debug|Any CPU
		{59369C0C-4EDC-4BE4-A31C-56E1484FD5C4}.Release|Any CPU.ActiveCfg = Release|Any CPU
		{59369C0C-4EDC-4BE4-A31C-56E1484FD5C4}.Release|Any CPU.Build.0 = Release|Any CPU
		{7D80FBF4-20CB-43BD-97A5-4227A122DB0B}.Debug|Any CPU.ActiveCfg = Debug|Any CPU
		{7D80FBF4-20CB-43BD-97A5-4227A122DB0B}.Debug|Any CPU.Build.0 = Debug|Any CPU
		{7D80FBF4-20CB-43BD-97A5-4227A122DB0B}.Release|Any CPU.ActiveCfg = Release|Any CPU
		{7D80FBF4-20CB-43BD-97A5-4227A122DB0B}.Release|Any CPU.Build.0 = Release|Any CPU
	EndGlobalSection
	GlobalSection(SolutionProperties) = preSolution
		HideSolutionNode = FALSE
	EndGlobalSection
EndGlobal
