
Microsoft Visual Studio Solution File, Format Version 11.00
# Visual Studio 2010
Project("{FAE04EC0-301F-11D3-BF4B-00C04F79EFBC}") = "InterceptorShared", "InterceptorShared\InterceptorShared.csproj", "{4B770262-C696-41E4-8BC6-7FA8CF582CB8}"
EndProject
Project("{FAE04EC0-301F-11D3-BF4B-00C04F79EFBC}") = "InterceptorSharedHost", "InterceptorSharedHost\InterceptorSharedHost.csproj", "{F364AF54-EB8D-48A9-85F0-9DE796BB9682}"
EndProject
Project("{FAE04EC0-301F-11D3-BF4B-00C04F79EFBC}") = "InterceptorSharedClient", "InterceptorSharedClient\InterceptorSharedClient.csproj", "{4E52DE0D-16A5-4DE2-AD21-01BD423D8765}"
EndProject
Global
	GlobalSection(SolutionConfigurationPlatforms) = preSolution
		Debug|Any CPU = Debug|Any CPU
		Release|Any CPU = Release|Any CPU
	EndGlobalSection
	GlobalSection(ProjectConfigurationPlatforms) = postSolution
		{4B770262-C696-41E4-8BC6-7FA8CF582CB8}.Debug|Any CPU.ActiveCfg = Debug|Any CPU
		{4B770262-C696-41E4-8BC6-7FA8CF582CB8}.Debug|Any CPU.Build.0 = Debug|Any CPU
		{4B770262-C696-41E4-8BC6-7FA8CF582CB8}.Release|Any CPU.ActiveCfg = Release|Any CPU
		{4B770262-C696-41E4-8BC6-7FA8CF582CB8}.Release|Any CPU.Build.0 = Release|Any CPU
		{F364AF54-EB8D-48A9-85F0-9DE796BB9682}.Debug|Any CPU.ActiveCfg = Debug|Any CPU
		{F364AF54-EB8D-48A9-85F0-9DE796BB9682}.Debug|Any CPU.Build.0 = Debug|Any CPU
		{F364AF54-EB8D-48A9-85F0-9DE796BB9682}.Release|Any CPU.ActiveCfg = Release|Any CPU
		{F364AF54-EB8D-48A9-85F0-9DE796BB9682}.Release|Any CPU.Build.0 = Release|Any CPU
		{4E52DE0D-16A5-4DE2-AD21-01BD423D8765}.Debug|Any CPU.ActiveCfg = Debug|Any CPU
		{4E52DE0D-16A5-4DE2-AD21-01BD423D8765}.Debug|Any CPU.Build.0 = Debug|Any CPU
		{4E52DE0D-16A5-4DE2-AD21-01BD423D8765}.Release|Any CPU.ActiveCfg = Release|Any CPU
		{4E52DE0D-16A5-4DE2-AD21-01BD423D8765}.Release|Any CPU.Build.0 = Release|Any CPU
	EndGlobalSection
	GlobalSection(SolutionProperties) = preSolution
		HideSolutionNode = FALSE
	EndGlobalSection
EndGlobal
