
Microsoft Visual Studio Solution File, Format Version 12.00
# Visual Studio 2013
VisualStudioVersion = 12.0.21005.1
MinimumVisualStudioVersion = 10.0.40219.1
Project("{2150E333-8FDC-42A3-9474-1A3956D46DE8}") = "UnmanagedCode", "UnmanagedCode", "{49ABF08B-2C22-4117-ACC8-B2F496354388}"
	ProjectSection(SolutionItems) = preProject
		UnmanagedCode\Callback.il = UnmanagedCode\Callback.il
		UnmanagedCode\Clean.bat = UnmanagedCode\Clean.bat
		UnmanagedCode\Compile.bat = UnmanagedCode\Compile.bat
		UnmanagedCode\CompileDebug.bat = UnmanagedCode\CompileDebug.bat
		UnmanagedCode\Delegates.il = UnmanagedCode\Delegates.il
		UnmanagedCode\Helpers.il = UnmanagedCode\Helpers.il
		UnmanagedCode\UnmanagedCode.il = UnmanagedCode\UnmanagedCode.il
	EndProjectSection
EndProject
Project("{2150E333-8FDC-42A3-9474-1A3956D46DE8}") = "!DOC", "!DOC", "{CD16F489-D4CE-4C58-8536-CBD15F900270}"
	ProjectSection(SolutionItems) = preProject
		!!!.txt = !!!.txt
	EndProjectSection
EndProject
Project("{8BC9CEB8-8B4A-11D0-8D11-00A0C91BC942}") = "UnmanagedCOMServer", "UnmanagedCOMServer\UnmanagedCOMServer.vcxproj", "{6CE1A238-A33F-452A-ADA6-7949CA4C4603}"
EndProject
Project("{8BC9CEB8-8B4A-11D0-8D11-00A0C91BC942}") = "UnmanagedCOMPSServer", "UnmanagedCOMPSServer\UnmanagedCOMPSServer.vcxproj", "{65665C33-037D-43EB-83D2-2A6F30F365F1}"
	ProjectSection(ProjectDependencies) = postProject
		{6CE1A238-A33F-452A-ADA6-7949CA4C4603} = {6CE1A238-A33F-452A-ADA6-7949CA4C4603}
	EndProjectSection
EndProject
Project("{8BC9CEB8-8B4A-11D0-8D11-00A0C91BC942}") = "UnmanagedCOMClient", "UnmanagedCOMClient\UnmanagedCOMClient.vcxproj", "{3005A6B4-1334-411D-8DDC-D9E170E77DB1}"
	ProjectSection(ProjectDependencies) = postProject
		{65665C33-037D-43EB-83D2-2A6F30F365F1} = {65665C33-037D-43EB-83D2-2A6F30F365F1}
		{6CE1A238-A33F-452A-ADA6-7949CA4C4603} = {6CE1A238-A33F-452A-ADA6-7949CA4C4603}
	EndProjectSection
EndProject
Project("{2150E333-8FDC-42A3-9474-1A3956D46DE8}") = "CCWAssembly", "CCWAssembly", "{CD13290B-1EC3-46FF-80A8-E6F3F62A1551}"
	ProjectSection(SolutionItems) = preProject
		CCWAssembly\CCWAssembly.il = CCWAssembly\CCWAssembly.il
		CCWAssembly\Clean.bat = CCWAssembly\Clean.bat
		CCWAssembly\Compile.bat = CCWAssembly\Compile.bat
		CCWAssembly\CompileDebug.bat = CCWAssembly\CompileDebug.bat
	EndProjectSection
EndProject
Project("{8BC9CEB8-8B4A-11D0-8D11-00A0C91BC942}") = "CCWAssemblyClient", "CCWAssemblyClient\CCWAssemblyClient.vcxproj", "{CF46B54A-D95E-402E-A4F4-C7727180B125}"
	ProjectSection(ProjectDependencies) = postProject
		{65665C33-037D-43EB-83D2-2A6F30F365F1} = {65665C33-037D-43EB-83D2-2A6F30F365F1}
		{6CE1A238-A33F-452A-ADA6-7949CA4C4603} = {6CE1A238-A33F-452A-ADA6-7949CA4C4603}
	EndProjectSection
EndProject
Project("{8BC9CEB8-8B4A-11D0-8D11-00A0C91BC942}") = "UnmanagedLibrary", "UnmanagedLibrary\UnmanagedLibrary.vcxproj", "{07EB02BA-793B-4812-8033-FDB6051B495A}"
EndProject
Project("{2150E333-8FDC-42A3-9474-1A3956D46DE8}") = "ManagedDLL", "ManagedDLL", "{93FEB22D-91A5-47F8-8A07-CB085A7607FA}"
	ProjectSection(SolutionItems) = preProject
		ManagedDLL\Clean.bat = ManagedDLL\Clean.bat
		ManagedDLL\Compile.bat = ManagedDLL\Compile.bat
		ManagedDLL\CompileDebug.bat = ManagedDLL\CompileDebug.bat
		ManagedDLL\ManagedDLL.il = ManagedDLL\ManagedDLL.il
	EndProjectSection
EndProject
Global
	GlobalSection(SolutionConfigurationPlatforms) = preSolution
		Debug|Win32 = Debug|Win32
		Debug|x64 = Debug|x64
		Release|Win32 = Release|Win32
		Release|x64 = Release|x64
	EndGlobalSection
	GlobalSection(ProjectConfigurationPlatforms) = postSolution
		{6CE1A238-A33F-452A-ADA6-7949CA4C4603}.Debug|Win32.ActiveCfg = Debug|Win32
		{6CE1A238-A33F-452A-ADA6-7949CA4C4603}.Debug|Win32.Build.0 = Debug|Win32
		{6CE1A238-A33F-452A-ADA6-7949CA4C4603}.Debug|x64.ActiveCfg = Debug|x64
		{6CE1A238-A33F-452A-ADA6-7949CA4C4603}.Debug|x64.Build.0 = Debug|x64
		{6CE1A238-A33F-452A-ADA6-7949CA4C4603}.Release|Win32.ActiveCfg = Release|Win32
		{6CE1A238-A33F-452A-ADA6-7949CA4C4603}.Release|Win32.Build.0 = Release|Win32
		{6CE1A238-A33F-452A-ADA6-7949CA4C4603}.Release|x64.ActiveCfg = Release|x64
		{6CE1A238-A33F-452A-ADA6-7949CA4C4603}.Release|x64.Build.0 = Release|x64
		{65665C33-037D-43EB-83D2-2A6F30F365F1}.Debug|Win32.ActiveCfg = Debug|Win32
		{65665C33-037D-43EB-83D2-2A6F30F365F1}.Debug|Win32.Build.0 = Debug|Win32
		{65665C33-037D-43EB-83D2-2A6F30F365F1}.Debug|x64.ActiveCfg = Debug|x64
		{65665C33-037D-43EB-83D2-2A6F30F365F1}.Debug|x64.Build.0 = Debug|x64
		{65665C33-037D-43EB-83D2-2A6F30F365F1}.Release|Win32.ActiveCfg = Release|Win32
		{65665C33-037D-43EB-83D2-2A6F30F365F1}.Release|Win32.Build.0 = Release|Win32
		{65665C33-037D-43EB-83D2-2A6F30F365F1}.Release|x64.ActiveCfg = Release|Win32
		{3005A6B4-1334-411D-8DDC-D9E170E77DB1}.Debug|Win32.ActiveCfg = Debug|Win32
		{3005A6B4-1334-411D-8DDC-D9E170E77DB1}.Debug|Win32.Build.0 = Debug|Win32
		{3005A6B4-1334-411D-8DDC-D9E170E77DB1}.Debug|x64.ActiveCfg = Debug|x64
		{3005A6B4-1334-411D-8DDC-D9E170E77DB1}.Debug|x64.Build.0 = Debug|x64
		{3005A6B4-1334-411D-8DDC-D9E170E77DB1}.Release|Win32.ActiveCfg = Release|Win32
		{3005A6B4-1334-411D-8DDC-D9E170E77DB1}.Release|Win32.Build.0 = Release|Win32
		{3005A6B4-1334-411D-8DDC-D9E170E77DB1}.Release|x64.ActiveCfg = Release|Win32
		{CF46B54A-D95E-402E-A4F4-C7727180B125}.Debug|Win32.ActiveCfg = Debug|Win32
		{CF46B54A-D95E-402E-A4F4-C7727180B125}.Debug|Win32.Build.0 = Debug|Win32
		{CF46B54A-D95E-402E-A4F4-C7727180B125}.Debug|x64.ActiveCfg = Debug|x64
		{CF46B54A-D95E-402E-A4F4-C7727180B125}.Debug|x64.Build.0 = Debug|x64
		{CF46B54A-D95E-402E-A4F4-C7727180B125}.Release|Win32.ActiveCfg = Release|Win32
		{CF46B54A-D95E-402E-A4F4-C7727180B125}.Release|Win32.Build.0 = Release|Win32
		{CF46B54A-D95E-402E-A4F4-C7727180B125}.Release|x64.ActiveCfg = Release|Win32
		{07EB02BA-793B-4812-8033-FDB6051B495A}.Debug|Win32.ActiveCfg = Debug|Win32
		{07EB02BA-793B-4812-8033-FDB6051B495A}.Debug|Win32.Build.0 = Debug|Win32
		{07EB02BA-793B-4812-8033-FDB6051B495A}.Debug|x64.ActiveCfg = Debug|x64
		{07EB02BA-793B-4812-8033-FDB6051B495A}.Debug|x64.Build.0 = Debug|x64
		{07EB02BA-793B-4812-8033-FDB6051B495A}.Release|Win32.ActiveCfg = Release|Win32
		{07EB02BA-793B-4812-8033-FDB6051B495A}.Release|Win32.Build.0 = Release|Win32
		{07EB02BA-793B-4812-8033-FDB6051B495A}.Release|x64.ActiveCfg = Release|Win32
	EndGlobalSection
	GlobalSection(SolutionProperties) = preSolution
		HideSolutionNode = FALSE
	EndGlobalSection
EndGlobal
