
Microsoft Visual Studio Solution File, Format Version 12.00
# Visual Studio Version 17
VisualStudioVersion = 17.14.36623.8
MinimumVisualStudioVersion = 10.0.40219.1
Project("{FAE04EC0-301F-11D3-BF4B-00C04F79EFBC}") = "MySharedLibrary", "MySharedLibrary\MySharedLibrary.csproj", "{6D68B94B-8215-44DC-B067-84376570154D}"
EndProject
Project("{2150E333-8FDC-42A3-9474-1A3956D46DE8}") = "!DOC", "!DOC", "{02EA681E-C7D8-13C7-8484-4AC65E1B71E8}"
	ProjectSection(SolutionItems) = preProject
		!DOC\!!!.txt = !DOC\!!!.txt
	EndProjectSection
EndProject
Project("{FAE04EC0-301F-11D3-BF4B-00C04F79EFBC}") = "ServiceBusPublisher", "ServiceBusPublisher\ServiceBusPublisher.csproj", "{69B282E2-D073-4A17-A562-12263D3BF7B0}"
EndProject
Project("{FAE04EC0-301F-11D3-BF4B-00C04F79EFBC}") = "ServiceBusSubscriber", "ServiceBusSubscriber\ServiceBusSubscriber.csproj", "{A886641B-E4C7-45B5-A659-56A915A151D0}"
EndProject
Project("{FAE04EC0-301F-11D3-BF4B-00C04F79EFBC}") = "Constants", "Constants\Constants.csproj", "{3A555401-398B-48FF-82F3-2FC0C273A220}"
EndProject
Project("{FAE04EC0-301F-11D3-BF4B-00C04F79EFBC}") = "ServiceBusManagement", "ServiceBusManagement\ServiceBusManagement.csproj", "{BA57AC86-1272-4EB0-9708-FD8C0BC494DE}"
EndProject
Project("{FAE04EC0-301F-11D3-BF4B-00C04F79EFBC}") = "ServiceBusSubscriberFilter1", "ServiceBusSubscriberFilter1\ServiceBusSubscriberFilter1.csproj", "{3751CDB9-170E-44CD-8274-13047201F78F}"
EndProject
Project("{FAE04EC0-301F-11D3-BF4B-00C04F79EFBC}") = "ServiceBusSubscriberFilter2", "ServiceBusSubscriberFilter2\ServiceBusSubscriberFilter2.csproj", "{D3A36841-D83F-4535-B2E8-B03F11326250}"
EndProject
Project("{FAE04EC0-301F-11D3-BF4B-00C04F79EFBC}") = "ServiceBusPublisherFilter", "ServiceBusPublisherFilter\ServiceBusPublisherFilter.csproj", "{EF2B869A-139B-4CEE-970C-D4227DBD9B82}"
EndProject
Project("{FAE04EC0-301F-11D3-BF4B-00C04F79EFBC}") = "ServiceBusMultipleSubscribers", "ServiceBusMultipleSubscribers\ServiceBusMultipleSubscribers.csproj", "{A489834A-55D3-46CC-A57A-3747D6605FCB}"
EndProject
Project("{FAE04EC0-301F-11D3-BF4B-00C04F79EFBC}") = "ServiceBusMultiplePublishers", "ServiceBusMultiplePublishers\ServiceBusMultiplePublishers.csproj", "{97176BD6-C5C4-4301-9797-39E21D8B09AD}"
EndProject
Global
	GlobalSection(SolutionConfigurationPlatforms) = preSolution
		Debug|Any CPU = Debug|Any CPU
		Release|Any CPU = Release|Any CPU
	EndGlobalSection
	GlobalSection(ProjectConfigurationPlatforms) = postSolution
		{6D68B94B-8215-44DC-B067-84376570154D}.Debug|Any CPU.ActiveCfg = Debug|Any CPU
		{6D68B94B-8215-44DC-B067-84376570154D}.Debug|Any CPU.Build.0 = Debug|Any CPU
		{6D68B94B-8215-44DC-B067-84376570154D}.Release|Any CPU.ActiveCfg = Release|Any CPU
		{6D68B94B-8215-44DC-B067-84376570154D}.Release|Any CPU.Build.0 = Release|Any CPU
		{69B282E2-D073-4A17-A562-12263D3BF7B0}.Debug|Any CPU.ActiveCfg = Debug|Any CPU
		{69B282E2-D073-4A17-A562-12263D3BF7B0}.Debug|Any CPU.Build.0 = Debug|Any CPU
		{69B282E2-D073-4A17-A562-12263D3BF7B0}.Release|Any CPU.ActiveCfg = Release|Any CPU
		{69B282E2-D073-4A17-A562-12263D3BF7B0}.Release|Any CPU.Build.0 = Release|Any CPU
		{A886641B-E4C7-45B5-A659-56A915A151D0}.Debug|Any CPU.ActiveCfg = Debug|Any CPU
		{A886641B-E4C7-45B5-A659-56A915A151D0}.Debug|Any CPU.Build.0 = Debug|Any CPU
		{A886641B-E4C7-45B5-A659-56A915A151D0}.Release|Any CPU.ActiveCfg = Release|Any CPU
		{A886641B-E4C7-45B5-A659-56A915A151D0}.Release|Any CPU.Build.0 = Release|Any CPU
		{3A555401-398B-48FF-82F3-2FC0C273A220}.Debug|Any CPU.ActiveCfg = Debug|Any CPU
		{3A555401-398B-48FF-82F3-2FC0C273A220}.Debug|Any CPU.Build.0 = Debug|Any CPU
		{3A555401-398B-48FF-82F3-2FC0C273A220}.Release|Any CPU.ActiveCfg = Release|Any CPU
		{3A555401-398B-48FF-82F3-2FC0C273A220}.Release|Any CPU.Build.0 = Release|Any CPU
		{BA57AC86-1272-4EB0-9708-FD8C0BC494DE}.Debug|Any CPU.ActiveCfg = Debug|Any CPU
		{BA57AC86-1272-4EB0-9708-FD8C0BC494DE}.Debug|Any CPU.Build.0 = Debug|Any CPU
		{BA57AC86-1272-4EB0-9708-FD8C0BC494DE}.Release|Any CPU.ActiveCfg = Release|Any CPU
		{BA57AC86-1272-4EB0-9708-FD8C0BC494DE}.Release|Any CPU.Build.0 = Release|Any CPU
		{3751CDB9-170E-44CD-8274-13047201F78F}.Debug|Any CPU.ActiveCfg = Debug|Any CPU
		{3751CDB9-170E-44CD-8274-13047201F78F}.Debug|Any CPU.Build.0 = Debug|Any CPU
		{3751CDB9-170E-44CD-8274-13047201F78F}.Release|Any CPU.ActiveCfg = Release|Any CPU
		{3751CDB9-170E-44CD-8274-13047201F78F}.Release|Any CPU.Build.0 = Release|Any CPU
		{D3A36841-D83F-4535-B2E8-B03F11326250}.Debug|Any CPU.ActiveCfg = Debug|Any CPU
		{D3A36841-D83F-4535-B2E8-B03F11326250}.Debug|Any CPU.Build.0 = Debug|Any CPU
		{D3A36841-D83F-4535-B2E8-B03F11326250}.Release|Any CPU.ActiveCfg = Release|Any CPU
		{D3A36841-D83F-4535-B2E8-B03F11326250}.Release|Any CPU.Build.0 = Release|Any CPU
		{EF2B869A-139B-4CEE-970C-D4227DBD9B82}.Debug|Any CPU.ActiveCfg = Debug|Any CPU
		{EF2B869A-139B-4CEE-970C-D4227DBD9B82}.Debug|Any CPU.Build.0 = Debug|Any CPU
		{EF2B869A-139B-4CEE-970C-D4227DBD9B82}.Release|Any CPU.ActiveCfg = Release|Any CPU
		{EF2B869A-139B-4CEE-970C-D4227DBD9B82}.Release|Any CPU.Build.0 = Release|Any CPU
		{A489834A-55D3-46CC-A57A-3747D6605FCB}.Debug|Any CPU.ActiveCfg = Debug|Any CPU
		{A489834A-55D3-46CC-A57A-3747D6605FCB}.Debug|Any CPU.Build.0 = Debug|Any CPU
		{A489834A-55D3-46CC-A57A-3747D6605FCB}.Release|Any CPU.ActiveCfg = Release|Any CPU
		{A489834A-55D3-46CC-A57A-3747D6605FCB}.Release|Any CPU.Build.0 = Release|Any CPU
		{97176BD6-C5C4-4301-9797-39E21D8B09AD}.Debug|Any CPU.ActiveCfg = Debug|Any CPU
		{97176BD6-C5C4-4301-9797-39E21D8B09AD}.Debug|Any CPU.Build.0 = Debug|Any CPU
		{97176BD6-C5C4-4301-9797-39E21D8B09AD}.Release|Any CPU.ActiveCfg = Release|Any CPU
		{97176BD6-C5C4-4301-9797-39E21D8B09AD}.Release|Any CPU.Build.0 = Release|Any CPU
	EndGlobalSection
	GlobalSection(SolutionProperties) = preSolution
		HideSolutionNode = FALSE
	EndGlobalSection
	GlobalSection(ExtensibilityGlobals) = postSolution
		SolutionGuid = {32652765-E7BA-43F6-A3E8-005016C8D04C}
	EndGlobalSection
EndGlobal
