
Microsoft Visual Studio Solution File, Format Version 12.00
# Visual Studio Version 17
VisualStudioVersion = 17.5.33530.505
MinimumVisualStudioVersion = 10.0.40219.1
Project("{8BC9CEB8-8B4A-11D0-8D11-00A0C91BC942}") = "ClassTemplates", "ClassTemplates\ClassTemplates.vcxproj", "{67AA21C9-17DE-471A-9558-26853506D3AF}"
EndProject
Project("{2150E333-8FDC-42A3-9474-1A3956D46DE8}") = "!DOC", "!DOC", "{C6D6610F-D2D1-4539-AC32-C2282D600FD1}"
	ProjectSection(SolutionItems) = preProject
		!DOC\!!!.txt = !DOC\!!!.txt
	EndProjectSection
EndProject
Global
	GlobalSection(SolutionConfigurationPlatforms) = preSolution
		Debug|x64 = Debug|x64
		Release|x64 = Release|x64
	EndGlobalSection
	GlobalSection(ProjectConfigurationPlatforms) = postSolution
		{67AA21C9-17DE-471A-9558-26853506D3AF}.Debug|x64.ActiveCfg = Debug|x64
		{67AA21C9-17DE-471A-9558-26853506D3AF}.Debug|x64.Build.0 = Debug|x64
		{67AA21C9-17DE-471A-9558-26853506D3AF}.Release|x64.ActiveCfg = Release|x64
		{67AA21C9-17DE-471A-9558-26853506D3AF}.Release|x64.Build.0 = Release|x64
	EndGlobalSection
	GlobalSection(SolutionProperties) = preSolution
		HideSolutionNode = FALSE
	EndGlobalSection
	GlobalSection(ExtensibilityGlobals) = postSolution
		SolutionGuid = {0E2AC6C8-F99A-4185-B7CA-8386CE013896}
	EndGlobalSection
EndGlobal
