
Microsoft Visual Studio Solution File, Format Version 11.00
# Visual Studio 2010
Project("{FAE04EC0-301F-11D3-BF4B-00C04F79EFBC}") = "ReceiveContextService", "ReceiveContextService\ReceiveContextService.csproj", "{4A4F1ACC-F676-4207-8EF4-A2EC94E03EB7}"
EndProject
Project("{FAE04EC0-301F-11D3-BF4B-00C04F79EFBC}") = "ReceiveContextClient", "ReceiveContextClient\ReceiveContextClient.csproj", "{F741FD36-1F52-43F7-8F08-9F16BC4A5907}"
EndProject
Global
	GlobalSection(SolutionConfigurationPlatforms) = preSolution
		Debug|Any CPU = Debug|Any CPU
		Debug|x86 = Debug|x86
		Release|Any CPU = Release|Any CPU
		Release|x86 = Release|x86
	EndGlobalSection
	GlobalSection(ProjectConfigurationPlatforms) = postSolution
		{4A4F1ACC-F676-4207-8EF4-A2EC94E03EB7}.Debug|Any CPU.ActiveCfg = Debug|Any CPU
		{4A4F1ACC-F676-4207-8EF4-A2EC94E03EB7}.Debug|Any CPU.Build.0 = Debug|Any CPU
		{4A4F1ACC-F676-4207-8EF4-A2EC94E03EB7}.Debug|x86.ActiveCfg = Debug|x86
		{4A4F1ACC-F676-4207-8EF4-A2EC94E03EB7}.Debug|x86.Build.0 = Debug|x86
		{4A4F1ACC-F676-4207-8EF4-A2EC94E03EB7}.Release|Any CPU.ActiveCfg = Release|Any CPU
		{4A4F1ACC-F676-4207-8EF4-A2EC94E03EB7}.Release|Any CPU.Build.0 = Release|Any CPU
		{4A4F1ACC-F676-4207-8EF4-A2EC94E03EB7}.Release|x86.ActiveCfg = Release|x86
		{4A4F1ACC-F676-4207-8EF4-A2EC94E03EB7}.Release|x86.Build.0 = Release|x86
		{F741FD36-1F52-43F7-8F08-9F16BC4A5907}.Debug|Any CPU.ActiveCfg = Debug|Any CPU
		{F741FD36-1F52-43F7-8F08-9F16BC4A5907}.Debug|Any CPU.Build.0 = Debug|Any CPU
		{F741FD36-1F52-43F7-8F08-9F16BC4A5907}.Debug|x86.ActiveCfg = Debug|x86
		{F741FD36-1F52-43F7-8F08-9F16BC4A5907}.Debug|x86.Build.0 = Debug|x86
		{F741FD36-1F52-43F7-8F08-9F16BC4A5907}.Release|Any CPU.ActiveCfg = Release|Any CPU
		{F741FD36-1F52-43F7-8F08-9F16BC4A5907}.Release|Any CPU.Build.0 = Release|Any CPU
		{F741FD36-1F52-43F7-8F08-9F16BC4A5907}.Release|x86.ActiveCfg = Release|x86
		{F741FD36-1F52-43F7-8F08-9F16BC4A5907}.Release|x86.Build.0 = Release|x86
	EndGlobalSection
	GlobalSection(SolutionProperties) = preSolution
		HideSolutionNode = FALSE
	EndGlobalSection
EndGlobal
