
Microsoft Visual Studio Solution File, Format Version 12.00
# Visual Studio 2013
VisualStudioVersion = 12.0.30110.0
MinimumVisualStudioVersion = 10.0.40219.1
Project("{FAE04EC0-301F-11D3-BF4B-00C04F79EFBC}") = "GCDebugVSReleaseBuild", "GCDebugVSReleaseBuild\GCDebugVSReleaseBuild.csproj", "{169520C4-1611-43F9-8AB9-95849832C3A7}"
EndProject
Project("{FAE04EC0-301F-11D3-BF4B-00C04F79EFBC}") = "FinalizerTest", "FinalizerTest\FinalizerTest.csproj", "{38874C91-74BF-44DA-98F8-A16F1A449FB9}"
EndProject
Project("{FAE04EC0-301F-11D3-BF4B-00C04F79EFBC}") = "ObjectDisposing", "ObjectDisposing\ObjectDisposing.csproj", "{FAB94169-1D36-4688-94E9-412132C47743}"
EndProject
Project("{FAE04EC0-301F-11D3-BF4B-00C04F79EFBC}") = "GCHandles", "GCHandles\GCHandles.csproj", "{6B27BEEB-D3E5-4AC6-80A5-FDC274F4BC19}"
	ProjectSection(ProjectDependencies) = postProject
		{CEA4E106-83CE-4517-B356-BFB7B8BF2BD9} = {CEA4E106-83CE-4517-B356-BFB7B8BF2BD9}
	EndProjectSection
EndProject
Project("{8BC9CEB8-8B4A-11D0-8D11-00A0C91BC942}") = "MyUnmanagedLibrary", "MyUnmanagedLibrary\MyUnmanagedLibrary.vcxproj", "{CEA4E106-83CE-4517-B356-BFB7B8BF2BD9}"
EndProject
Project("{2150E333-8FDC-42A3-9474-1A3956D46DE8}") = "!DOC", "!DOC", "{4B7B72A2-7112-4FDB-AF25-41C00AAAEE59}"
	ProjectSection(SolutionItems) = preProject
		!!!.txt = !!!.txt
	EndProjectSection
EndProject
Project("{FAE04EC0-301F-11D3-BF4B-00C04F79EFBC}") = "GC", "GC\GC.csproj", "{90136191-1ED7-4707-859E-0A2D2AAFA444}"
EndProject
Global
	GlobalSection(SolutionConfigurationPlatforms) = preSolution
		Debug|Any CPU = Debug|Any CPU
		Debug|Mixed Platforms = Debug|Mixed Platforms
		Debug|Win32 = Debug|Win32
		Debug|x86 = Debug|x86
		Release|Any CPU = Release|Any CPU
		Release|Mixed Platforms = Release|Mixed Platforms
		Release|Win32 = Release|Win32
		Release|x86 = Release|x86
	EndGlobalSection
	GlobalSection(ProjectConfigurationPlatforms) = postSolution
		{169520C4-1611-43F9-8AB9-95849832C3A7}.Debug|Any CPU.ActiveCfg = Debug|Any CPU
		{169520C4-1611-43F9-8AB9-95849832C3A7}.Debug|Any CPU.Build.0 = Debug|Any CPU
		{169520C4-1611-43F9-8AB9-95849832C3A7}.Debug|Mixed Platforms.ActiveCfg = Debug|Any CPU
		{169520C4-1611-43F9-8AB9-95849832C3A7}.Debug|Mixed Platforms.Build.0 = Debug|Any CPU
		{169520C4-1611-43F9-8AB9-95849832C3A7}.Debug|Win32.ActiveCfg = Debug|Any CPU
		{169520C4-1611-43F9-8AB9-95849832C3A7}.Debug|x86.ActiveCfg = Debug|x86
		{169520C4-1611-43F9-8AB9-95849832C3A7}.Debug|x86.Build.0 = Debug|x86
		{169520C4-1611-43F9-8AB9-95849832C3A7}.Release|Any CPU.ActiveCfg = Release|Any CPU
		{169520C4-1611-43F9-8AB9-95849832C3A7}.Release|Any CPU.Build.0 = Release|Any CPU
		{169520C4-1611-43F9-8AB9-95849832C3A7}.Release|Mixed Platforms.ActiveCfg = Release|Any CPU
		{169520C4-1611-43F9-8AB9-95849832C3A7}.Release|Mixed Platforms.Build.0 = Release|Any CPU
		{169520C4-1611-43F9-8AB9-95849832C3A7}.Release|Win32.ActiveCfg = Release|Any CPU
		{169520C4-1611-43F9-8AB9-95849832C3A7}.Release|x86.ActiveCfg = Release|x86
		{169520C4-1611-43F9-8AB9-95849832C3A7}.Release|x86.Build.0 = Release|x86
		{38874C91-74BF-44DA-98F8-A16F1A449FB9}.Debug|Any CPU.ActiveCfg = Debug|Any CPU
		{38874C91-74BF-44DA-98F8-A16F1A449FB9}.Debug|Any CPU.Build.0 = Debug|Any CPU
		{38874C91-74BF-44DA-98F8-A16F1A449FB9}.Debug|Mixed Platforms.ActiveCfg = Debug|Any CPU
		{38874C91-74BF-44DA-98F8-A16F1A449FB9}.Debug|Mixed Platforms.Build.0 = Debug|Any CPU
		{38874C91-74BF-44DA-98F8-A16F1A449FB9}.Debug|Win32.ActiveCfg = Debug|Any CPU
		{38874C91-74BF-44DA-98F8-A16F1A449FB9}.Debug|x86.ActiveCfg = Debug|x86
		{38874C91-74BF-44DA-98F8-A16F1A449FB9}.Debug|x86.Build.0 = Debug|x86
		{38874C91-74BF-44DA-98F8-A16F1A449FB9}.Release|Any CPU.ActiveCfg = Release|Any CPU
		{38874C91-74BF-44DA-98F8-A16F1A449FB9}.Release|Any CPU.Build.0 = Release|Any CPU
		{38874C91-74BF-44DA-98F8-A16F1A449FB9}.Release|Mixed Platforms.ActiveCfg = Release|Any CPU
		{38874C91-74BF-44DA-98F8-A16F1A449FB9}.Release|Mixed Platforms.Build.0 = Release|Any CPU
		{38874C91-74BF-44DA-98F8-A16F1A449FB9}.Release|Win32.ActiveCfg = Release|Any CPU
		{38874C91-74BF-44DA-98F8-A16F1A449FB9}.Release|x86.ActiveCfg = Release|x86
		{38874C91-74BF-44DA-98F8-A16F1A449FB9}.Release|x86.Build.0 = Release|x86
		{FAB94169-1D36-4688-94E9-412132C47743}.Debug|Any CPU.ActiveCfg = Debug|Any CPU
		{FAB94169-1D36-4688-94E9-412132C47743}.Debug|Any CPU.Build.0 = Debug|Any CPU
		{FAB94169-1D36-4688-94E9-412132C47743}.Debug|Mixed Platforms.ActiveCfg = Debug|Any CPU
		{FAB94169-1D36-4688-94E9-412132C47743}.Debug|Mixed Platforms.Build.0 = Debug|Any CPU
		{FAB94169-1D36-4688-94E9-412132C47743}.Debug|Win32.ActiveCfg = Debug|Any CPU
		{FAB94169-1D36-4688-94E9-412132C47743}.Debug|x86.ActiveCfg = Debug|x86
		{FAB94169-1D36-4688-94E9-412132C47743}.Debug|x86.Build.0 = Debug|x86
		{FAB94169-1D36-4688-94E9-412132C47743}.Release|Any CPU.ActiveCfg = Release|Any CPU
		{FAB94169-1D36-4688-94E9-412132C47743}.Release|Any CPU.Build.0 = Release|Any CPU
		{FAB94169-1D36-4688-94E9-412132C47743}.Release|Mixed Platforms.ActiveCfg = Release|Any CPU
		{FAB94169-1D36-4688-94E9-412132C47743}.Release|Mixed Platforms.Build.0 = Release|Any CPU
		{FAB94169-1D36-4688-94E9-412132C47743}.Release|Win32.ActiveCfg = Release|Any CPU
		{FAB94169-1D36-4688-94E9-412132C47743}.Release|x86.ActiveCfg = Release|x86
		{FAB94169-1D36-4688-94E9-412132C47743}.Release|x86.Build.0 = Release|x86
		{6B27BEEB-D3E5-4AC6-80A5-FDC274F4BC19}.Debug|Any CPU.ActiveCfg = Debug|Any CPU
		{6B27BEEB-D3E5-4AC6-80A5-FDC274F4BC19}.Debug|Any CPU.Build.0 = Debug|Any CPU
		{6B27BEEB-D3E5-4AC6-80A5-FDC274F4BC19}.Debug|Mixed Platforms.ActiveCfg = Debug|Any CPU
		{6B27BEEB-D3E5-4AC6-80A5-FDC274F4BC19}.Debug|Mixed Platforms.Build.0 = Debug|Any CPU
		{6B27BEEB-D3E5-4AC6-80A5-FDC274F4BC19}.Debug|Win32.ActiveCfg = Debug|Any CPU
		{6B27BEEB-D3E5-4AC6-80A5-FDC274F4BC19}.Debug|x86.ActiveCfg = Debug|x86
		{6B27BEEB-D3E5-4AC6-80A5-FDC274F4BC19}.Debug|x86.Build.0 = Debug|x86
		{6B27BEEB-D3E5-4AC6-80A5-FDC274F4BC19}.Release|Any CPU.ActiveCfg = Release|Any CPU
		{6B27BEEB-D3E5-4AC6-80A5-FDC274F4BC19}.Release|Any CPU.Build.0 = Release|Any CPU
		{6B27BEEB-D3E5-4AC6-80A5-FDC274F4BC19}.Release|Mixed Platforms.ActiveCfg = Release|Any CPU
		{6B27BEEB-D3E5-4AC6-80A5-FDC274F4BC19}.Release|Mixed Platforms.Build.0 = Release|Any CPU
		{6B27BEEB-D3E5-4AC6-80A5-FDC274F4BC19}.Release|Win32.ActiveCfg = Release|Any CPU
		{6B27BEEB-D3E5-4AC6-80A5-FDC274F4BC19}.Release|x86.ActiveCfg = Release|x86
		{6B27BEEB-D3E5-4AC6-80A5-FDC274F4BC19}.Release|x86.Build.0 = Release|x86
		{CEA4E106-83CE-4517-B356-BFB7B8BF2BD9}.Debug|Any CPU.ActiveCfg = Debug|Win32
		{CEA4E106-83CE-4517-B356-BFB7B8BF2BD9}.Debug|Mixed Platforms.ActiveCfg = Debug|x64
		{CEA4E106-83CE-4517-B356-BFB7B8BF2BD9}.Debug|Mixed Platforms.Build.0 = Debug|x64
		{CEA4E106-83CE-4517-B356-BFB7B8BF2BD9}.Debug|Win32.ActiveCfg = Debug|Win32
		{CEA4E106-83CE-4517-B356-BFB7B8BF2BD9}.Debug|Win32.Build.0 = Debug|Win32
		{CEA4E106-83CE-4517-B356-BFB7B8BF2BD9}.Debug|x86.ActiveCfg = Debug|Win32
		{CEA4E106-83CE-4517-B356-BFB7B8BF2BD9}.Release|Any CPU.ActiveCfg = Release|Win32
		{CEA4E106-83CE-4517-B356-BFB7B8BF2BD9}.Release|Mixed Platforms.ActiveCfg = Release|x64
		{CEA4E106-83CE-4517-B356-BFB7B8BF2BD9}.Release|Mixed Platforms.Build.0 = Release|x64
		{CEA4E106-83CE-4517-B356-BFB7B8BF2BD9}.Release|Win32.ActiveCfg = Release|Win32
		{CEA4E106-83CE-4517-B356-BFB7B8BF2BD9}.Release|Win32.Build.0 = Release|Win32
		{CEA4E106-83CE-4517-B356-BFB7B8BF2BD9}.Release|x86.ActiveCfg = Release|Win32
		{90136191-1ED7-4707-859E-0A2D2AAFA444}.Debug|Any CPU.ActiveCfg = Debug|Any CPU
		{90136191-1ED7-4707-859E-0A2D2AAFA444}.Debug|Any CPU.Build.0 = Debug|Any CPU
		{90136191-1ED7-4707-859E-0A2D2AAFA444}.Debug|Mixed Platforms.ActiveCfg = Debug|Any CPU
		{90136191-1ED7-4707-859E-0A2D2AAFA444}.Debug|Mixed Platforms.Build.0 = Debug|Any CPU
		{90136191-1ED7-4707-859E-0A2D2AAFA444}.Debug|Win32.ActiveCfg = Debug|Any CPU
		{90136191-1ED7-4707-859E-0A2D2AAFA444}.Debug|x86.ActiveCfg = Debug|Any CPU
		{90136191-1ED7-4707-859E-0A2D2AAFA444}.Release|Any CPU.ActiveCfg = Release|Any CPU
		{90136191-1ED7-4707-859E-0A2D2AAFA444}.Release|Any CPU.Build.0 = Release|Any CPU
		{90136191-1ED7-4707-859E-0A2D2AAFA444}.Release|Mixed Platforms.ActiveCfg = Release|Any CPU
		{90136191-1ED7-4707-859E-0A2D2AAFA444}.Release|Mixed Platforms.Build.0 = Release|Any CPU
		{90136191-1ED7-4707-859E-0A2D2AAFA444}.Release|Win32.ActiveCfg = Release|Any CPU
		{90136191-1ED7-4707-859E-0A2D2AAFA444}.Release|x86.ActiveCfg = Release|Any CPU
	EndGlobalSection
	GlobalSection(SolutionProperties) = preSolution
		HideSolutionNode = FALSE
	EndGlobalSection
EndGlobal
