
Microsoft Visual Studio Solution File, Format Version 11.00
# Visual Studio 2010
Project("{FAE04EC0-301F-11D3-BF4B-00C04F79EFBC}") = "MessageSecurityLibrary", "MessageSecurityLibrary\MessageSecurityLibrary.csproj", "{3663F66F-B057-4F59-9203-DF1B42C7FFCD}"
EndProject
Project("{FAE04EC0-301F-11D3-BF4B-00C04F79EFBC}") = "MessageSecurityService", "MessageSecurityService\MessageSecurityService.csproj", "{6F1C898A-646D-45E7-B8D6-0B3A28F59EFD}"
EndProject
Project("{FAE04EC0-301F-11D3-BF4B-00C04F79EFBC}") = "MessageSecurityClient", "MessageSecurityClient\MessageSecurityClient.csproj", "{EB97203A-FBC8-4185-A58B-6A1E3D25737C}"
EndProject
Global
	GlobalSection(SolutionConfigurationPlatforms) = preSolution
		Debug|Any CPU = Debug|Any CPU
		Release|Any CPU = Release|Any CPU
	EndGlobalSection
	GlobalSection(ProjectConfigurationPlatforms) = postSolution
		{3663F66F-B057-4F59-9203-DF1B42C7FFCD}.Debug|Any CPU.ActiveCfg = Debug|Any CPU
		{3663F66F-B057-4F59-9203-DF1B42C7FFCD}.Debug|Any CPU.Build.0 = Debug|Any CPU
		{3663F66F-B057-4F59-9203-DF1B42C7FFCD}.Release|Any CPU.ActiveCfg = Release|Any CPU
		{3663F66F-B057-4F59-9203-DF1B42C7FFCD}.Release|Any CPU.Build.0 = Release|Any CPU
		{6F1C898A-646D-45E7-B8D6-0B3A28F59EFD}.Debug|Any CPU.ActiveCfg = Debug|Any CPU
		{6F1C898A-646D-45E7-B8D6-0B3A28F59EFD}.Debug|Any CPU.Build.0 = Debug|Any CPU
		{6F1C898A-646D-45E7-B8D6-0B3A28F59EFD}.Release|Any CPU.ActiveCfg = Release|Any CPU
		{6F1C898A-646D-45E7-B8D6-0B3A28F59EFD}.Release|Any CPU.Build.0 = Release|Any CPU
		{EB97203A-FBC8-4185-A58B-6A1E3D25737C}.Debug|Any CPU.ActiveCfg = Debug|Any CPU
		{EB97203A-FBC8-4185-A58B-6A1E3D25737C}.Debug|Any CPU.Build.0 = Debug|Any CPU
		{EB97203A-FBC8-4185-A58B-6A1E3D25737C}.Release|Any CPU.ActiveCfg = Release|Any CPU
		{EB97203A-FBC8-4185-A58B-6A1E3D25737C}.Release|Any CPU.Build.0 = Release|Any CPU
	EndGlobalSection
	GlobalSection(SolutionProperties) = preSolution
		HideSolutionNode = FALSE
	EndGlobalSection
EndGlobal
