
Microsoft Visual Studio Solution File, Format Version 10.00
# Visual Studio 2008
Project("{FAE04EC0-301F-11D3-BF4B-00C04F79EFBC}") = "CustomPanels", "CustomPanels\CustomPanels.csproj", "{9057DB77-A56B-45FC-A037-4C72609CC098}"
EndProject
Project("{FAE04EC0-301F-11D3-BF4B-00C04F79EFBC}") = "PanelWithAttachedProperty", "PanelWithAttachedProperty\PanelWithAttachedProperty.csproj", "{0EED5B4B-B1D8-433B-972E-D44C38CAF42A}"
EndProject
Project("{FAE04EC0-301F-11D3-BF4B-00C04F79EFBC}") = "PanelNotDerivedFromPanel", "PanelNotDerivedFromPanel\PanelNotDerivedFromPanel.csproj", "{C0EAA9BF-A492-4A46-A329-8DF5467B4EDB}"
EndProject
Project("{FAE04EC0-301F-11D3-BF4B-00C04F79EFBC}") = "RadialPanel", "RadialPanel\RadialPanel.csproj", "{3AEE3946-ADE7-4101-A602-64924CD7FE17}"
EndProject
Global
	GlobalSection(SolutionConfigurationPlatforms) = preSolution
		Debug|Any CPU = Debug|Any CPU
		Release|Any CPU = Release|Any CPU
	EndGlobalSection
	GlobalSection(ProjectConfigurationPlatforms) = postSolution
		{9057DB77-A56B-45FC-A037-4C72609CC098}.Debug|Any CPU.ActiveCfg = Debug|Any CPU
		{9057DB77-A56B-45FC-A037-4C72609CC098}.Debug|Any CPU.Build.0 = Debug|Any CPU
		{9057DB77-A56B-45FC-A037-4C72609CC098}.Release|Any CPU.ActiveCfg = Release|Any CPU
		{9057DB77-A56B-45FC-A037-4C72609CC098}.Release|Any CPU.Build.0 = Release|Any CPU
		{0EED5B4B-B1D8-433B-972E-D44C38CAF42A}.Debug|Any CPU.ActiveCfg = Debug|Any CPU
		{0EED5B4B-B1D8-433B-972E-D44C38CAF42A}.Debug|Any CPU.Build.0 = Debug|Any CPU
		{0EED5B4B-B1D8-433B-972E-D44C38CAF42A}.Release|Any CPU.ActiveCfg = Release|Any CPU
		{0EED5B4B-B1D8-433B-972E-D44C38CAF42A}.Release|Any CPU.Build.0 = Release|Any CPU
		{C0EAA9BF-A492-4A46-A329-8DF5467B4EDB}.Debug|Any CPU.ActiveCfg = Debug|Any CPU
		{C0EAA9BF-A492-4A46-A329-8DF5467B4EDB}.Debug|Any CPU.Build.0 = Debug|Any CPU
		{C0EAA9BF-A492-4A46-A329-8DF5467B4EDB}.Release|Any CPU.ActiveCfg = Release|Any CPU
		{C0EAA9BF-A492-4A46-A329-8DF5467B4EDB}.Release|Any CPU.Build.0 = Release|Any CPU
		{3AEE3946-ADE7-4101-A602-64924CD7FE17}.Debug|Any CPU.ActiveCfg = Debug|Any CPU
		{3AEE3946-ADE7-4101-A602-64924CD7FE17}.Debug|Any CPU.Build.0 = Debug|Any CPU
		{3AEE3946-ADE7-4101-A602-64924CD7FE17}.Release|Any CPU.ActiveCfg = Release|Any CPU
		{3AEE3946-ADE7-4101-A602-64924CD7FE17}.Release|Any CPU.Build.0 = Release|Any CPU
	EndGlobalSection
	GlobalSection(SolutionProperties) = preSolution
		HideSolutionNode = FALSE
	EndGlobalSection
EndGlobal
