
Microsoft Visual Studio Solution File, Format Version 11.00
# Visual Studio 2010
Project("{FAE04EC0-301F-11D3-BF4B-00C04F79EFBC}") = "DiscoverySharedLibrary", "DiscoverySharedLibrary\DiscoverySharedLibrary.csproj", "{849F2FEE-723F-4E47-99FA-1C2281EA4FC6}"
EndProject
Project("{FAE04EC0-301F-11D3-BF4B-00C04F79EFBC}") = "DiscoveryServiceTest", "DiscoveryServiceTest\DiscoveryServiceTest.csproj", "{ED170F5F-4D79-422A-9C33-7FBA7C2DC80F}"
EndProject
Project("{FAE04EC0-301F-11D3-BF4B-00C04F79EFBC}") = "DiscoveryClientTest", "DiscoveryClientTest\DiscoveryClientTest.csproj", "{58E84D3B-16AB-478F-89CF-352698740D1C}"
EndProject
Global
	GlobalSection(SolutionConfigurationPlatforms) = preSolution
		Debug|Any CPU = Debug|Any CPU
		Debug|Mixed Platforms = Debug|Mixed Platforms
		Debug|x86 = Debug|x86
		Release|Any CPU = Release|Any CPU
		Release|Mixed Platforms = Release|Mixed Platforms
		Release|x86 = Release|x86
	EndGlobalSection
	GlobalSection(ProjectConfigurationPlatforms) = postSolution
		{849F2FEE-723F-4E47-99FA-1C2281EA4FC6}.Debug|Any CPU.ActiveCfg = Debug|Any CPU
		{849F2FEE-723F-4E47-99FA-1C2281EA4FC6}.Debug|Any CPU.Build.0 = Debug|Any CPU
		{849F2FEE-723F-4E47-99FA-1C2281EA4FC6}.Debug|Mixed Platforms.ActiveCfg = Debug|Any CPU
		{849F2FEE-723F-4E47-99FA-1C2281EA4FC6}.Debug|Mixed Platforms.Build.0 = Debug|Any CPU
		{849F2FEE-723F-4E47-99FA-1C2281EA4FC6}.Debug|x86.ActiveCfg = Debug|Any CPU
		{849F2FEE-723F-4E47-99FA-1C2281EA4FC6}.Release|Any CPU.ActiveCfg = Release|Any CPU
		{849F2FEE-723F-4E47-99FA-1C2281EA4FC6}.Release|Any CPU.Build.0 = Release|Any CPU
		{849F2FEE-723F-4E47-99FA-1C2281EA4FC6}.Release|Mixed Platforms.ActiveCfg = Release|Any CPU
		{849F2FEE-723F-4E47-99FA-1C2281EA4FC6}.Release|Mixed Platforms.Build.0 = Release|Any CPU
		{849F2FEE-723F-4E47-99FA-1C2281EA4FC6}.Release|x86.ActiveCfg = Release|Any CPU
		{ED170F5F-4D79-422A-9C33-7FBA7C2DC80F}.Debug|Any CPU.ActiveCfg = Debug|Any CPU
		{ED170F5F-4D79-422A-9C33-7FBA7C2DC80F}.Debug|Any CPU.Build.0 = Debug|Any CPU
		{ED170F5F-4D79-422A-9C33-7FBA7C2DC80F}.Debug|Mixed Platforms.ActiveCfg = Debug|x86
		{ED170F5F-4D79-422A-9C33-7FBA7C2DC80F}.Debug|Mixed Platforms.Build.0 = Debug|x86
		{ED170F5F-4D79-422A-9C33-7FBA7C2DC80F}.Debug|x86.ActiveCfg = Debug|x86
		{ED170F5F-4D79-422A-9C33-7FBA7C2DC80F}.Debug|x86.Build.0 = Debug|x86
		{ED170F5F-4D79-422A-9C33-7FBA7C2DC80F}.Release|Any CPU.ActiveCfg = Release|x86
		{ED170F5F-4D79-422A-9C33-7FBA7C2DC80F}.Release|Mixed Platforms.ActiveCfg = Release|x86
		{ED170F5F-4D79-422A-9C33-7FBA7C2DC80F}.Release|Mixed Platforms.Build.0 = Release|x86
		{ED170F5F-4D79-422A-9C33-7FBA7C2DC80F}.Release|x86.ActiveCfg = Release|x86
		{ED170F5F-4D79-422A-9C33-7FBA7C2DC80F}.Release|x86.Build.0 = Release|x86
		{58E84D3B-16AB-478F-89CF-352698740D1C}.Debug|Any CPU.ActiveCfg = Debug|Any CPU
		{58E84D3B-16AB-478F-89CF-352698740D1C}.Debug|Any CPU.Build.0 = Debug|Any CPU
		{58E84D3B-16AB-478F-89CF-352698740D1C}.Debug|Mixed Platforms.ActiveCfg = Debug|x86
		{58E84D3B-16AB-478F-89CF-352698740D1C}.Debug|Mixed Platforms.Build.0 = Debug|x86
		{58E84D3B-16AB-478F-89CF-352698740D1C}.Debug|x86.ActiveCfg = Debug|x86
		{58E84D3B-16AB-478F-89CF-352698740D1C}.Debug|x86.Build.0 = Debug|x86
		{58E84D3B-16AB-478F-89CF-352698740D1C}.Release|Any CPU.ActiveCfg = Release|x86
		{58E84D3B-16AB-478F-89CF-352698740D1C}.Release|Mixed Platforms.ActiveCfg = Release|x86
		{58E84D3B-16AB-478F-89CF-352698740D1C}.Release|Mixed Platforms.Build.0 = Release|x86
		{58E84D3B-16AB-478F-89CF-352698740D1C}.Release|x86.ActiveCfg = Release|x86
		{58E84D3B-16AB-478F-89CF-352698740D1C}.Release|x86.Build.0 = Release|x86
	EndGlobalSection
	GlobalSection(SolutionProperties) = preSolution
		HideSolutionNode = FALSE
	EndGlobalSection
EndGlobal
