<?xml version="1.0" encoding="utf-8"?>
<Project ToolsVersion="4.0" xmlns="http://schemas.microsoft.com/developer/msbuild/2003">
  <ItemGroup>
    <Filter Include="Source Files">
      <UniqueIdentifier>{4FC737F1-C7A5-4376-A066-2A32D752A2FF}</UniqueIdentifier>
      <Extensions>cpp;c;cc;cxx;c++;cppm;ixx;def;odl;idl;hpj;bat;asm;asmx</Extensions>
    </Filter>
    <Filter Include="Header Files">
      <UniqueIdentifier>{93995380-89BD-4b04-88EB-625FBE52EBFB}</UniqueIdentifier>
      <Extensions>h;hh;hpp;hxx;h++;hm;inl;inc;ipp;xsd</Extensions>
    </Filter>
    <Filter Include="Resource Files">
      <UniqueIdentifier>{67DA6AB6-F800-4c08-8B7A-83BB121AAD01}</UniqueIdentifier>
      <Extensions>rc;ico;cur;bmp;dlg;rc2;rct;bin;rgs;gif;jpg;jpeg;jpe;resx;tiff;tif;png;wav;mfcribbon-ms</Extensions>
    </Filter>
  </ItemGroup>
  <ItemGroup>
    <ClCompile Include="TemplatesAndInheritance.cpp">
      <Filter>Source Files</Filter>
    </ClCompile>
    <ClCompile Include="CException.cpp">
      <Filter>Source Files</Filter>
    </ClCompile>
    <ClCompile Include="CString.cpp">
      <Filter>Source Files</Filter>
    </ClCompile>
    <ClCompile Include="MyDebug.cpp">
      <Filter>Source Files</Filter>
    </ClCompile>
    <ClCompile Include="CCRTPAndRestrictedTemplateExpansionDerived.cpp">
      <Filter>Source Files</Filter>
    </ClCompile>
    <ClCompile Include="CNonFriendFunctionClass.cpp">
      <Filter>Source Files</Filter>
    </ClCompile>
    <ClCompile Include="CCRTPFacadePatternDerived.cpp">
      <Filter>Source Files</Filter>
    </ClCompile>
    <ClCompile Include="CCRTPFacadePatternHiddenInterfaceDerived.cpp">
      <Filter>Source Files</Filter>
    </ClCompile>
    <ClCompile Include="CCRTPFacadePatternAdapterDerived.cpp">
      <Filter>Source Files</Filter>
    </ClCompile>
    <ClCompile Include="CMixinClassMixinsAdditionalData1.cpp">
      <Filter>Source Files</Filter>
    </ClCompile>
    <ClCompile Include="CMixinClassMixinsAdditionalData2.cpp">
      <Filter>Source Files</Filter>
    </ClCompile>
    <ClCompile Include="CMixinVirtualityClassNonVirtual.cpp">
      <Filter>Source Files</Filter>
    </ClCompile>
    <ClCompile Include="CMixinVirtualityClassVirtual.cpp">
      <Filter>Source Files</Filter>
    </ClCompile>
    <ClCompile Include="CTemplateClassInheritanceDerived.cpp">
      <Filter>Source Files</Filter>
    </ClCompile>
    <ClCompile Include="CNamedTemplateArgumentsPolicies.cpp">
      <Filter>Source Files</Filter>
    </ClCompile>
  </ItemGroup>
  <ItemGroup>
    <ClInclude Include="CException.h">
      <Filter>Header Files</Filter>
    </ClInclude>
    <ClInclude Include="CString.h">
      <Filter>Header Files</Filter>
    </ClInclude>
    <ClInclude Include="MyDebug.h">
      <Filter>Header Files</Filter>
    </ClInclude>
    <ClInclude Include="CEmptyClass.h">
      <Filter>Header Files</Filter>
    </ClInclude>
    <ClInclude Include="CEmptyBaseClassOptimization.h">
      <Filter>Header Files</Filter>
    </ClInclude>
    <ClInclude Include="CEmptyBaseClassOptimizationMember1.h">
      <Filter>Header Files</Filter>
    </ClInclude>
    <ClInclude Include="CEmptyBaseClassOptimizationMember2.h">
      <Filter>Header Files</Filter>
    </ClInclude>
    <ClInclude Include="CCRTPObjectCounterBase.h">
      <Filter>Header Files</Filter>
    </ClInclude>
    <ClInclude Include="CCRTPObjectCounterDerived.h">
      <Filter>Header Files</Filter>
    </ClInclude>
    <ClInclude Include="CRestrictedTemplateExpansion.h">
      <Filter>Header Files</Filter>
    </ClInclude>
    <ClInclude Include="CCRTPAndRestrictedTemplateExpansionBase.h">
      <Filter>Header Files</Filter>
    </ClInclude>
    <ClInclude Include="CCRTPAndRestrictedTemplateExpansionDerived.h">
      <Filter>Header Files</Filter>
    </ClInclude>
    <ClInclude Include="CNonFriendFunctionClass.h">
      <Filter>Header Files</Filter>
    </ClInclude>
    <ClInclude Include="CCRTPFacadePatternBase.h">
      <Filter>Header Files</Filter>
    </ClInclude>
    <ClInclude Include="CCRTPFacadePatternDerived.h">
      <Filter>Header Files</Filter>
    </ClInclude>
    <ClInclude Include="CCRTPFacadePatternHiddenInterfaceBase.h">
      <Filter>Header Files</Filter>
    </ClInclude>
    <ClInclude Include="CCRTPFacadePatternHiddenInterfaceDerived.h">
      <Filter>Header Files</Filter>
    </ClInclude>
    <ClInclude Include="CCRTPFacadePatternHiddenInterfaceInterface.h">
      <Filter>Header Files</Filter>
    </ClInclude>
    <ClInclude Include="CCRTPFacadePatternAdapterBase.h">
      <Filter>Header Files</Filter>
    </ClInclude>
    <ClInclude Include="CCRTPFacadePatternAdapterInterface.h">
      <Filter>Header Files</Filter>
    </ClInclude>
    <ClInclude Include="CCRTPFacadePatternAdapterDerived.h">
      <Filter>Header Files</Filter>
    </ClInclude>
    <ClInclude Include="CMixinClassMixins.h">
      <Filter>Header Files</Filter>
    </ClInclude>
    <ClInclude Include="CMixinClassMixinsAdditionalData1.h">
      <Filter>Header Files</Filter>
    </ClInclude>
    <ClInclude Include="CMixinClassMixinsAdditionalData2.h">
      <Filter>Header Files</Filter>
    </ClInclude>
    <ClInclude Include="CMixinClassMixinsWithCRTP.h">
      <Filter>Header Files</Filter>
    </ClInclude>
    <ClInclude Include="CMixinClassMixinsWithCRTPAdditionalData1.h">
      <Filter>Header Files</Filter>
    </ClInclude>
    <ClInclude Include="CMixinClassMixinsWithCRTPAdditionalData2.h">
      <Filter>Header Files</Filter>
    </ClInclude>
    <ClInclude Include="CMixinVirtualityClassNonVirtual.h">
      <Filter>Header Files</Filter>
    </ClInclude>
    <ClInclude Include="CMixinVirtualityClassVirtual.h">
      <Filter>Header Files</Filter>
    </ClInclude>
    <ClInclude Include="CMixinVirtualityMixinBase.h">
      <Filter>Header Files</Filter>
    </ClInclude>
    <ClInclude Include="CMixinVirtualityMixinDerived.h">
      <Filter>Header Files</Filter>
    </ClInclude>
    <ClInclude Include="CTemplateClassInheritanceBase.h">
      <Filter>Header Files</Filter>
    </ClInclude>
    <ClInclude Include="CTemplateClassInheritanceDerived.h">
      <Filter>Header Files</Filter>
    </ClInclude>
    <ClInclude Include="CNamedTemplateArgumentsTest.h">
      <Filter>Header Files</Filter>
    </ClInclude>
    <ClInclude Include="CNamedTemplateArgumentsPolicies.h">
      <Filter>Header Files</Filter>
    </ClInclude>
    <ClInclude Include="CNamedTemplateArgumentsDefaultPolicies.h">
      <Filter>Header Files</Filter>
    </ClInclude>
    <ClInclude Include="CNamedTemplateArgumentsDiscriminator.h">
      <Filter>Header Files</Filter>
    </ClInclude>
    <ClInclude Include="CNamedTemplateArgumentsPolicySelector.h">
      <Filter>Header Files</Filter>
    </ClInclude>
    <ClInclude Include="CNamedTemplateArgumentsDefaultPolicyArguments.h">
      <Filter>Header Files</Filter>
    </ClInclude>
    <ClInclude Include="CNamedTemplateArgumentsUsePolicies.h">
      <Filter>Header Files</Filter>
    </ClInclude>
  </ItemGroup>
</Project>