
Microsoft Visual Studio Solution File, Format Version 12.00
# Visual Studio 15
VisualStudioVersion = 15.0.27004.2002
MinimumVisualStudioVersion = 10.0.40219.1
Project("{8BC9CEB8-8B4A-11D0-8D11-00A0C91BC942}") = "Classes", "Classes\Classes.vcxproj", "{F573CF3B-2D64-41E6-A823-E69D04318E54}"
EndProject
Project("{2150E333-8FDC-42A3-9474-1A3956D46DE8}") = "!DOC", "!DOC", "{68E38B13-CC5D-4A93-AA03-948C858DA8A4}"
	ProjectSection(SolutionItems) = preProject
		!DOC\!!!.txt = !DOC\!!!.txt
	EndProjectSection
EndProject
Global
	GlobalSection(SolutionConfigurationPlatforms) = preSolution
		Debug|x64 = Debug|x64
		Release|x64 = Release|x64
	EndGlobalSection
	GlobalSection(ProjectConfigurationPlatforms) = postSolution
		{F573CF3B-2D64-41E6-A823-E69D04318E54}.Debug|x64.ActiveCfg = Debug|x64
		{F573CF3B-2D64-41E6-A823-E69D04318E54}.Debug|x64.Build.0 = Debug|x64
		{F573CF3B-2D64-41E6-A823-E69D04318E54}.Release|x64.ActiveCfg = Release|x64
		{F573CF3B-2D64-41E6-A823-E69D04318E54}.Release|x64.Build.0 = Release|x64
	EndGlobalSection
	GlobalSection(SolutionProperties) = preSolution
		HideSolutionNode = FALSE
	EndGlobalSection
	GlobalSection(ExtensibilityGlobals) = postSolution
		SolutionGuid = {8D4E3197-6811-4725-8FCA-25A851A9B412}
	EndGlobalSection
EndGlobal
