
Microsoft Visual Studio Solution File, Format Version 12.00
# Visual Studio 2013
VisualStudioVersion = 12.0.21005.1
MinimumVisualStudioVersion = 10.0.40219.1
Project("{2150E333-8FDC-42A3-9474-1A3956D46DE8}") = "!DOC", "!DOC", "{C113E3C3-C90C-4AAF-B807-C15936E63E5D}"
	ProjectSection(SolutionItems) = preProject
		!!!.txt = !!!.txt
	EndProjectSection
EndProject
Project("{2150E333-8FDC-42A3-9474-1A3956D46DE8}") = "GenericTypes", "GenericTypes", "{A8F65659-4E20-4359-B968-3EAFD3F32E60}"
	ProjectSection(SolutionItems) = preProject
		GenericTypes\Clean.bat = GenericTypes\Clean.bat
		GenericTypes\Compile.bat = GenericTypes\Compile.bat
		GenericTypes\CompileDebug.bat = GenericTypes\CompileDebug.bat
		GenericTypes\Constraints1.il = GenericTypes\Constraints1.il
		GenericTypes\Constraints2.il = GenericTypes\Constraints2.il
		GenericTypes\GenericClassMembers.il = GenericTypes\GenericClassMembers.il
		GenericTypes\GenericInheritance.il = GenericTypes\GenericInheritance.il
		GenericTypes\GenericNestedClasses1.il = GenericTypes\GenericNestedClasses1.il
		GenericTypes\GenericNestedClasses2.il = GenericTypes\GenericNestedClasses2.il
		GenericTypes\GenericNestedClasses3.il = GenericTypes\GenericNestedClasses3.il
		GenericTypes\GenericTypes.il = GenericTypes\GenericTypes.il
		GenericTypes\GenericTypeVariableParametersMethods.il = GenericTypes\GenericTypeVariableParametersMethods.il
		GenericTypes\Helpers.il = GenericTypes\Helpers.il
		GenericTypes\MultiParameterGenericClass.il = GenericTypes\MultiParameterGenericClass.il
		GenericTypes\SimpleGenericClass.il = GenericTypes\SimpleGenericClass.il
		GenericTypes\SimpleGenericValueType.il = GenericTypes\SimpleGenericValueType.il
	EndProjectSection
EndProject
Global
	GlobalSection(SolutionProperties) = preSolution
		HideSolutionNode = FALSE
	EndGlobalSection
EndGlobal
