<?xml version="1.0" encoding="utf-8"?>
<Project ToolsVersion="4.0" xmlns="http://schemas.microsoft.com/developer/msbuild/2003">
  <ItemGroup>
    <Filter Include="Source Files">
      <UniqueIdentifier>{4FC737F1-C7A5-4376-A066-2A32D752A2FF}</UniqueIdentifier>
      <Extensions>cpp;c;cc;cxx;def;odl;idl;hpj;bat;asm;asmx</Extensions>
    </Filter>
    <Filter Include="Header Files">
      <UniqueIdentifier>{93995380-89BD-4b04-88EB-625FBE52EBFB}</UniqueIdentifier>
      <Extensions>h;hpp;hxx;hm;inl;inc;xsd</Extensions>
    </Filter>
    <Filter Include="Resource Files">
      <UniqueIdentifier>{67DA6AB6-F800-4c08-8B7A-83BB121AAD01}</UniqueIdentifier>
      <Extensions>rc;ico;cur;bmp;dlg;rc2;rct;bin;rgs;gif;jpg;jpeg;jpe;resx;tiff;tif;png;wav;mfcribbon-ms</Extensions>
    </Filter>
  </ItemGroup>
  <ItemGroup>
    <None Include="ReadMe.txt" />
    <None Include="!!!.txt" />
  </ItemGroup>
  <ItemGroup>
    <ClInclude Include="stdafx.h">
      <Filter>Header Files</Filter>
    </ClInclude>
    <ClInclude Include="targetver.h">
      <Filter>Header Files</Filter>
    </ClInclude>
    <ClInclude Include="DerivedClass.h">
      <Filter>Header Files</Filter>
    </ClInclude>
    <ClInclude Include="BaseClass1.h">
      <Filter>Header Files</Filter>
    </ClInclude>
    <ClInclude Include="BaseClass2.h">
      <Filter>Header Files</Filter>
    </ClInclude>
    <ClInclude Include="Text.h">
      <Filter>Header Files</Filter>
    </ClInclude>
    <ClInclude Include="BasePolymorphism.h">
      <Filter>Header Files</Filter>
    </ClInclude>
    <ClInclude Include="DerivedPolymorphism.h">
      <Filter>Header Files</Filter>
    </ClInclude>
    <ClInclude Include="SimpleBaseClass1.h">
      <Filter>Header Files</Filter>
    </ClInclude>
    <ClInclude Include="SimpleBaseClass2.h">
      <Filter>Header Files</Filter>
    </ClInclude>
    <ClInclude Include="SimpleDerivedClass.h">
      <Filter>Header Files</Filter>
    </ClInclude>
    <ClInclude Include="VirtualClass.h">
      <Filter>Header Files</Filter>
    </ClInclude>
    <ClInclude Include="NonVirtualClass.h">
      <Filter>Header Files</Filter>
    </ClInclude>
    <ClInclude Include="NoVirtualDestructorBase.h">
      <Filter>Header Files</Filter>
    </ClInclude>
    <ClInclude Include="NoVirtualDestructorDerived.h">
      <Filter>Header Files</Filter>
    </ClInclude>
    <ClInclude Include="VirtualDestructorDerived.h">
      <Filter>Header Files</Filter>
    </ClInclude>
    <ClInclude Include="VirtualDestructorBase.h">
      <Filter>Header Files</Filter>
    </ClInclude>
  </ItemGroup>
  <ItemGroup>
    <ClCompile Include="stdafx.cpp">
      <Filter>Source Files</Filter>
    </ClCompile>
    <ClCompile Include="DerivedClasses.cpp">
      <Filter>Source Files</Filter>
    </ClCompile>
    <ClCompile Include="DerivedClass.cpp">
      <Filter>Source Files</Filter>
    </ClCompile>
    <ClCompile Include="BaseClass1.cpp">
      <Filter>Source Files</Filter>
    </ClCompile>
    <ClCompile Include="BaseClass2.cpp">
      <Filter>Source Files</Filter>
    </ClCompile>
    <ClCompile Include="Text.cpp">
      <Filter>Source Files</Filter>
    </ClCompile>
    <ClCompile Include="BasePolymorphism.cpp">
      <Filter>Source Files</Filter>
    </ClCompile>
    <ClCompile Include="DerivedPolymorphism.cpp">
      <Filter>Source Files</Filter>
    </ClCompile>
    <ClCompile Include="SimpleBaseClass1.cpp">
      <Filter>Source Files</Filter>
    </ClCompile>
    <ClCompile Include="SimpleBaseClass2.cpp">
      <Filter>Source Files</Filter>
    </ClCompile>
    <ClCompile Include="SimpleDerivedClass.cpp">
      <Filter>Source Files</Filter>
    </ClCompile>
    <ClCompile Include="VirtualClass.cpp">
      <Filter>Source Files</Filter>
    </ClCompile>
    <ClCompile Include="NonVirtualClass.cpp">
      <Filter>Source Files</Filter>
    </ClCompile>
    <ClCompile Include="NoVirtualDestructorBase.cpp">
      <Filter>Source Files</Filter>
    </ClCompile>
    <ClCompile Include="NoVirtualDestructorDerived.cpp">
      <Filter>Source Files</Filter>
    </ClCompile>
    <ClCompile Include="VirtualDestructorDerived.cpp">
      <Filter>Source Files</Filter>
    </ClCompile>
    <ClCompile Include="VirtualDestructorBase.cpp">
      <Filter>Source Files</Filter>
    </ClCompile>
  </ItemGroup>
</Project>