
Microsoft Visual Studio Solution File, Format Version 12.00
# Visual Studio 2013
VisualStudioVersion = 12.0.21005.1
MinimumVisualStudioVersion = 10.0.40219.1
Project("{2150E333-8FDC-42A3-9474-1A3956D46DE8}") = "SimpleSampleAliasing", "SimpleSampleAliasing", "{4035CA35-F185-45A1-9299-6827CAF01B6C}"
	ProjectSection(SolutionItems) = preProject
		SimpleSampleAliasing\Clean.bat = SimpleSampleAliasing\Clean.bat
		SimpleSampleAliasing\Compile.bat = SimpleSampleAliasing\Compile.bat
		SimpleSampleAliasing\SimpleSampleAliasing.il = SimpleSampleAliasing\SimpleSampleAliasing.il
	EndProjectSection
EndProject
Project("{2150E333-8FDC-42A3-9474-1A3956D46DE8}") = "SimpleSampleCodeDirectives", "SimpleSampleCodeDirectives", "{DAAA1514-C9B1-44A5-808F-AC585A09C626}"
	ProjectSection(SolutionItems) = preProject
		SimpleSampleCodeDirectives\Clean.bat = SimpleSampleCodeDirectives\Clean.bat
		SimpleSampleCodeDirectives\Compile.bat = SimpleSampleCodeDirectives\Compile.bat
		SimpleSampleCodeDirectives\SimpleSampleCodeDirectives.il = SimpleSampleCodeDirectives\SimpleSampleCodeDirectives.il
	EndProjectSection
EndProject
Project("{2150E333-8FDC-42A3-9474-1A3956D46DE8}") = "!DOC", "!DOC", "{CB6B2F67-596D-4414-8CAE-25A821FCE77C}"
	ProjectSection(SolutionItems) = preProject
		!!!.txt = !!!.txt
	EndProjectSection
EndProject
Project("{2150E333-8FDC-42A3-9474-1A3956D46DE8}") = "IncludeDirective", "IncludeDirective", "{34E60DE2-83B0-431E-963D-B87411B74156}"
	ProjectSection(SolutionItems) = preProject
		IncludeDirective\Clean.bat = IncludeDirective\Clean.bat
		IncludeDirective\Compile.bat = IncludeDirective\Compile.bat
		IncludeDirective\Helpers.il = IncludeDirective\Helpers.il
		IncludeDirective\IncludeDirective.il = IncludeDirective\IncludeDirective.il
	EndProjectSection
EndProject
Project("{2150E333-8FDC-42A3-9474-1A3956D46DE8}") = "SpecialKeywords", "SpecialKeywords", "{9358E3CC-2B54-42E2-901A-1CB0D1985FBA}"
	ProjectSection(SolutionItems) = preProject
		SpecialKeywords\Clean.bat = SpecialKeywords\Clean.bat
		SpecialKeywords\Compile.bat = SpecialKeywords\Compile.bat
		SpecialKeywords\Helpers.il = SpecialKeywords\Helpers.il
		SpecialKeywords\SpecialKeywords.il = SpecialKeywords\SpecialKeywords.il
	EndProjectSection
EndProject
Global
	GlobalSection(SolutionProperties) = preSolution
		HideSolutionNode = FALSE
	EndGlobalSection
EndGlobal
