
Microsoft Visual Studio Solution File, Format Version 10.00
# Visual Studio 2008
Project("{8BC9CEB8-8B4A-11D0-8D11-00A0C91BC942}") = "InterlockedFunctions", "InterlockedFunctions\InterlockedFunctions.vcproj", "{B183098C-8B09-4308-8335-14EE667BE03D}"
EndProject
Project("{8BC9CEB8-8B4A-11D0-8D11-00A0C91BC942}") = "PollProblem", "PollProblem\PollProblem.vcproj", "{F26102AC-8A89-46EB-8551-EEDEEF225930}"
EndProject
Project("{8BC9CEB8-8B4A-11D0-8D11-00A0C91BC942}") = "SRWLAndCV", "SRWLAndCV\SRWLAndCV.vcproj", "{74BA68FC-C7D5-4AE3-9045-DF64861A181A}"
EndProject
Project("{8BC9CEB8-8B4A-11D0-8D11-00A0C91BC942}") = "CSInternal", "CSInternal\CSInternal.vcproj", "{D756C3D1-248D-4D8A-AFC6-F75876C2EDA8}"
EndProject
Global
	GlobalSection(SolutionConfigurationPlatforms) = preSolution
		Debug|Win32 = Debug|Win32
		Release|Win32 = Release|Win32
	EndGlobalSection
	GlobalSection(ProjectConfigurationPlatforms) = postSolution
		{B183098C-8B09-4308-8335-14EE667BE03D}.Debug|Win32.ActiveCfg = Debug|Win32
		{B183098C-8B09-4308-8335-14EE667BE03D}.Debug|Win32.Build.0 = Debug|Win32
		{B183098C-8B09-4308-8335-14EE667BE03D}.Release|Win32.ActiveCfg = Release|Win32
		{B183098C-8B09-4308-8335-14EE667BE03D}.Release|Win32.Build.0 = Release|Win32
		{F26102AC-8A89-46EB-8551-EEDEEF225930}.Debug|Win32.ActiveCfg = Debug|Win32
		{F26102AC-8A89-46EB-8551-EEDEEF225930}.Debug|Win32.Build.0 = Debug|Win32
		{F26102AC-8A89-46EB-8551-EEDEEF225930}.Release|Win32.ActiveCfg = Release|Win32
		{F26102AC-8A89-46EB-8551-EEDEEF225930}.Release|Win32.Build.0 = Release|Win32
		{74BA68FC-C7D5-4AE3-9045-DF64861A181A}.Debug|Win32.ActiveCfg = Debug|Win32
		{74BA68FC-C7D5-4AE3-9045-DF64861A181A}.Debug|Win32.Build.0 = Debug|Win32
		{74BA68FC-C7D5-4AE3-9045-DF64861A181A}.Release|Win32.ActiveCfg = Release|Win32
		{74BA68FC-C7D5-4AE3-9045-DF64861A181A}.Release|Win32.Build.0 = Release|Win32
		{D756C3D1-248D-4D8A-AFC6-F75876C2EDA8}.Debug|Win32.ActiveCfg = Debug|Win32
		{D756C3D1-248D-4D8A-AFC6-F75876C2EDA8}.Debug|Win32.Build.0 = Debug|Win32
		{D756C3D1-248D-4D8A-AFC6-F75876C2EDA8}.Release|Win32.ActiveCfg = Release|Win32
		{D756C3D1-248D-4D8A-AFC6-F75876C2EDA8}.Release|Win32.Build.0 = Release|Win32
	EndGlobalSection
	GlobalSection(SolutionProperties) = preSolution
		HideSolutionNode = FALSE
	EndGlobalSection
EndGlobal
