<?xml version="1.0" encoding="utf-8"?>
<Project ToolsVersion="4.0" xmlns="http://schemas.microsoft.com/developer/msbuild/2003">
  <ItemGroup>
    <Filter Include="Source Files">
      <UniqueIdentifier>{4FC737F1-C7A5-4376-A066-2A32D752A2FF}</UniqueIdentifier>
      <Extensions>cpp;c;cc;cxx;c++;cppm;ixx;def;odl;idl;hpj;bat;asm;asmx</Extensions>
    </Filter>
    <Filter Include="Header Files">
      <UniqueIdentifier>{93995380-89BD-4b04-88EB-625FBE52EBFB}</UniqueIdentifier>
      <Extensions>h;hh;hpp;hxx;h++;hm;inl;inc;ipp;xsd</Extensions>
    </Filter>
    <Filter Include="Resource Files">
      <UniqueIdentifier>{67DA6AB6-F800-4c08-8B7A-83BB121AAD01}</UniqueIdentifier>
      <Extensions>rc;ico;cur;bmp;dlg;rc2;rct;bin;rgs;gif;jpg;jpeg;jpe;resx;tiff;tif;png;wav;mfcribbon-ms</Extensions>
    </Filter>
  </ItemGroup>
  <ItemGroup>
    <ClCompile Include="FundamentalsInDepth.cpp">
      <Filter>Source Files</Filter>
    </ClCompile>
    <ClCompile Include="MyDebug.cpp">
      <Filter>Source Files</Filter>
    </ClCompile>
    <ClCompile Include="CNoDefaultConstructor.cpp">
      <Filter>Source Files</Filter>
    </ClCompile>
    <ClCompile Include="CTemplateLinkage.cpp">
      <Filter>Source Files</Filter>
    </ClCompile>
    <ClCompile Include="CTemplateLinkage1.cpp">
      <Filter>Source Files</Filter>
    </ClCompile>
    <ClCompile Include="CTemplateLinkage2.cpp">
      <Filter>Source Files</Filter>
    </ClCompile>
    <ClCompile Include="CValue.cpp">
      <Filter>Source Files</Filter>
    </ClCompile>
    <ClCompile Include="CException.cpp">
      <Filter>Source Files</Filter>
    </ClCompile>
    <ClCompile Include="CString.cpp">
      <Filter>Source Files</Filter>
    </ClCompile>
    <ClCompile Include="CClassBase.cpp">
      <Filter>Source Files</Filter>
    </ClCompile>
    <ClCompile Include="CClassDerived.cpp">
      <Filter>Source Files</Filter>
    </ClCompile>
    <ClCompile Include="CTemplateMethodsNonEquivalence1.cpp">
      <Filter>Source Files</Filter>
    </ClCompile>
    <ClCompile Include="CTemplateMethodsNonEquivalence2.cpp">
      <Filter>Source Files</Filter>
    </ClCompile>
    <ClCompile Include="CTemplateMethodsNonEquivalence3.cpp">
      <Filter>Source Files</Filter>
    </ClCompile>
    <ClCompile Include="CVariadicClassBase1.cpp">
      <Filter>Source Files</Filter>
    </ClCompile>
    <ClCompile Include="CVariadicClassBase2.cpp">
      <Filter>Source Files</Filter>
    </ClCompile>
    <ClCompile Include="SNode.cpp">
      <Filter>Source Files</Filter>
    </ClCompile>
    <ClCompile Include="CFriendClassFriendClassNonTemplate1.cpp">
      <Filter>Source Files</Filter>
    </ClCompile>
    <ClCompile Include="CFriendClassFriendClassNonTemplate2.cpp">
      <Filter>Source Files</Filter>
    </ClCompile>
    <ClCompile Include="CFriendFunctionsNonTemplateClass1.cpp">
      <Filter>Source Files</Filter>
    </ClCompile>
    <ClCompile Include="CFriendFunctionsNonTemplateClass2.cpp">
      <Filter>Source Files</Filter>
    </ClCompile>
    <ClCompile Include="CFriendFunctionsNonTemplateClass3.cpp">
      <Filter>Source Files</Filter>
    </ClCompile>
    <ClCompile Include="CFriendTemplatesClassMakingFriend.cpp">
      <Filter>Source Files</Filter>
    </ClCompile>
  </ItemGroup>
  <ItemGroup>
    <ClInclude Include="MyDebug.h">
      <Filter>Header Files</Filter>
    </ClInclude>
    <ClInclude Include="CTemplatesOnNamespaceScope.h">
      <Filter>Header Files</Filter>
    </ClInclude>
    <ClInclude Include="CTemplatesOnClassScopeInClass.h">
      <Filter>Header Files</Filter>
    </ClInclude>
    <ClInclude Include="CTemplatesOnClassScopeOutOfClass.h">
      <Filter>Header Files</Filter>
    </ClInclude>
    <ClInclude Include="UTemplateUnion.h">
      <Filter>Header Files</Filter>
    </ClInclude>
    <ClInclude Include="CNoDefaultConstructor.h">
      <Filter>Header Files</Filter>
    </ClInclude>
    <ClInclude Include="CNonTemplateMembers.h">
      <Filter>Header Files</Filter>
    </ClInclude>
    <ClInclude Include="CVirtualTemplateMembers.h">
      <Filter>Header Files</Filter>
    </ClInclude>
    <ClInclude Include="CPrimaryVsNonPrimaryTemplates.h">
      <Filter>Header Files</Filter>
    </ClInclude>
    <ClInclude Include="CTemplateLinkage.h">
      <Filter>Header Files</Filter>
    </ClInclude>
    <ClInclude Include="CTemplateLinkage1.h">
      <Filter>Header Files</Filter>
    </ClInclude>
    <ClInclude Include="CTemplateLinkage2.h">
      <Filter>Header Files</Filter>
    </ClInclude>
    <ClInclude Include="EEnum.h">
      <Filter>Header Files</Filter>
    </ClInclude>
    <ClInclude Include="CValue.h">
      <Filter>Header Files</Filter>
    </ClInclude>
    <ClInclude Include="CNonTypeTemplateClassAuto.h">
      <Filter>Header Files</Filter>
    </ClInclude>
    <ClInclude Include="CException.h">
      <Filter>Header Files</Filter>
    </ClInclude>
    <ClInclude Include="CTemplateClass1.h">
      <Filter>Header Files</Filter>
    </ClInclude>
    <ClInclude Include="CTemplateClass2.h">
      <Filter>Header Files</Filter>
    </ClInclude>
    <ClInclude Include="CTemplateClassTwoParameters1.h">
      <Filter>Header Files</Filter>
    </ClInclude>
    <ClInclude Include="CTemplateClassTwoParameters2.h">
      <Filter>Header Files</Filter>
    </ClInclude>
    <ClInclude Include="CTemplateClassPackTemplateTypeParameters.h">
      <Filter>Header Files</Filter>
    </ClInclude>
    <ClInclude Include="CTemplateClassPackTemplateNonTypeParameters.h">
      <Filter>Header Files</Filter>
    </ClInclude>
    <ClInclude Include="CTemplateClassPackTemplateTemplateParameters.h">
      <Filter>Header Files</Filter>
    </ClInclude>
    <ClInclude Include="CString.h">
      <Filter>Header Files</Filter>
    </ClInclude>
    <ClInclude Include="CTemplateClassTwoParameters3.h">
      <Filter>Header Files</Filter>
    </ClInclude>
    <ClInclude Include="CVariadicTemplate1.h">
      <Filter>Header Files</Filter>
    </ClInclude>
    <ClInclude Include="CMultipleTemplateParameterPacksSpecialization.h">
      <Filter>Header Files</Filter>
    </ClInclude>
    <ClInclude Include="CVariadicTemplate2.h">
      <Filter>Header Files</Filter>
    </ClInclude>
    <ClInclude Include="CVariadicTemplate.h">
      <Filter>Header Files</Filter>
    </ClInclude>
    <ClInclude Include="CTemplateClassDefaultArguments1.h">
      <Filter>Header Files</Filter>
    </ClInclude>
    <ClInclude Include="CTemplateClassDefaultArguments2.h">
      <Filter>Header Files</Filter>
    </ClInclude>
    <ClInclude Include="CTemplateClassDefaultArgumentsSpecializations.h">
      <Filter>Header Files</Filter>
    </ClInclude>
    <ClInclude Include="CTemplateClassDefaultArgumentsOutOfClass.h">
      <Filter>Header Files</Filter>
    </ClInclude>
    <ClInclude Include="CTemplateClassDefaultArgumentsFriends.h">
      <Filter>Header Files</Filter>
    </ClInclude>
    <ClInclude Include="CTemplateParametersSubstitutions.h">
      <Filter>Header Files</Filter>
    </ClInclude>
    <ClInclude Include="CNonTypeTemplateParameters.h">
      <Filter>Header Files</Filter>
    </ClInclude>
    <ClInclude Include="CClassBase.h">
      <Filter>Header Files</Filter>
    </ClInclude>
    <ClInclude Include="CClassDerived.h">
      <Filter>Header Files</Filter>
    </ClInclude>
    <ClInclude Include="CTemplateTemplateParameters1.h">
      <Filter>Header Files</Filter>
    </ClInclude>
    <ClInclude Include="CTemplateTemplateArguments1.h">
      <Filter>Header Files</Filter>
    </ClInclude>
    <ClInclude Include="CTemplateTemplateArguments2.h">
      <Filter>Header Files</Filter>
    </ClInclude>
    <ClInclude Include="CTemplateTemplateArguments3.h">
      <Filter>Header Files</Filter>
    </ClInclude>
    <ClInclude Include="CTemplateTemplateParameters2.h">
      <Filter>Header Files</Filter>
    </ClInclude>
    <ClInclude Include="CTemplateTemplateParameters3.h">
      <Filter>Header Files</Filter>
    </ClInclude>
    <ClInclude Include="CTemplateMethodsNonEquivalence1.h">
      <Filter>Header Files</Filter>
    </ClInclude>
    <ClInclude Include="CTemplateMethodsNonEquivalence2.h">
      <Filter>Header Files</Filter>
    </ClInclude>
    <ClInclude Include="CTemplateMethodsNonEquivalence3.h">
      <Filter>Header Files</Filter>
    </ClInclude>
    <ClInclude Include="CTemplateArgumentEquivalence.h">
      <Filter>Header Files</Filter>
    </ClInclude>
    <ClInclude Include="CVariadicTemplateClass.h">
      <Filter>Header Files</Filter>
    </ClInclude>
    <ClInclude Include="CVariadicTemplateClassPackExpansion.h">
      <Filter>Header Files</Filter>
    </ClInclude>
    <ClInclude Include="CVariadicClassBase1.h">
      <Filter>Header Files</Filter>
    </ClInclude>
    <ClInclude Include="CVariadicClassBase2.h">
      <Filter>Header Files</Filter>
    </ClInclude>
    <ClInclude Include="CVariadicClassDerived.h">
      <Filter>Header Files</Filter>
    </ClInclude>
    <ClInclude Include="CVariadicClassOuter.h">
      <Filter>Header Files</Filter>
    </ClInclude>
    <ClInclude Include="CNestedParameterPacksExpansionInner1.h">
      <Filter>Header Files</Filter>
    </ClInclude>
    <ClInclude Include="CNestedParameterPacksExpansionInner2.h">
      <Filter>Header Files</Filter>
    </ClInclude>
    <ClInclude Include="CNestedParameterPacksExpansionOuter.h">
      <Filter>Header Files</Filter>
    </ClInclude>
    <ClInclude Include="SNode.h">
      <Filter>Header Files</Filter>
    </ClInclude>
    <ClInclude Include="CFriendClassFriendClassNonTemplate1.h">
      <Filter>Header Files</Filter>
    </ClInclude>
    <ClInclude Include="CFriendClassFriendClassTemplate.h">
      <Filter>Header Files</Filter>
    </ClInclude>
    <ClInclude Include="CFriendClassClassMakingFriends1.h">
      <Filter>Header Files</Filter>
    </ClInclude>
    <ClInclude Include="CFriendClassClassMakingFriends2.h">
      <Filter>Header Files</Filter>
    </ClInclude>
    <ClInclude Include="CFriendClassFriendClassNonTemplate2.h">
      <Filter>Header Files</Filter>
    </ClInclude>
    <ClInclude Include="CFriendFunctionsNonTemplateClass1.h">
      <Filter>Header Files</Filter>
    </ClInclude>
    <ClInclude Include="CFriendFunctionsNonTemplateClass2.h">
      <Filter>Header Files</Filter>
    </ClInclude>
    <ClInclude Include="CFriendFunctionsNonTemplateClass3.h">
      <Filter>Header Files</Filter>
    </ClInclude>
    <ClInclude Include="CFriendFunctionsTemplateClass.h">
      <Filter>Header Files</Filter>
    </ClInclude>
    <ClInclude Include="CFriendFunctionsTemplateClassMakingFriend.h">
      <Filter>Header Files</Filter>
    </ClInclude>
    <ClInclude Include="CFriendTemplatesClassMakingFriend.h">
      <Filter>Header Files</Filter>
    </ClInclude>
    <ClInclude Include="CFriendTemplatesClass1.h">
      <Filter>Header Files</Filter>
    </ClInclude>
    <ClInclude Include="CFriendTemplatesClass2.h">
      <Filter>Header Files</Filter>
    </ClInclude>
    <ClInclude Include="CFriendTemplatesTemplateClass.h">
      <Filter>Header Files</Filter>
    </ClInclude>
  </ItemGroup>
</Project>