<?xml version="1.0" encoding="utf-8"?>
<Project ToolsVersion="4.0" xmlns="http://schemas.microsoft.com/developer/msbuild/2003">
  <ItemGroup>
    <None Include="!!!.txt" />
    <None Include="!Files\TestSourceCode.txt">
      <Filter>!Files</Filter>
    </None>
  </ItemGroup>
  <ItemGroup>
    <Filter Include="PrintLines">
      <UniqueIdentifier>{2c162f4c-ed60-4e2b-8b40-490ff13ec091}</UniqueIdentifier>
    </Filter>
    <Filter Include="FLEX_Includes">
      <UniqueIdentifier>{46bff8e8-88a5-45a0-a5da-1e982bf68b75}</UniqueIdentifier>
    </Filter>
    <Filter Include="!Files">
      <UniqueIdentifier>{92015863-2e40-4fe7-9430-e34af2fe65ff}</UniqueIdentifier>
    </Filter>
  </ItemGroup>
  <ItemGroup>
    <ClCompile Include="Main.cpp" />
    <ClCompile Include="PrintLines\PrintLines.c">
      <Filter>PrintLines</Filter>
    </ClCompile>
  </ItemGroup>
  <ItemGroup>
    <ClInclude Include="FLEX_Includes\unistd.h">
      <Filter>FLEX_Includes</Filter>
    </ClInclude>
  </ItemGroup>
</Project>