
Microsoft Visual Studio Solution File, Format Version 11.00
# Visual Studio 2010
Project("{FAE04EC0-301F-11D3-BF4B-00C04F79EFBC}") = "TransactionFlowLibrary", "TransactionFlowLibrary\TransactionFlowLibrary.csproj", "{819DA374-88B0-470B-B6FC-7A59622D5A58}"
EndProject
Project("{FAE04EC0-301F-11D3-BF4B-00C04F79EFBC}") = "TransactionFlowService", "TransactionFlowService\TransactionFlowService.csproj", "{43581093-0850-420A-873A-670483D73062}"
EndProject
Project("{FAE04EC0-301F-11D3-BF4B-00C04F79EFBC}") = "TransactionFlowClient", "TransactionFlowClient\TransactionFlowClient.csproj", "{95E46364-1CD3-4460-ADC5-BFF5307CF40D}"
EndProject
Global
	GlobalSection(SolutionConfigurationPlatforms) = preSolution
		Debug|Any CPU = Debug|Any CPU
		Release|Any CPU = Release|Any CPU
	EndGlobalSection
	GlobalSection(ProjectConfigurationPlatforms) = postSolution
		{819DA374-88B0-470B-B6FC-7A59622D5A58}.Debug|Any CPU.ActiveCfg = Debug|Any CPU
		{819DA374-88B0-470B-B6FC-7A59622D5A58}.Debug|Any CPU.Build.0 = Debug|Any CPU
		{819DA374-88B0-470B-B6FC-7A59622D5A58}.Release|Any CPU.ActiveCfg = Release|Any CPU
		{819DA374-88B0-470B-B6FC-7A59622D5A58}.Release|Any CPU.Build.0 = Release|Any CPU
		{43581093-0850-420A-873A-670483D73062}.Debug|Any CPU.ActiveCfg = Debug|Any CPU
		{43581093-0850-420A-873A-670483D73062}.Debug|Any CPU.Build.0 = Debug|Any CPU
		{43581093-0850-420A-873A-670483D73062}.Release|Any CPU.ActiveCfg = Release|Any CPU
		{43581093-0850-420A-873A-670483D73062}.Release|Any CPU.Build.0 = Release|Any CPU
		{95E46364-1CD3-4460-ADC5-BFF5307CF40D}.Debug|Any CPU.ActiveCfg = Debug|Any CPU
		{95E46364-1CD3-4460-ADC5-BFF5307CF40D}.Debug|Any CPU.Build.0 = Debug|Any CPU
		{95E46364-1CD3-4460-ADC5-BFF5307CF40D}.Release|Any CPU.ActiveCfg = Release|Any CPU
		{95E46364-1CD3-4460-ADC5-BFF5307CF40D}.Release|Any CPU.Build.0 = Release|Any CPU
	EndGlobalSection
	GlobalSection(SolutionProperties) = preSolution
		HideSolutionNode = FALSE
	EndGlobalSection
EndGlobal
