
Microsoft Visual Studio Solution File, Format Version 12.00
# Visual Studio Version 17
VisualStudioVersion = 17.7.34031.279
MinimumVisualStudioVersion = 10.0.40219.1
Project("{8BC9CEB8-8B4A-11D0-8D11-00A0C91BC942}") = "TemplateArgumentDeduction", "TemplateArgumentDeduction\TemplateArgumentDeduction.vcxproj", "{C199CEF5-9B9A-4162-80CF-B276D6FCD23E}"
EndProject
Project("{2150E333-8FDC-42A3-9474-1A3956D46DE8}") = "!DOC", "!DOC", "{34017B8F-8AEF-4DDE-A533-847092C2A4DE}"
	ProjectSection(SolutionItems) = preProject
		!DOC\!!!.txt = !DOC\!!!.txt
	EndProjectSection
EndProject
Global
	GlobalSection(SolutionConfigurationPlatforms) = preSolution
		Debug|x64 = Debug|x64
		Release|x64 = Release|x64
	EndGlobalSection
	GlobalSection(ProjectConfigurationPlatforms) = postSolution
		{C199CEF5-9B9A-4162-80CF-B276D6FCD23E}.Debug|x64.ActiveCfg = Debug|x64
		{C199CEF5-9B9A-4162-80CF-B276D6FCD23E}.Debug|x64.Build.0 = Debug|x64
		{C199CEF5-9B9A-4162-80CF-B276D6FCD23E}.Release|x64.ActiveCfg = Release|x64
		{C199CEF5-9B9A-4162-80CF-B276D6FCD23E}.Release|x64.Build.0 = Release|x64
	EndGlobalSection
	GlobalSection(SolutionProperties) = preSolution
		HideSolutionNode = FALSE
	EndGlobalSection
	GlobalSection(ExtensibilityGlobals) = postSolution
		SolutionGuid = {6076BBCA-A831-416F-A058-C431E6C5B8AA}
	EndGlobalSection
EndGlobal
