
Microsoft Visual Studio Solution File, Format Version 12.00
# Visual Studio Version 16
VisualStudioVersion = 16.0.30621.155
MinimumVisualStudioVersion = 10.0.40219.1
Project("{9A19103F-16F7-4668-BE54-9A1E7A4F7556}") = "CreatingRESTfulWebServices", "CreatingRESTfulWebServices\CreatingRESTfulWebServices.csproj", "{09ED44A5-4AE2-4CE8-AF61-6645D184FB25}"
EndProject
Project("{2150E333-8FDC-42A3-9474-1A3956D46DE8}") = "!DOC", "!DOC", "{F768D50E-5EC7-4513-B251-159861BD8018}"
	ProjectSection(SolutionItems) = preProject
		!DOC\!!!.txt = !DOC\!!!.txt
	EndProjectSection
EndProject
Project("{FAE04EC0-301F-11D3-BF4B-00C04F79EFBC}") = "TestAsynchronousEnumerable", "TestAsynchronousEnumerable\TestAsynchronousEnumerable.csproj", "{CEDDDD7E-7759-42C5-BDCD-23AD0F2B15A1}"
EndProject
Global
	GlobalSection(SolutionConfigurationPlatforms) = preSolution
		Debug|Any CPU = Debug|Any CPU
		Release|Any CPU = Release|Any CPU
	EndGlobalSection
	GlobalSection(ProjectConfigurationPlatforms) = postSolution
		{09ED44A5-4AE2-4CE8-AF61-6645D184FB25}.Debug|Any CPU.ActiveCfg = Debug|Any CPU
		{09ED44A5-4AE2-4CE8-AF61-6645D184FB25}.Debug|Any CPU.Build.0 = Debug|Any CPU
		{09ED44A5-4AE2-4CE8-AF61-6645D184FB25}.Release|Any CPU.ActiveCfg = Release|Any CPU
		{09ED44A5-4AE2-4CE8-AF61-6645D184FB25}.Release|Any CPU.Build.0 = Release|Any CPU
		{CEDDDD7E-7759-42C5-BDCD-23AD0F2B15A1}.Debug|Any CPU.ActiveCfg = Debug|Any CPU
		{CEDDDD7E-7759-42C5-BDCD-23AD0F2B15A1}.Debug|Any CPU.Build.0 = Debug|Any CPU
		{CEDDDD7E-7759-42C5-BDCD-23AD0F2B15A1}.Release|Any CPU.ActiveCfg = Release|Any CPU
		{CEDDDD7E-7759-42C5-BDCD-23AD0F2B15A1}.Release|Any CPU.Build.0 = Release|Any CPU
	EndGlobalSection
	GlobalSection(SolutionProperties) = preSolution
		HideSolutionNode = FALSE
	EndGlobalSection
	GlobalSection(ExtensibilityGlobals) = postSolution
		SolutionGuid = {F93C9D39-1713-411B-B19C-C64925190C4F}
	EndGlobalSection
EndGlobal
