
Microsoft Visual Studio Solution File, Format Version 11.00
# Visual Studio 2010
Project("{FAE04EC0-301F-11D3-BF4B-00C04F79EFBC}") = "XamlCruncher", "XamlCruncher\XamlCruncher.csproj", "{672FC26A-C45F-4BA0-9A5A-D3AB8DB5561A}"
EndProject
Project("{FAE04EC0-301F-11D3-BF4B-00C04F79EFBC}") = "DumpContentPropertyAttributes", "DumpContentPropertyAttributes\DumpContentPropertyAttributes.csproj", "{A1F462C6-8A93-4BEA-8523-672C8BB58EA9}"
EndProject
Project("{FAE04EC0-301F-11D3-BF4B-00C04F79EFBC}") = "RoutedEventInXAML", "RoutedEventInXAML\RoutedEventInXAML.csproj", "{31C72E26-E893-485B-A162-CB14FAD5191E}"
EndProject
Project("{FAE04EC0-301F-11D3-BF4B-00C04F79EFBC}") = "DPInheritanceInXAML", "DPInheritanceInXAML\DPInheritanceInXAML.csproj", "{334F53DF-D7C0-4AEA-B246-88A6EEEFD169}"
EndProject
Global
	GlobalSection(SolutionConfigurationPlatforms) = preSolution
		Debug|x86 = Debug|x86
		Release|x86 = Release|x86
	EndGlobalSection
	GlobalSection(ProjectConfigurationPlatforms) = postSolution
		{672FC26A-C45F-4BA0-9A5A-D3AB8DB5561A}.Debug|x86.ActiveCfg = Debug|x86
		{672FC26A-C45F-4BA0-9A5A-D3AB8DB5561A}.Debug|x86.Build.0 = Debug|x86
		{672FC26A-C45F-4BA0-9A5A-D3AB8DB5561A}.Release|x86.ActiveCfg = Release|x86
		{672FC26A-C45F-4BA0-9A5A-D3AB8DB5561A}.Release|x86.Build.0 = Release|x86
		{A1F462C6-8A93-4BEA-8523-672C8BB58EA9}.Debug|x86.ActiveCfg = Debug|x86
		{A1F462C6-8A93-4BEA-8523-672C8BB58EA9}.Debug|x86.Build.0 = Debug|x86
		{A1F462C6-8A93-4BEA-8523-672C8BB58EA9}.Release|x86.ActiveCfg = Release|x86
		{A1F462C6-8A93-4BEA-8523-672C8BB58EA9}.Release|x86.Build.0 = Release|x86
		{31C72E26-E893-485B-A162-CB14FAD5191E}.Debug|x86.ActiveCfg = Debug|x86
		{31C72E26-E893-485B-A162-CB14FAD5191E}.Debug|x86.Build.0 = Debug|x86
		{31C72E26-E893-485B-A162-CB14FAD5191E}.Release|x86.ActiveCfg = Release|x86
		{31C72E26-E893-485B-A162-CB14FAD5191E}.Release|x86.Build.0 = Release|x86
		{334F53DF-D7C0-4AEA-B246-88A6EEEFD169}.Debug|x86.ActiveCfg = Debug|x86
		{334F53DF-D7C0-4AEA-B246-88A6EEEFD169}.Debug|x86.Build.0 = Debug|x86
		{334F53DF-D7C0-4AEA-B246-88A6EEEFD169}.Release|x86.ActiveCfg = Release|x86
		{334F53DF-D7C0-4AEA-B246-88A6EEEFD169}.Release|x86.Build.0 = Release|x86
	EndGlobalSection
	GlobalSection(SolutionProperties) = preSolution
		HideSolutionNode = FALSE
	EndGlobalSection
EndGlobal
