
Microsoft Visual Studio Solution File, Format Version 12.00
# Visual Studio 2013
VisualStudioVersion = 12.0.21005.1
MinimumVisualStudioVersion = 10.0.40219.1
Project("{2150E333-8FDC-42A3-9474-1A3956D46DE8}") = "BuildingModules", "BuildingModules", "{18E5C448-514C-4B7E-8C66-76C833140530}"
	ProjectSection(SolutionItems) = preProject
		BuildingModules\Compile.bat = BuildingModules\Compile.bat
		BuildingModules\Compile_ResponseFile.bat = BuildingModules\Compile_ResponseFile.bat
		BuildingModules\MyResponseFile.rsp = BuildingModules\MyResponseFile.rsp
		BuildingModules\Program.cs = BuildingModules\Program.cs
	EndProjectSection
EndProject
Project("{2150E333-8FDC-42A3-9474-1A3956D46DE8}") = "MultiFileAssembly", "MultiFileAssembly", "{44A3B2B1-C17E-4695-AE0F-D258939E702A}"
	ProjectSection(SolutionItems) = preProject
		MultiFileAssembly\Clean.bat = MultiFileAssembly\Clean.bat
		MultiFileAssembly\Compile.bat = MultiFileAssembly\Compile.bat
		MultiFileAssembly\CompileByAL.bat = MultiFileAssembly\CompileByAL.bat
		MultiFileAssembly\CompileJustModule1.bat = MultiFileAssembly\CompileJustModule1.bat
		MultiFileAssembly\CompileJustModule2.bat = MultiFileAssembly\CompileJustModule2.bat
		MultiFileAssembly\Module1.cs = MultiFileAssembly\Module1.cs
		MultiFileAssembly\Module2.cs = MultiFileAssembly\Module2.cs
		MultiFileAssembly\Program.cs = MultiFileAssembly\Program.cs
	EndProjectSection
EndProject
Project("{2150E333-8FDC-42A3-9474-1A3956D46DE8}") = "Probing", "Probing", "{51034397-9FA4-42F5-A102-55687C905AF1}"
	ProjectSection(SolutionItems) = preProject
		Probing\Compile.bat = Probing\Compile.bat
		Probing\MyAssembly.cs = Probing\MyAssembly.cs
		Probing\Program.cs = Probing\Program.cs
		Probing\Program.exe.config = Probing\Program.exe.config
	EndProjectSection
EndProject
Project("{2150E333-8FDC-42A3-9474-1A3956D46DE8}") = "Resources", "Resources", "{222B2EFF-9682-4143-B80E-771D1185E70A}"
	ProjectSection(SolutionItems) = preProject
		Resources\Compile_ResourceEmbedded.bat = Resources\Compile_ResourceEmbedded.bat
		Resources\Compile_ResourceLinked.bat = Resources\Compile_ResourceLinked.bat
		Resources\MyResource.txt = Resources\MyResource.txt
		Resources\Program.cs = Resources\Program.cs
	EndProjectSection
EndProject
Project("{2150E333-8FDC-42A3-9474-1A3956D46DE8}") = "!DOC", "!DOC", "{CE8263B3-8609-4BFF-B6B9-CA6090C7FC1B}"
	ProjectSection(SolutionItems) = preProject
		!!!.txt = !!!.txt
	EndProjectSection
EndProject
Global
	GlobalSection(SolutionProperties) = preSolution
		HideSolutionNode = FALSE
	EndGlobalSection
EndGlobal
