
Microsoft Visual Studio Solution File, Format Version 12.00
# Visual Studio Version 16
VisualStudioVersion = 16.0.30320.27
MinimumVisualStudioVersion = 10.0.40219.1
Project("{FAE04EC0-301F-11D3-BF4B-00C04F79EFBC}") = "ModelBinding", "ModelBinding\ModelBinding.csproj", "{9C0DCB8B-745B-427D-8F09-AF4A93A1B045}"
EndProject
Project("{2150E333-8FDC-42A3-9474-1A3956D46DE8}") = "!DOC", "!DOC", "{B05B7550-7E3A-4DA8-9D83-31B5241ED45F}"
	ProjectSection(SolutionItems) = preProject
		!DOC\!!!.txt = !DOC\!!!.txt
	EndProjectSection
EndProject
Global
	GlobalSection(SolutionConfigurationPlatforms) = preSolution
		Debug|Any CPU = Debug|Any CPU
		Release|Any CPU = Release|Any CPU
	EndGlobalSection
	GlobalSection(ProjectConfigurationPlatforms) = postSolution
		{9C0DCB8B-745B-427D-8F09-AF4A93A1B045}.Debug|Any CPU.ActiveCfg = Debug|Any CPU
		{9C0DCB8B-745B-427D-8F09-AF4A93A1B045}.Debug|Any CPU.Build.0 = Debug|Any CPU
		{9C0DCB8B-745B-427D-8F09-AF4A93A1B045}.Release|Any CPU.ActiveCfg = Release|Any CPU
		{9C0DCB8B-745B-427D-8F09-AF4A93A1B045}.Release|Any CPU.Build.0 = Release|Any CPU
	EndGlobalSection
	GlobalSection(SolutionProperties) = preSolution
		HideSolutionNode = FALSE
	EndGlobalSection
	GlobalSection(ExtensibilityGlobals) = postSolution
		SolutionGuid = {1BFC2722-5388-4720-99C7-E7903509F93E}
	EndGlobalSection
EndGlobal
