
Microsoft Visual Studio Solution File, Format Version 9.00
# Visual Studio 2005
Project("{FAE04EC0-301F-11D3-BF4B-00C04F79EFBC}") = "EightBall", "EightBall\EightBall.csproj", "{8175FA55-2EE2-4D69-8C7D-A222E674ADEA}"
EndProject
Global
	GlobalSection(SolutionConfigurationPlatforms) = preSolution
		Debug|Any CPU = Debug|Any CPU
		Release|Any CPU = Release|Any CPU
	EndGlobalSection
	GlobalSection(ProjectConfigurationPlatforms) = postSolution
		{8175FA55-2EE2-4D69-8C7D-A222E674ADEA}.Debug|Any CPU.ActiveCfg = Debug|Any CPU
		{8175FA55-2EE2-4D69-8C7D-A222E674ADEA}.Debug|Any CPU.Build.0 = Debug|Any CPU
		{8175FA55-2EE2-4D69-8C7D-A222E674ADEA}.Release|Any CPU.ActiveCfg = Release|Any CPU
		{8175FA55-2EE2-4D69-8C7D-A222E674ADEA}.Release|Any CPU.Build.0 = Release|Any CPU
	EndGlobalSection
	GlobalSection(SolutionProperties) = preSolution
		HideSolutionNode = FALSE
	EndGlobalSection
EndGlobal
