
Microsoft Visual Studio Solution File, Format Version 12.00
# Visual Studio 15
VisualStudioVersion = 15.0.28010.2046
MinimumVisualStudioVersion = 10.0.40219.1
Project("{8BC9CEB8-8B4A-11D0-8D11-00A0C91BC942}") = "Locales", "Locales\Locales.vcxproj", "{8BA14D60-51BE-48A8-A022-B34F00860AF5}"
EndProject
Project("{2150E333-8FDC-42A3-9474-1A3956D46DE8}") = "!DOC", "!DOC", "{8EAA780B-7AE9-40DD-BFC2-90C907F8D516}"
	ProjectSection(SolutionItems) = preProject
		!DOC\!!!.txt = !DOC\!!!.txt
	EndProjectSection
EndProject
Global
	GlobalSection(SolutionConfigurationPlatforms) = preSolution
		Debug|x64 = Debug|x64
		Release|x64 = Release|x64
	EndGlobalSection
	GlobalSection(ProjectConfigurationPlatforms) = postSolution
		{8BA14D60-51BE-48A8-A022-B34F00860AF5}.Debug|x64.ActiveCfg = Debug|x64
		{8BA14D60-51BE-48A8-A022-B34F00860AF5}.Debug|x64.Build.0 = Debug|x64
		{8BA14D60-51BE-48A8-A022-B34F00860AF5}.Release|x64.ActiveCfg = Release|x64
		{8BA14D60-51BE-48A8-A022-B34F00860AF5}.Release|x64.Build.0 = Release|x64
	EndGlobalSection
	GlobalSection(SolutionProperties) = preSolution
		HideSolutionNode = FALSE
	EndGlobalSection
	GlobalSection(ExtensibilityGlobals) = postSolution
		SolutionGuid = {7198312F-7B20-4714-B5CB-A5BF61C63385}
	EndGlobalSection
EndGlobal
