
Microsoft Visual Studio Solution File, Format Version 11.00
# Visual Studio 2010
Project("{FAE04EC0-301F-11D3-BF4B-00C04F79EFBC}") = "OOMFinalizer", "OOMFinalizer\OOMFinalizer.csproj", "{EADAACD9-1637-4DB4-BA84-FEB175673C71}"
	ProjectSection(ProjectDependencies) = postProject
		{3D3E9FC9-6F1D-44A2-A177-F9D538BBC932} = {3D3E9FC9-6F1D-44A2-A177-F9D538BBC932}
	EndProjectSection
EndProject
Project("{8BC9CEB8-8B4A-11D0-8D11-00A0C91BC942}") = "MyNative", "MyNative\MyNative.vcxproj", "{3D3E9FC9-6F1D-44A2-A177-F9D538BBC932}"
EndProject
Project("{FAE04EC0-301F-11D3-BF4B-00C04F79EFBC}") = "Heap", "Heap\Heap.csproj", "{623BC762-3596-4FAE-8B81-EF9CF8840103}"
	ProjectSection(ProjectDependencies) = postProject
		{3D3E9FC9-6F1D-44A2-A177-F9D538BBC932} = {3D3E9FC9-6F1D-44A2-A177-F9D538BBC932}
	EndProjectSection
EndProject
Project("{FAE04EC0-301F-11D3-BF4B-00C04F79EFBC}") = "OOM", "OOM\OOM.csproj", "{212D6C1E-0108-45E1-AA82-4EFBBEBB12F3}"
EndProject
Project("{FAE04EC0-301F-11D3-BF4B-00C04F79EFBC}") = "Fragment", "Fragment\Fragment.csproj", "{D0EF8C9B-91A4-440C-95D8-EB50294FAA4D}"
EndProject
Project("{FAE04EC0-301F-11D3-BF4B-00C04F79EFBC}") = "SimpleAlloc", "SimpleAlloc\SimpleAlloc.csproj", "{120DD38F-EB87-4F50-80D8-D4F11C746549}"
EndProject
Project("{FAE04EC0-301F-11D3-BF4B-00C04F79EFBC}") = "Roots", "Roots\Roots.csproj", "{8F0BBE54-C87D-459D-A942-9AA1F232093B}"
EndProject
Project("{FAE04EC0-301F-11D3-BF4B-00C04F79EFBC}") = "Pinning", "Pinning\Pinning.csproj", "{8FAAC665-960E-4DFA-9555-4C865A7365F0}"
EndProject
Project("{FAE04EC0-301F-11D3-BF4B-00C04F79EFBC}") = "Generations", "Generations\Generations.csproj", "{BD778EE1-C393-4EF5-9D06-F3A1A6389ADF}"
EndProject
Project("{FAE04EC0-301F-11D3-BF4B-00C04F79EFBC}") = "LOH", "LOH\LOH.csproj", "{465B1E73-2F16-48DD-9CE0-8052DE4C30A0}"
EndProject
Project("{FAE04EC0-301F-11D3-BF4B-00C04F79EFBC}") = "SimpleFinalizer", "SimpleFinalizer\SimpleFinalizer.csproj", "{227902F5-2232-4A12-83FB-0054B69B7122}"
EndProject
Project("{FAE04EC0-301F-11D3-BF4B-00C04F79EFBC}") = "Fragment_NonPinned", "Fragment_NonPinned\Fragment_NonPinned.csproj", "{2C7B3303-C1F0-46C8-95D2-B395E4AC085A}"
EndProject
Global
	GlobalSection(SolutionConfigurationPlatforms) = preSolution
		Debug|Mixed Platforms = Debug|Mixed Platforms
		Debug|Win32 = Debug|Win32
		Debug|x64 = Debug|x64
		Debug|x86 = Debug|x86
		Release|Mixed Platforms = Release|Mixed Platforms
		Release|Win32 = Release|Win32
		Release|x64 = Release|x64
		Release|x86 = Release|x86
	EndGlobalSection
	GlobalSection(ProjectConfigurationPlatforms) = postSolution
		{EADAACD9-1637-4DB4-BA84-FEB175673C71}.Debug|Mixed Platforms.ActiveCfg = Debug|x64
		{EADAACD9-1637-4DB4-BA84-FEB175673C71}.Debug|Mixed Platforms.Build.0 = Debug|x64
		{EADAACD9-1637-4DB4-BA84-FEB175673C71}.Debug|Win32.ActiveCfg = Debug|x64
		{EADAACD9-1637-4DB4-BA84-FEB175673C71}.Debug|x64.ActiveCfg = Debug|x64
		{EADAACD9-1637-4DB4-BA84-FEB175673C71}.Debug|x64.Build.0 = Debug|x64
		{EADAACD9-1637-4DB4-BA84-FEB175673C71}.Debug|x86.ActiveCfg = Debug|x86
		{EADAACD9-1637-4DB4-BA84-FEB175673C71}.Debug|x86.Build.0 = Debug|x86
		{EADAACD9-1637-4DB4-BA84-FEB175673C71}.Release|Mixed Platforms.ActiveCfg = Release|x64
		{EADAACD9-1637-4DB4-BA84-FEB175673C71}.Release|Mixed Platforms.Build.0 = Release|x64
		{EADAACD9-1637-4DB4-BA84-FEB175673C71}.Release|Win32.ActiveCfg = Release|x64
		{EADAACD9-1637-4DB4-BA84-FEB175673C71}.Release|x64.ActiveCfg = Release|x64
		{EADAACD9-1637-4DB4-BA84-FEB175673C71}.Release|x64.Build.0 = Release|x64
		{EADAACD9-1637-4DB4-BA84-FEB175673C71}.Release|x86.ActiveCfg = Release|x86
		{EADAACD9-1637-4DB4-BA84-FEB175673C71}.Release|x86.Build.0 = Release|x86
		{3D3E9FC9-6F1D-44A2-A177-F9D538BBC932}.Debug|Mixed Platforms.ActiveCfg = Debug|x64
		{3D3E9FC9-6F1D-44A2-A177-F9D538BBC932}.Debug|Mixed Platforms.Build.0 = Debug|x64
		{3D3E9FC9-6F1D-44A2-A177-F9D538BBC932}.Debug|Win32.ActiveCfg = Debug|Win32
		{3D3E9FC9-6F1D-44A2-A177-F9D538BBC932}.Debug|Win32.Build.0 = Debug|Win32
		{3D3E9FC9-6F1D-44A2-A177-F9D538BBC932}.Debug|x64.ActiveCfg = Debug|x64
		{3D3E9FC9-6F1D-44A2-A177-F9D538BBC932}.Debug|x64.Build.0 = Debug|x64
		{3D3E9FC9-6F1D-44A2-A177-F9D538BBC932}.Debug|x86.ActiveCfg = Debug|Win32
		{3D3E9FC9-6F1D-44A2-A177-F9D538BBC932}.Debug|x86.Build.0 = Debug|Win32
		{3D3E9FC9-6F1D-44A2-A177-F9D538BBC932}.Release|Mixed Platforms.ActiveCfg = Release|x64
		{3D3E9FC9-6F1D-44A2-A177-F9D538BBC932}.Release|Mixed Platforms.Build.0 = Release|x64
		{3D3E9FC9-6F1D-44A2-A177-F9D538BBC932}.Release|Win32.ActiveCfg = Release|Win32
		{3D3E9FC9-6F1D-44A2-A177-F9D538BBC932}.Release|Win32.Build.0 = Release|Win32
		{3D3E9FC9-6F1D-44A2-A177-F9D538BBC932}.Release|x64.ActiveCfg = Release|x64
		{3D3E9FC9-6F1D-44A2-A177-F9D538BBC932}.Release|x64.Build.0 = Release|x64
		{3D3E9FC9-6F1D-44A2-A177-F9D538BBC932}.Release|x86.ActiveCfg = Release|x64
		{623BC762-3596-4FAE-8B81-EF9CF8840103}.Debug|Mixed Platforms.ActiveCfg = Debug|x64
		{623BC762-3596-4FAE-8B81-EF9CF8840103}.Debug|Mixed Platforms.Build.0 = Debug|x64
		{623BC762-3596-4FAE-8B81-EF9CF8840103}.Debug|Win32.ActiveCfg = Debug|x64
		{623BC762-3596-4FAE-8B81-EF9CF8840103}.Debug|x64.ActiveCfg = Debug|x64
		{623BC762-3596-4FAE-8B81-EF9CF8840103}.Debug|x64.Build.0 = Debug|x64
		{623BC762-3596-4FAE-8B81-EF9CF8840103}.Debug|x86.ActiveCfg = Debug|x86
		{623BC762-3596-4FAE-8B81-EF9CF8840103}.Debug|x86.Build.0 = Debug|x86
		{623BC762-3596-4FAE-8B81-EF9CF8840103}.Release|Mixed Platforms.ActiveCfg = Release|x64
		{623BC762-3596-4FAE-8B81-EF9CF8840103}.Release|Mixed Platforms.Build.0 = Release|x64
		{623BC762-3596-4FAE-8B81-EF9CF8840103}.Release|Win32.ActiveCfg = Release|x64
		{623BC762-3596-4FAE-8B81-EF9CF8840103}.Release|x64.ActiveCfg = Release|x64
		{623BC762-3596-4FAE-8B81-EF9CF8840103}.Release|x64.Build.0 = Release|x64
		{623BC762-3596-4FAE-8B81-EF9CF8840103}.Release|x86.ActiveCfg = Release|x86
		{623BC762-3596-4FAE-8B81-EF9CF8840103}.Release|x86.Build.0 = Release|x86
		{212D6C1E-0108-45E1-AA82-4EFBBEBB12F3}.Debug|Mixed Platforms.ActiveCfg = Debug|x64
		{212D6C1E-0108-45E1-AA82-4EFBBEBB12F3}.Debug|Mixed Platforms.Build.0 = Debug|x64
		{212D6C1E-0108-45E1-AA82-4EFBBEBB12F3}.Debug|Win32.ActiveCfg = Debug|x64
		{212D6C1E-0108-45E1-AA82-4EFBBEBB12F3}.Debug|x64.ActiveCfg = Debug|x64
		{212D6C1E-0108-45E1-AA82-4EFBBEBB12F3}.Debug|x64.Build.0 = Debug|x64
		{212D6C1E-0108-45E1-AA82-4EFBBEBB12F3}.Debug|x86.ActiveCfg = Debug|x86
		{212D6C1E-0108-45E1-AA82-4EFBBEBB12F3}.Debug|x86.Build.0 = Debug|x86
		{212D6C1E-0108-45E1-AA82-4EFBBEBB12F3}.Release|Mixed Platforms.ActiveCfg = Release|x64
		{212D6C1E-0108-45E1-AA82-4EFBBEBB12F3}.Release|Mixed Platforms.Build.0 = Release|x64
		{212D6C1E-0108-45E1-AA82-4EFBBEBB12F3}.Release|Win32.ActiveCfg = Release|x64
		{212D6C1E-0108-45E1-AA82-4EFBBEBB12F3}.Release|x64.ActiveCfg = Release|x64
		{212D6C1E-0108-45E1-AA82-4EFBBEBB12F3}.Release|x64.Build.0 = Release|x64
		{212D6C1E-0108-45E1-AA82-4EFBBEBB12F3}.Release|x86.ActiveCfg = Release|x86
		{212D6C1E-0108-45E1-AA82-4EFBBEBB12F3}.Release|x86.Build.0 = Release|x86
		{D0EF8C9B-91A4-440C-95D8-EB50294FAA4D}.Debug|Mixed Platforms.ActiveCfg = Debug|x64
		{D0EF8C9B-91A4-440C-95D8-EB50294FAA4D}.Debug|Mixed Platforms.Build.0 = Debug|x64
		{D0EF8C9B-91A4-440C-95D8-EB50294FAA4D}.Debug|Win32.ActiveCfg = Debug|x64
		{D0EF8C9B-91A4-440C-95D8-EB50294FAA4D}.Debug|x64.ActiveCfg = Debug|x64
		{D0EF8C9B-91A4-440C-95D8-EB50294FAA4D}.Debug|x64.Build.0 = Debug|x64
		{D0EF8C9B-91A4-440C-95D8-EB50294FAA4D}.Debug|x86.ActiveCfg = Debug|x86
		{D0EF8C9B-91A4-440C-95D8-EB50294FAA4D}.Debug|x86.Build.0 = Debug|x86
		{D0EF8C9B-91A4-440C-95D8-EB50294FAA4D}.Release|Mixed Platforms.ActiveCfg = Release|x64
		{D0EF8C9B-91A4-440C-95D8-EB50294FAA4D}.Release|Mixed Platforms.Build.0 = Release|x64
		{D0EF8C9B-91A4-440C-95D8-EB50294FAA4D}.Release|Win32.ActiveCfg = Release|x64
		{D0EF8C9B-91A4-440C-95D8-EB50294FAA4D}.Release|x64.ActiveCfg = Release|x64
		{D0EF8C9B-91A4-440C-95D8-EB50294FAA4D}.Release|x64.Build.0 = Release|x64
		{D0EF8C9B-91A4-440C-95D8-EB50294FAA4D}.Release|x86.ActiveCfg = Release|x86
		{D0EF8C9B-91A4-440C-95D8-EB50294FAA4D}.Release|x86.Build.0 = Release|x86
		{120DD38F-EB87-4F50-80D8-D4F11C746549}.Debug|Mixed Platforms.ActiveCfg = Debug|x64
		{120DD38F-EB87-4F50-80D8-D4F11C746549}.Debug|Mixed Platforms.Build.0 = Debug|x64
		{120DD38F-EB87-4F50-80D8-D4F11C746549}.Debug|Win32.ActiveCfg = Debug|x64
		{120DD38F-EB87-4F50-80D8-D4F11C746549}.Debug|x64.ActiveCfg = Debug|x64
		{120DD38F-EB87-4F50-80D8-D4F11C746549}.Debug|x64.Build.0 = Debug|x64
		{120DD38F-EB87-4F50-80D8-D4F11C746549}.Debug|x86.ActiveCfg = Debug|x86
		{120DD38F-EB87-4F50-80D8-D4F11C746549}.Debug|x86.Build.0 = Debug|x86
		{120DD38F-EB87-4F50-80D8-D4F11C746549}.Release|Mixed Platforms.ActiveCfg = Release|x64
		{120DD38F-EB87-4F50-80D8-D4F11C746549}.Release|Mixed Platforms.Build.0 = Release|x64
		{120DD38F-EB87-4F50-80D8-D4F11C746549}.Release|Win32.ActiveCfg = Release|x64
		{120DD38F-EB87-4F50-80D8-D4F11C746549}.Release|x64.ActiveCfg = Release|x64
		{120DD38F-EB87-4F50-80D8-D4F11C746549}.Release|x64.Build.0 = Release|x64
		{120DD38F-EB87-4F50-80D8-D4F11C746549}.Release|x86.ActiveCfg = Release|x86
		{120DD38F-EB87-4F50-80D8-D4F11C746549}.Release|x86.Build.0 = Release|x86
		{8F0BBE54-C87D-459D-A942-9AA1F232093B}.Debug|Mixed Platforms.ActiveCfg = Debug|x64
		{8F0BBE54-C87D-459D-A942-9AA1F232093B}.Debug|Mixed Platforms.Build.0 = Debug|x64
		{8F0BBE54-C87D-459D-A942-9AA1F232093B}.Debug|Win32.ActiveCfg = Debug|x64
		{8F0BBE54-C87D-459D-A942-9AA1F232093B}.Debug|x64.ActiveCfg = Debug|x64
		{8F0BBE54-C87D-459D-A942-9AA1F232093B}.Debug|x64.Build.0 = Debug|x64
		{8F0BBE54-C87D-459D-A942-9AA1F232093B}.Debug|x86.ActiveCfg = Debug|x86
		{8F0BBE54-C87D-459D-A942-9AA1F232093B}.Debug|x86.Build.0 = Debug|x86
		{8F0BBE54-C87D-459D-A942-9AA1F232093B}.Release|Mixed Platforms.ActiveCfg = Release|x64
		{8F0BBE54-C87D-459D-A942-9AA1F232093B}.Release|Mixed Platforms.Build.0 = Release|x64
		{8F0BBE54-C87D-459D-A942-9AA1F232093B}.Release|Win32.ActiveCfg = Release|x64
		{8F0BBE54-C87D-459D-A942-9AA1F232093B}.Release|x64.ActiveCfg = Release|x64
		{8F0BBE54-C87D-459D-A942-9AA1F232093B}.Release|x64.Build.0 = Release|x64
		{8F0BBE54-C87D-459D-A942-9AA1F232093B}.Release|x86.ActiveCfg = Release|x86
		{8F0BBE54-C87D-459D-A942-9AA1F232093B}.Release|x86.Build.0 = Release|x86
		{8FAAC665-960E-4DFA-9555-4C865A7365F0}.Debug|Mixed Platforms.ActiveCfg = Debug|x64
		{8FAAC665-960E-4DFA-9555-4C865A7365F0}.Debug|Mixed Platforms.Build.0 = Debug|x64
		{8FAAC665-960E-4DFA-9555-4C865A7365F0}.Debug|Win32.ActiveCfg = Debug|x64
		{8FAAC665-960E-4DFA-9555-4C865A7365F0}.Debug|x64.ActiveCfg = Debug|x64
		{8FAAC665-960E-4DFA-9555-4C865A7365F0}.Debug|x64.Build.0 = Debug|x64
		{8FAAC665-960E-4DFA-9555-4C865A7365F0}.Debug|x86.ActiveCfg = Debug|x86
		{8FAAC665-960E-4DFA-9555-4C865A7365F0}.Debug|x86.Build.0 = Debug|x86
		{8FAAC665-960E-4DFA-9555-4C865A7365F0}.Release|Mixed Platforms.ActiveCfg = Release|x64
		{8FAAC665-960E-4DFA-9555-4C865A7365F0}.Release|Mixed Platforms.Build.0 = Release|x64
		{8FAAC665-960E-4DFA-9555-4C865A7365F0}.Release|Win32.ActiveCfg = Release|x64
		{8FAAC665-960E-4DFA-9555-4C865A7365F0}.Release|x64.ActiveCfg = Release|x64
		{8FAAC665-960E-4DFA-9555-4C865A7365F0}.Release|x64.Build.0 = Release|x64
		{8FAAC665-960E-4DFA-9555-4C865A7365F0}.Release|x86.ActiveCfg = Release|x86
		{8FAAC665-960E-4DFA-9555-4C865A7365F0}.Release|x86.Build.0 = Release|x86
		{BD778EE1-C393-4EF5-9D06-F3A1A6389ADF}.Debug|Mixed Platforms.ActiveCfg = Debug|x64
		{BD778EE1-C393-4EF5-9D06-F3A1A6389ADF}.Debug|Mixed Platforms.Build.0 = Debug|x64
		{BD778EE1-C393-4EF5-9D06-F3A1A6389ADF}.Debug|Win32.ActiveCfg = Debug|x64
		{BD778EE1-C393-4EF5-9D06-F3A1A6389ADF}.Debug|x64.ActiveCfg = Debug|x64
		{BD778EE1-C393-4EF5-9D06-F3A1A6389ADF}.Debug|x64.Build.0 = Debug|x64
		{BD778EE1-C393-4EF5-9D06-F3A1A6389ADF}.Debug|x86.ActiveCfg = Debug|x86
		{BD778EE1-C393-4EF5-9D06-F3A1A6389ADF}.Debug|x86.Build.0 = Debug|x86
		{BD778EE1-C393-4EF5-9D06-F3A1A6389ADF}.Release|Mixed Platforms.ActiveCfg = Release|x64
		{BD778EE1-C393-4EF5-9D06-F3A1A6389ADF}.Release|Mixed Platforms.Build.0 = Release|x64
		{BD778EE1-C393-4EF5-9D06-F3A1A6389ADF}.Release|Win32.ActiveCfg = Release|x64
		{BD778EE1-C393-4EF5-9D06-F3A1A6389ADF}.Release|x64.ActiveCfg = Release|x64
		{BD778EE1-C393-4EF5-9D06-F3A1A6389ADF}.Release|x64.Build.0 = Release|x64
		{BD778EE1-C393-4EF5-9D06-F3A1A6389ADF}.Release|x86.ActiveCfg = Release|x86
		{BD778EE1-C393-4EF5-9D06-F3A1A6389ADF}.Release|x86.Build.0 = Release|x86
		{465B1E73-2F16-48DD-9CE0-8052DE4C30A0}.Debug|Mixed Platforms.ActiveCfg = Debug|x64
		{465B1E73-2F16-48DD-9CE0-8052DE4C30A0}.Debug|Mixed Platforms.Build.0 = Debug|x64
		{465B1E73-2F16-48DD-9CE0-8052DE4C30A0}.Debug|Win32.ActiveCfg = Debug|x64
		{465B1E73-2F16-48DD-9CE0-8052DE4C30A0}.Debug|x64.ActiveCfg = Debug|x64
		{465B1E73-2F16-48DD-9CE0-8052DE4C30A0}.Debug|x64.Build.0 = Debug|x64
		{465B1E73-2F16-48DD-9CE0-8052DE4C30A0}.Debug|x86.ActiveCfg = Debug|x86
		{465B1E73-2F16-48DD-9CE0-8052DE4C30A0}.Debug|x86.Build.0 = Debug|x86
		{465B1E73-2F16-48DD-9CE0-8052DE4C30A0}.Release|Mixed Platforms.ActiveCfg = Release|x64
		{465B1E73-2F16-48DD-9CE0-8052DE4C30A0}.Release|Mixed Platforms.Build.0 = Release|x64
		{465B1E73-2F16-48DD-9CE0-8052DE4C30A0}.Release|Win32.ActiveCfg = Release|x64
		{465B1E73-2F16-48DD-9CE0-8052DE4C30A0}.Release|x64.ActiveCfg = Release|x64
		{465B1E73-2F16-48DD-9CE0-8052DE4C30A0}.Release|x64.Build.0 = Release|x64
		{465B1E73-2F16-48DD-9CE0-8052DE4C30A0}.Release|x86.ActiveCfg = Release|x86
		{465B1E73-2F16-48DD-9CE0-8052DE4C30A0}.Release|x86.Build.0 = Release|x86
		{227902F5-2232-4A12-83FB-0054B69B7122}.Debug|Mixed Platforms.ActiveCfg = Debug|x64
		{227902F5-2232-4A12-83FB-0054B69B7122}.Debug|Mixed Platforms.Build.0 = Debug|x64
		{227902F5-2232-4A12-83FB-0054B69B7122}.Debug|Win32.ActiveCfg = Debug|x86
		{227902F5-2232-4A12-83FB-0054B69B7122}.Debug|x64.ActiveCfg = Debug|x64
		{227902F5-2232-4A12-83FB-0054B69B7122}.Debug|x64.Build.0 = Debug|x64
		{227902F5-2232-4A12-83FB-0054B69B7122}.Debug|x86.ActiveCfg = Debug|x86
		{227902F5-2232-4A12-83FB-0054B69B7122}.Debug|x86.Build.0 = Debug|x86
		{227902F5-2232-4A12-83FB-0054B69B7122}.Release|Mixed Platforms.ActiveCfg = Release|x86
		{227902F5-2232-4A12-83FB-0054B69B7122}.Release|Mixed Platforms.Build.0 = Release|x86
		{227902F5-2232-4A12-83FB-0054B69B7122}.Release|Win32.ActiveCfg = Release|x86
		{227902F5-2232-4A12-83FB-0054B69B7122}.Release|x64.ActiveCfg = Release|x86
		{227902F5-2232-4A12-83FB-0054B69B7122}.Release|x86.ActiveCfg = Release|x86
		{227902F5-2232-4A12-83FB-0054B69B7122}.Release|x86.Build.0 = Release|x86
		{2C7B3303-C1F0-46C8-95D2-B395E4AC085A}.Debug|Mixed Platforms.ActiveCfg = Debug|x86
		{2C7B3303-C1F0-46C8-95D2-B395E4AC085A}.Debug|Mixed Platforms.Build.0 = Debug|x86
		{2C7B3303-C1F0-46C8-95D2-B395E4AC085A}.Debug|Win32.ActiveCfg = Debug|x86
		{2C7B3303-C1F0-46C8-95D2-B395E4AC085A}.Debug|x64.ActiveCfg = Debug|x64
		{2C7B3303-C1F0-46C8-95D2-B395E4AC085A}.Debug|x64.Build.0 = Debug|x64
		{2C7B3303-C1F0-46C8-95D2-B395E4AC085A}.Debug|x86.ActiveCfg = Debug|x86
		{2C7B3303-C1F0-46C8-95D2-B395E4AC085A}.Debug|x86.Build.0 = Debug|x86
		{2C7B3303-C1F0-46C8-95D2-B395E4AC085A}.Release|Mixed Platforms.ActiveCfg = Release|x86
		{2C7B3303-C1F0-46C8-95D2-B395E4AC085A}.Release|Mixed Platforms.Build.0 = Release|x86
		{2C7B3303-C1F0-46C8-95D2-B395E4AC085A}.Release|Win32.ActiveCfg = Release|x86
		{2C7B3303-C1F0-46C8-95D2-B395E4AC085A}.Release|x64.ActiveCfg = Release|x86
		{2C7B3303-C1F0-46C8-95D2-B395E4AC085A}.Release|x86.ActiveCfg = Release|x86
		{2C7B3303-C1F0-46C8-95D2-B395E4AC085A}.Release|x86.Build.0 = Release|x86
	EndGlobalSection
	GlobalSection(SolutionProperties) = preSolution
		HideSolutionNode = FALSE
	EndGlobalSection
EndGlobal
