
Microsoft Visual Studio Solution File, Format Version 11.00
# Visual Studio 2010
Project("{FAE04EC0-301F-11D3-BF4B-00C04F79EFBC}") = "PerCallLibrary", "PerCallLibrary\PerCallLibrary.csproj", "{0D77D50C-2381-4506-9C9F-37C6BB775D86}"
EndProject
Project("{FAE04EC0-301F-11D3-BF4B-00C04F79EFBC}") = "PerCallService", "PerCallService\PerCallService.csproj", "{5227CFCB-8EE1-441D-8857-B5F1BF695B11}"
EndProject
Project("{FAE04EC0-301F-11D3-BF4B-00C04F79EFBC}") = "PerCallClient", "PerCallClient\PerCallClient.csproj", "{14E0AED4-44A3-4B6C-AAC9-68D1D7D640B9}"
EndProject
Global
	GlobalSection(SolutionConfigurationPlatforms) = preSolution
		Debug|Any CPU = Debug|Any CPU
		Release|Any CPU = Release|Any CPU
	EndGlobalSection
	GlobalSection(ProjectConfigurationPlatforms) = postSolution
		{0D77D50C-2381-4506-9C9F-37C6BB775D86}.Debug|Any CPU.ActiveCfg = Debug|Any CPU
		{0D77D50C-2381-4506-9C9F-37C6BB775D86}.Debug|Any CPU.Build.0 = Debug|Any CPU
		{0D77D50C-2381-4506-9C9F-37C6BB775D86}.Release|Any CPU.ActiveCfg = Release|Any CPU
		{0D77D50C-2381-4506-9C9F-37C6BB775D86}.Release|Any CPU.Build.0 = Release|Any CPU
		{5227CFCB-8EE1-441D-8857-B5F1BF695B11}.Debug|Any CPU.ActiveCfg = Debug|Any CPU
		{5227CFCB-8EE1-441D-8857-B5F1BF695B11}.Debug|Any CPU.Build.0 = Debug|Any CPU
		{5227CFCB-8EE1-441D-8857-B5F1BF695B11}.Release|Any CPU.ActiveCfg = Release|Any CPU
		{5227CFCB-8EE1-441D-8857-B5F1BF695B11}.Release|Any CPU.Build.0 = Release|Any CPU
		{14E0AED4-44A3-4B6C-AAC9-68D1D7D640B9}.Debug|Any CPU.ActiveCfg = Debug|Any CPU
		{14E0AED4-44A3-4B6C-AAC9-68D1D7D640B9}.Debug|Any CPU.Build.0 = Debug|Any CPU
		{14E0AED4-44A3-4B6C-AAC9-68D1D7D640B9}.Release|Any CPU.ActiveCfg = Release|Any CPU
		{14E0AED4-44A3-4B6C-AAC9-68D1D7D640B9}.Release|Any CPU.Build.0 = Release|Any CPU
	EndGlobalSection
	GlobalSection(SolutionProperties) = preSolution
		HideSolutionNode = FALSE
	EndGlobalSection
EndGlobal
