
Microsoft Visual Studio Solution File, Format Version 12.00
# Visual Studio 2013
VisualStudioVersion = 12.0.30110.0
MinimumVisualStudioVersion = 10.0.40219.1
Project("{8BC9CEB8-8B4A-11D0-8D11-00A0C91BC942}") = "MyCLRHostLoader", "MyCLRHostLoader\MyCLRHostLoader.vcxproj", "{8F00E60A-69B5-4C8D-8420-A97F411869A1}"
	ProjectSection(ProjectDependencies) = postProject
		{C8AB23C3-7250-4407-A847-48A64527DD6C} = {C8AB23C3-7250-4407-A847-48A64527DD6C}
	EndProjectSection
EndProject
Project("{FAE04EC0-301F-11D3-BF4B-00C04F79EFBC}") = "ManagedAssembly", "ManagedAssembly\ManagedAssembly.csproj", "{C8AB23C3-7250-4407-A847-48A64527DD6C}"
EndProject
Project("{FAE04EC0-301F-11D3-BF4B-00C04F79EFBC}") = "AppDomains", "AppDomains\AppDomains.csproj", "{1EC296C7-7778-4F53-BADA-C9FED3B369BD}"
EndProject
Project("{2150E333-8FDC-42A3-9474-1A3956D46DE8}") = "!DOC", "!DOC", "{0AB7C0FA-25E5-4AAC-A66C-8E3CC98D0B07}"
	ProjectSection(SolutionItems) = preProject
		!!!.txt = !!!.txt
	EndProjectSection
EndProject
Project("{FAE04EC0-301F-11D3-BF4B-00C04F79EFBC}") = "ExecutableAssembly", "ExecutableAssembly\ExecutableAssembly.csproj", "{6E4A8CCF-F157-40E8-9F1E-C3AB92344B3E}"
EndProject
Project("{FAE04EC0-301F-11D3-BF4B-00C04F79EFBC}") = "SlowAssembly", "SlowAssembly\SlowAssembly.csproj", "{7CBBED0A-82AC-430E-9F38-E31234B1B8C7}"
EndProject
Project("{FAE04EC0-301F-11D3-BF4B-00C04F79EFBC}") = "SlowFinallyAssembly", "SlowFinallyAssembly\SlowFinallyAssembly.csproj", "{C36EC8B7-16BA-4A71-820E-05FD8326F231}"
EndProject
Global
	GlobalSection(SolutionConfigurationPlatforms) = preSolution
		Debug|Any CPU = Debug|Any CPU
		Debug|Mixed Platforms = Debug|Mixed Platforms
		Debug|Win32 = Debug|Win32
		Debug|x64 = Debug|x64
		Debug|x86 = Debug|x86
		Release|Any CPU = Release|Any CPU
		Release|Mixed Platforms = Release|Mixed Platforms
		Release|Win32 = Release|Win32
		Release|x64 = Release|x64
		Release|x86 = Release|x86
	EndGlobalSection
	GlobalSection(ProjectConfigurationPlatforms) = postSolution
		{8F00E60A-69B5-4C8D-8420-A97F411869A1}.Debug|Any CPU.ActiveCfg = Debug|x64
		{8F00E60A-69B5-4C8D-8420-A97F411869A1}.Debug|Mixed Platforms.ActiveCfg = Debug|x64
		{8F00E60A-69B5-4C8D-8420-A97F411869A1}.Debug|Mixed Platforms.Build.0 = Debug|x64
		{8F00E60A-69B5-4C8D-8420-A97F411869A1}.Debug|Win32.ActiveCfg = Debug|x64
		{8F00E60A-69B5-4C8D-8420-A97F411869A1}.Debug|Win32.Build.0 = Debug|x64
		{8F00E60A-69B5-4C8D-8420-A97F411869A1}.Debug|x64.ActiveCfg = Debug|x64
		{8F00E60A-69B5-4C8D-8420-A97F411869A1}.Debug|x64.Build.0 = Debug|x64
		{8F00E60A-69B5-4C8D-8420-A97F411869A1}.Debug|x86.ActiveCfg = Debug|x64
		{8F00E60A-69B5-4C8D-8420-A97F411869A1}.Release|Any CPU.ActiveCfg = Release|x64
		{8F00E60A-69B5-4C8D-8420-A97F411869A1}.Release|Mixed Platforms.ActiveCfg = Release|x64
		{8F00E60A-69B5-4C8D-8420-A97F411869A1}.Release|Mixed Platforms.Build.0 = Release|x64
		{8F00E60A-69B5-4C8D-8420-A97F411869A1}.Release|Win32.ActiveCfg = Release|Win32
		{8F00E60A-69B5-4C8D-8420-A97F411869A1}.Release|Win32.Build.0 = Release|Win32
		{8F00E60A-69B5-4C8D-8420-A97F411869A1}.Release|x64.ActiveCfg = Release|x64
		{8F00E60A-69B5-4C8D-8420-A97F411869A1}.Release|x64.Build.0 = Release|x64
		{8F00E60A-69B5-4C8D-8420-A97F411869A1}.Release|x86.ActiveCfg = Release|x64
		{C8AB23C3-7250-4407-A847-48A64527DD6C}.Debug|Any CPU.ActiveCfg = Debug|Any CPU
		{C8AB23C3-7250-4407-A847-48A64527DD6C}.Debug|Any CPU.Build.0 = Debug|Any CPU
		{C8AB23C3-7250-4407-A847-48A64527DD6C}.Debug|Mixed Platforms.ActiveCfg = Debug|Any CPU
		{C8AB23C3-7250-4407-A847-48A64527DD6C}.Debug|Mixed Platforms.Build.0 = Debug|Any CPU
		{C8AB23C3-7250-4407-A847-48A64527DD6C}.Debug|Win32.ActiveCfg = Debug|Any CPU
		{C8AB23C3-7250-4407-A847-48A64527DD6C}.Debug|x64.ActiveCfg = Debug|Any CPU
		{C8AB23C3-7250-4407-A847-48A64527DD6C}.Debug|x86.ActiveCfg = Debug|Any CPU
		{C8AB23C3-7250-4407-A847-48A64527DD6C}.Release|Any CPU.ActiveCfg = Release|Any CPU
		{C8AB23C3-7250-4407-A847-48A64527DD6C}.Release|Any CPU.Build.0 = Release|Any CPU
		{C8AB23C3-7250-4407-A847-48A64527DD6C}.Release|Mixed Platforms.ActiveCfg = Release|Any CPU
		{C8AB23C3-7250-4407-A847-48A64527DD6C}.Release|Mixed Platforms.Build.0 = Release|Any CPU
		{C8AB23C3-7250-4407-A847-48A64527DD6C}.Release|Win32.ActiveCfg = Release|Any CPU
		{C8AB23C3-7250-4407-A847-48A64527DD6C}.Release|x64.ActiveCfg = Release|Any CPU
		{C8AB23C3-7250-4407-A847-48A64527DD6C}.Release|x86.ActiveCfg = Release|Any CPU
		{1EC296C7-7778-4F53-BADA-C9FED3B369BD}.Debug|Any CPU.ActiveCfg = Debug|x86
		{1EC296C7-7778-4F53-BADA-C9FED3B369BD}.Debug|Mixed Platforms.ActiveCfg = Debug|Any CPU
		{1EC296C7-7778-4F53-BADA-C9FED3B369BD}.Debug|Mixed Platforms.Build.0 = Debug|Any CPU
		{1EC296C7-7778-4F53-BADA-C9FED3B369BD}.Debug|Win32.ActiveCfg = Debug|x86
		{1EC296C7-7778-4F53-BADA-C9FED3B369BD}.Debug|x64.ActiveCfg = Debug|x86
		{1EC296C7-7778-4F53-BADA-C9FED3B369BD}.Debug|x86.ActiveCfg = Debug|x86
		{1EC296C7-7778-4F53-BADA-C9FED3B369BD}.Debug|x86.Build.0 = Debug|x86
		{1EC296C7-7778-4F53-BADA-C9FED3B369BD}.Release|Any CPU.ActiveCfg = Release|x86
		{1EC296C7-7778-4F53-BADA-C9FED3B369BD}.Release|Mixed Platforms.ActiveCfg = Release|x86
		{1EC296C7-7778-4F53-BADA-C9FED3B369BD}.Release|Mixed Platforms.Build.0 = Release|x86
		{1EC296C7-7778-4F53-BADA-C9FED3B369BD}.Release|Win32.ActiveCfg = Release|x86
		{1EC296C7-7778-4F53-BADA-C9FED3B369BD}.Release|x64.ActiveCfg = Release|x86
		{1EC296C7-7778-4F53-BADA-C9FED3B369BD}.Release|x86.ActiveCfg = Release|x86
		{1EC296C7-7778-4F53-BADA-C9FED3B369BD}.Release|x86.Build.0 = Release|x86
		{6E4A8CCF-F157-40E8-9F1E-C3AB92344B3E}.Debug|Any CPU.ActiveCfg = Debug|Any CPU
		{6E4A8CCF-F157-40E8-9F1E-C3AB92344B3E}.Debug|Any CPU.Build.0 = Debug|Any CPU
		{6E4A8CCF-F157-40E8-9F1E-C3AB92344B3E}.Debug|Mixed Platforms.ActiveCfg = Debug|Any CPU
		{6E4A8CCF-F157-40E8-9F1E-C3AB92344B3E}.Debug|Mixed Platforms.Build.0 = Debug|Any CPU
		{6E4A8CCF-F157-40E8-9F1E-C3AB92344B3E}.Debug|Win32.ActiveCfg = Debug|Any CPU
		{6E4A8CCF-F157-40E8-9F1E-C3AB92344B3E}.Debug|x64.ActiveCfg = Debug|Any CPU
		{6E4A8CCF-F157-40E8-9F1E-C3AB92344B3E}.Debug|x86.ActiveCfg = Debug|Any CPU
		{6E4A8CCF-F157-40E8-9F1E-C3AB92344B3E}.Release|Any CPU.ActiveCfg = Release|Any CPU
		{6E4A8CCF-F157-40E8-9F1E-C3AB92344B3E}.Release|Any CPU.Build.0 = Release|Any CPU
		{6E4A8CCF-F157-40E8-9F1E-C3AB92344B3E}.Release|Mixed Platforms.ActiveCfg = Release|Any CPU
		{6E4A8CCF-F157-40E8-9F1E-C3AB92344B3E}.Release|Mixed Platforms.Build.0 = Release|Any CPU
		{6E4A8CCF-F157-40E8-9F1E-C3AB92344B3E}.Release|Win32.ActiveCfg = Release|Any CPU
		{6E4A8CCF-F157-40E8-9F1E-C3AB92344B3E}.Release|x64.ActiveCfg = Release|Any CPU
		{6E4A8CCF-F157-40E8-9F1E-C3AB92344B3E}.Release|x86.ActiveCfg = Release|Any CPU
		{7CBBED0A-82AC-430E-9F38-E31234B1B8C7}.Debug|Any CPU.ActiveCfg = Debug|Any CPU
		{7CBBED0A-82AC-430E-9F38-E31234B1B8C7}.Debug|Any CPU.Build.0 = Debug|Any CPU
		{7CBBED0A-82AC-430E-9F38-E31234B1B8C7}.Debug|Mixed Platforms.ActiveCfg = Debug|Any CPU
		{7CBBED0A-82AC-430E-9F38-E31234B1B8C7}.Debug|Mixed Platforms.Build.0 = Debug|Any CPU
		{7CBBED0A-82AC-430E-9F38-E31234B1B8C7}.Debug|Win32.ActiveCfg = Debug|Any CPU
		{7CBBED0A-82AC-430E-9F38-E31234B1B8C7}.Debug|x64.ActiveCfg = Debug|Any CPU
		{7CBBED0A-82AC-430E-9F38-E31234B1B8C7}.Debug|x86.ActiveCfg = Debug|Any CPU
		{7CBBED0A-82AC-430E-9F38-E31234B1B8C7}.Release|Any CPU.ActiveCfg = Release|Any CPU
		{7CBBED0A-82AC-430E-9F38-E31234B1B8C7}.Release|Any CPU.Build.0 = Release|Any CPU
		{7CBBED0A-82AC-430E-9F38-E31234B1B8C7}.Release|Mixed Platforms.ActiveCfg = Release|Any CPU
		{7CBBED0A-82AC-430E-9F38-E31234B1B8C7}.Release|Mixed Platforms.Build.0 = Release|Any CPU
		{7CBBED0A-82AC-430E-9F38-E31234B1B8C7}.Release|Win32.ActiveCfg = Release|Any CPU
		{7CBBED0A-82AC-430E-9F38-E31234B1B8C7}.Release|x64.ActiveCfg = Release|Any CPU
		{7CBBED0A-82AC-430E-9F38-E31234B1B8C7}.Release|x86.ActiveCfg = Release|Any CPU
		{C36EC8B7-16BA-4A71-820E-05FD8326F231}.Debug|Any CPU.ActiveCfg = Debug|Any CPU
		{C36EC8B7-16BA-4A71-820E-05FD8326F231}.Debug|Any CPU.Build.0 = Debug|Any CPU
		{C36EC8B7-16BA-4A71-820E-05FD8326F231}.Debug|Mixed Platforms.ActiveCfg = Debug|Any CPU
		{C36EC8B7-16BA-4A71-820E-05FD8326F231}.Debug|Mixed Platforms.Build.0 = Debug|Any CPU
		{C36EC8B7-16BA-4A71-820E-05FD8326F231}.Debug|Win32.ActiveCfg = Debug|Any CPU
		{C36EC8B7-16BA-4A71-820E-05FD8326F231}.Debug|x64.ActiveCfg = Debug|Any CPU
		{C36EC8B7-16BA-4A71-820E-05FD8326F231}.Debug|x86.ActiveCfg = Debug|Any CPU
		{C36EC8B7-16BA-4A71-820E-05FD8326F231}.Release|Any CPU.ActiveCfg = Release|Any CPU
		{C36EC8B7-16BA-4A71-820E-05FD8326F231}.Release|Any CPU.Build.0 = Release|Any CPU
		{C36EC8B7-16BA-4A71-820E-05FD8326F231}.Release|Mixed Platforms.ActiveCfg = Release|Any CPU
		{C36EC8B7-16BA-4A71-820E-05FD8326F231}.Release|Mixed Platforms.Build.0 = Release|Any CPU
		{C36EC8B7-16BA-4A71-820E-05FD8326F231}.Release|Win32.ActiveCfg = Release|Any CPU
		{C36EC8B7-16BA-4A71-820E-05FD8326F231}.Release|x64.ActiveCfg = Release|Any CPU
		{C36EC8B7-16BA-4A71-820E-05FD8326F231}.Release|x86.ActiveCfg = Release|Any CPU
	EndGlobalSection
	GlobalSection(SolutionProperties) = preSolution
		HideSolutionNode = FALSE
	EndGlobalSection
EndGlobal
