
Microsoft Visual Studio Solution File, Format Version 10.00
# Visual Studio 2008
Project("{FAE04EC0-301F-11D3-BF4B-00C04F79EFBC}") = "ManagedMonitors", "ManagedMonitors\ManagedMonitors.csproj", "{AF0A6608-6682-4F54-B97C-7268D0D0EAE2}"
EndProject
Project("{FAE04EC0-301F-11D3-BF4B-00C04F79EFBC}") = "AppDomainsDeadlock", "AppDomainsDeadlock\AppDomainsDeadlock.csproj", "{72A837BB-5719-424D-AE0C-D27C60E2EC79}"
EndProject
Global
	GlobalSection(SolutionConfigurationPlatforms) = preSolution
		Debug|Any CPU = Debug|Any CPU
		Release|Any CPU = Release|Any CPU
	EndGlobalSection
	GlobalSection(ProjectConfigurationPlatforms) = postSolution
		{AF0A6608-6682-4F54-B97C-7268D0D0EAE2}.Debug|Any CPU.ActiveCfg = Debug|Any CPU
		{AF0A6608-6682-4F54-B97C-7268D0D0EAE2}.Debug|Any CPU.Build.0 = Debug|Any CPU
		{AF0A6608-6682-4F54-B97C-7268D0D0EAE2}.Release|Any CPU.ActiveCfg = Release|Any CPU
		{AF0A6608-6682-4F54-B97C-7268D0D0EAE2}.Release|Any CPU.Build.0 = Release|Any CPU
		{72A837BB-5719-424D-AE0C-D27C60E2EC79}.Debug|Any CPU.ActiveCfg = Debug|Any CPU
		{72A837BB-5719-424D-AE0C-D27C60E2EC79}.Debug|Any CPU.Build.0 = Debug|Any CPU
		{72A837BB-5719-424D-AE0C-D27C60E2EC79}.Release|Any CPU.ActiveCfg = Release|Any CPU
		{72A837BB-5719-424D-AE0C-D27C60E2EC79}.Release|Any CPU.Build.0 = Release|Any CPU
	EndGlobalSection
	GlobalSection(SolutionProperties) = preSolution
		HideSolutionNode = FALSE
	EndGlobalSection
EndGlobal
