
Microsoft Visual Studio Solution File, Format Version 11.00
# Visual Studio 2010
Project("{FAE04EC0-301F-11D3-BF4B-00C04F79EFBC}") = "BasicSecurityLibrary", "BasicSecurityLibrary\BasicSecurityLibrary.csproj", "{0574CA9F-0B15-4D73-B2E1-D034E07F2842}"
EndProject
Project("{FAE04EC0-301F-11D3-BF4B-00C04F79EFBC}") = "BasicSecurityService", "BasicSecurityService\BasicSecurityService.csproj", "{91E30931-08C3-4740-95B0-C095288EEE8D}"
EndProject
Project("{FAE04EC0-301F-11D3-BF4B-00C04F79EFBC}") = "BasicSecurityClient", "BasicSecurityClient\BasicSecurityClient.csproj", "{632EF23E-6785-471E-A161-07AEC25F6198}"
EndProject
Global
	GlobalSection(SolutionConfigurationPlatforms) = preSolution
		Debug|Any CPU = Debug|Any CPU
		Release|Any CPU = Release|Any CPU
	EndGlobalSection
	GlobalSection(ProjectConfigurationPlatforms) = postSolution
		{0574CA9F-0B15-4D73-B2E1-D034E07F2842}.Debug|Any CPU.ActiveCfg = Debug|Any CPU
		{0574CA9F-0B15-4D73-B2E1-D034E07F2842}.Debug|Any CPU.Build.0 = Debug|Any CPU
		{0574CA9F-0B15-4D73-B2E1-D034E07F2842}.Release|Any CPU.ActiveCfg = Release|Any CPU
		{0574CA9F-0B15-4D73-B2E1-D034E07F2842}.Release|Any CPU.Build.0 = Release|Any CPU
		{91E30931-08C3-4740-95B0-C095288EEE8D}.Debug|Any CPU.ActiveCfg = Debug|Any CPU
		{91E30931-08C3-4740-95B0-C095288EEE8D}.Debug|Any CPU.Build.0 = Debug|Any CPU
		{91E30931-08C3-4740-95B0-C095288EEE8D}.Release|Any CPU.ActiveCfg = Release|Any CPU
		{91E30931-08C3-4740-95B0-C095288EEE8D}.Release|Any CPU.Build.0 = Release|Any CPU
		{632EF23E-6785-471E-A161-07AEC25F6198}.Debug|Any CPU.ActiveCfg = Debug|Any CPU
		{632EF23E-6785-471E-A161-07AEC25F6198}.Debug|Any CPU.Build.0 = Debug|Any CPU
		{632EF23E-6785-471E-A161-07AEC25F6198}.Release|Any CPU.ActiveCfg = Release|Any CPU
		{632EF23E-6785-471E-A161-07AEC25F6198}.Release|Any CPU.Build.0 = Release|Any CPU
	EndGlobalSection
	GlobalSection(SolutionProperties) = preSolution
		HideSolutionNode = FALSE
	EndGlobalSection
EndGlobal
