
Microsoft Visual Studio Solution File, Format Version 12.00
# Visual Studio Version 17
VisualStudioVersion = 17.10.35013.160
MinimumVisualStudioVersion = 10.0.40219.1
Project("{8BC9CEB8-8B4A-11D0-8D11-00A0C91BC942}") = "IORequestPacket", "IORequestPacket\IORequestPacket.vcxproj", "{478D8A89-27D1-4D72-8046-99BC6319D90F}"
EndProject
Project("{8BC9CEB8-8B4A-11D0-8D11-00A0C91BC942}") = "IORequestPacketClient", "IORequestPacketClient\IORequestPacketClient.vcxproj", "{213F8DF4-4412-4ECC-8B37-24113286C254}"
EndProject
Project("{2150E333-8FDC-42A3-9474-1A3956D46DE8}") = "!DOC", "!DOC", "{16BA482F-DAC5-42B2-968A-252F38633EE2}"
	ProjectSection(SolutionItems) = preProject
		!DOC\!!!.txt = !DOC\!!!.txt
	EndProjectSection
EndProject
Project("{8BC9CEB8-8B4A-11D0-8D11-00A0C91BC942}") = "DeviceObjectStacksLayer1", "DeviceObjectStacksLayer1\DeviceObjectStacksLayer1.vcxproj", "{6B41DF4F-0F4B-43CF-82F8-1BE7C7821D9C}"
EndProject
Project("{8BC9CEB8-8B4A-11D0-8D11-00A0C91BC942}") = "DeviceObjectStacksLayer2", "DeviceObjectStacksLayer2\DeviceObjectStacksLayer2.vcxproj", "{64B706B7-29E2-4CE9-B872-94782CCCD852}"
EndProject
Project("{8BC9CEB8-8B4A-11D0-8D11-00A0C91BC942}") = "DeviceObjectStacksLayer1Client", "DeviceObjectStacksLayer1Client\DeviceObjectStacksLayer1Client.vcxproj", "{E2A3A217-F600-4EE6-9100-72FD086F6A8D}"
EndProject
Project("{8BC9CEB8-8B4A-11D0-8D11-00A0C91BC942}") = "DeviceObjectStacksLayer2Client", "DeviceObjectStacksLayer2Client\DeviceObjectStacksLayer2Client.vcxproj", "{75505501-48AB-434B-930B-3DFC6197D933}"
EndProject
Project("{2150E333-8FDC-42A3-9474-1A3956D46DE8}") = "Layer2", "Layer2", "{E1DC2D94-8226-4CB7-9293-673CCDABD0A7}"
EndProject
Project("{2150E333-8FDC-42A3-9474-1A3956D46DE8}") = "Layer1", "Layer1", "{EA195B1D-B310-479E-AAEF-C503E12A29A4}"
EndProject
Project("{2150E333-8FDC-42A3-9474-1A3956D46DE8}") = "RequestPacket", "RequestPacket", "{459BB88B-AA05-4744-A6F1-EF99C31F63D5}"
EndProject
Project("{2150E333-8FDC-42A3-9474-1A3956D46DE8}") = "BufferedIO", "BufferedIO", "{D9370A4C-1E55-4B9F-B336-0E2CB7B011A3}"
EndProject
Project("{8BC9CEB8-8B4A-11D0-8D11-00A0C91BC942}") = "BufferedIOMode", "BufferedIOMode\BufferedIOMode.vcxproj", "{5B9A5979-DCCD-4E2E-9339-592497105B21}"
EndProject
Project("{8BC9CEB8-8B4A-11D0-8D11-00A0C91BC942}") = "BufferedIOModeClient", "BufferedIOModeClient\BufferedIOModeClient.vcxproj", "{1A13D34B-AD20-42D5-B354-FAA003E0B56F}"
EndProject
Project("{2150E333-8FDC-42A3-9474-1A3956D46DE8}") = "DirectIO", "DirectIO", "{605EF9DE-9816-4496-A6AC-BE87DFC9A73B}"
EndProject
Project("{8BC9CEB8-8B4A-11D0-8D11-00A0C91BC942}") = "DirectIOMode", "DirectIOMode\DirectIOMode.vcxproj", "{76DF7DDE-74BA-49EE-AB53-381B8B1E610A}"
EndProject
Project("{8BC9CEB8-8B4A-11D0-8D11-00A0C91BC942}") = "DirectIOModeClient", "DirectIOModeClient\DirectIOModeClient.vcxproj", "{A5F6B643-4C30-4305-9511-ACBC381C5F2D}"
EndProject
Project("{2150E333-8FDC-42A3-9474-1A3956D46DE8}") = "NeitherIO", "NeitherIO", "{623A7382-E800-46E2-9954-D42484372B58}"
EndProject
Project("{8BC9CEB8-8B4A-11D0-8D11-00A0C91BC942}") = "NeitherIOMode", "NeitherIOMode\NeitherIOMode.vcxproj", "{207496BC-5FFA-4FBC-BA8E-9D8409035640}"
EndProject
Project("{8BC9CEB8-8B4A-11D0-8D11-00A0C91BC942}") = "NeitherIOModeClient", "NeitherIOModeClient\NeitherIOModeClient.vcxproj", "{62C340AA-5C1F-40B5-9BAF-E6E5874DFAB7}"
EndProject
Project("{2150E333-8FDC-42A3-9474-1A3956D46DE8}") = "DeviceControl", "DeviceControl", "{1D5BA7DE-C2E1-45C2-AAE2-E2E0FFD87325}"
EndProject
Project("{8BC9CEB8-8B4A-11D0-8D11-00A0C91BC942}") = "DeviceControlIO", "DeviceControlIO\DeviceControlIO.vcxproj", "{7E4A1378-4767-4B7B-91CB-2627488B29E5}"
EndProject
Project("{8BC9CEB8-8B4A-11D0-8D11-00A0C91BC942}") = "DeviceControlIOClient", "DeviceControlIOClient\DeviceControlIOClient.vcxproj", "{5A3FDDFB-8580-4586-816F-F96AA861F96F}"
EndProject
Global
	GlobalSection(SolutionConfigurationPlatforms) = preSolution
		Debug|ARM64 = Debug|ARM64
		Debug|x64 = Debug|x64
		Debug|x86 = Debug|x86
		Release|ARM64 = Release|ARM64
		Release|x64 = Release|x64
		Release|x86 = Release|x86
	EndGlobalSection
	GlobalSection(ProjectConfigurationPlatforms) = postSolution
		{478D8A89-27D1-4D72-8046-99BC6319D90F}.Debug|ARM64.ActiveCfg = Debug|ARM64
		{478D8A89-27D1-4D72-8046-99BC6319D90F}.Debug|ARM64.Build.0 = Debug|ARM64
		{478D8A89-27D1-4D72-8046-99BC6319D90F}.Debug|ARM64.Deploy.0 = Debug|ARM64
		{478D8A89-27D1-4D72-8046-99BC6319D90F}.Debug|x64.ActiveCfg = Debug|x64
		{478D8A89-27D1-4D72-8046-99BC6319D90F}.Debug|x64.Build.0 = Debug|x64
		{478D8A89-27D1-4D72-8046-99BC6319D90F}.Debug|x64.Deploy.0 = Debug|x64
		{478D8A89-27D1-4D72-8046-99BC6319D90F}.Debug|x86.ActiveCfg = Debug|x64
		{478D8A89-27D1-4D72-8046-99BC6319D90F}.Debug|x86.Build.0 = Debug|x64
		{478D8A89-27D1-4D72-8046-99BC6319D90F}.Debug|x86.Deploy.0 = Debug|x64
		{478D8A89-27D1-4D72-8046-99BC6319D90F}.Release|ARM64.ActiveCfg = Release|ARM64
		{478D8A89-27D1-4D72-8046-99BC6319D90F}.Release|ARM64.Build.0 = Release|ARM64
		{478D8A89-27D1-4D72-8046-99BC6319D90F}.Release|ARM64.Deploy.0 = Release|ARM64
		{478D8A89-27D1-4D72-8046-99BC6319D90F}.Release|x64.ActiveCfg = Release|x64
		{478D8A89-27D1-4D72-8046-99BC6319D90F}.Release|x64.Build.0 = Release|x64
		{478D8A89-27D1-4D72-8046-99BC6319D90F}.Release|x64.Deploy.0 = Release|x64
		{478D8A89-27D1-4D72-8046-99BC6319D90F}.Release|x86.ActiveCfg = Release|x64
		{478D8A89-27D1-4D72-8046-99BC6319D90F}.Release|x86.Build.0 = Release|x64
		{478D8A89-27D1-4D72-8046-99BC6319D90F}.Release|x86.Deploy.0 = Release|x64
		{213F8DF4-4412-4ECC-8B37-24113286C254}.Debug|ARM64.ActiveCfg = Debug|x64
		{213F8DF4-4412-4ECC-8B37-24113286C254}.Debug|ARM64.Build.0 = Debug|x64
		{213F8DF4-4412-4ECC-8B37-24113286C254}.Debug|x64.ActiveCfg = Debug|x64
		{213F8DF4-4412-4ECC-8B37-24113286C254}.Debug|x64.Build.0 = Debug|x64
		{213F8DF4-4412-4ECC-8B37-24113286C254}.Debug|x86.ActiveCfg = Debug|x64
		{213F8DF4-4412-4ECC-8B37-24113286C254}.Debug|x86.Build.0 = Debug|x64
		{213F8DF4-4412-4ECC-8B37-24113286C254}.Release|ARM64.ActiveCfg = Release|x64
		{213F8DF4-4412-4ECC-8B37-24113286C254}.Release|ARM64.Build.0 = Release|x64
		{213F8DF4-4412-4ECC-8B37-24113286C254}.Release|x64.ActiveCfg = Release|x64
		{213F8DF4-4412-4ECC-8B37-24113286C254}.Release|x64.Build.0 = Release|x64
		{213F8DF4-4412-4ECC-8B37-24113286C254}.Release|x86.ActiveCfg = Release|x64
		{213F8DF4-4412-4ECC-8B37-24113286C254}.Release|x86.Build.0 = Release|x64
		{6B41DF4F-0F4B-43CF-82F8-1BE7C7821D9C}.Debug|ARM64.ActiveCfg = Debug|ARM64
		{6B41DF4F-0F4B-43CF-82F8-1BE7C7821D9C}.Debug|ARM64.Build.0 = Debug|ARM64
		{6B41DF4F-0F4B-43CF-82F8-1BE7C7821D9C}.Debug|ARM64.Deploy.0 = Debug|ARM64
		{6B41DF4F-0F4B-43CF-82F8-1BE7C7821D9C}.Debug|x64.ActiveCfg = Debug|x64
		{6B41DF4F-0F4B-43CF-82F8-1BE7C7821D9C}.Debug|x64.Build.0 = Debug|x64
		{6B41DF4F-0F4B-43CF-82F8-1BE7C7821D9C}.Debug|x64.Deploy.0 = Debug|x64
		{6B41DF4F-0F4B-43CF-82F8-1BE7C7821D9C}.Debug|x86.ActiveCfg = Debug|x64
		{6B41DF4F-0F4B-43CF-82F8-1BE7C7821D9C}.Debug|x86.Build.0 = Debug|x64
		{6B41DF4F-0F4B-43CF-82F8-1BE7C7821D9C}.Debug|x86.Deploy.0 = Debug|x64
		{6B41DF4F-0F4B-43CF-82F8-1BE7C7821D9C}.Release|ARM64.ActiveCfg = Release|ARM64
		{6B41DF4F-0F4B-43CF-82F8-1BE7C7821D9C}.Release|ARM64.Build.0 = Release|ARM64
		{6B41DF4F-0F4B-43CF-82F8-1BE7C7821D9C}.Release|ARM64.Deploy.0 = Release|ARM64
		{6B41DF4F-0F4B-43CF-82F8-1BE7C7821D9C}.Release|x64.ActiveCfg = Release|x64
		{6B41DF4F-0F4B-43CF-82F8-1BE7C7821D9C}.Release|x64.Build.0 = Release|x64
		{6B41DF4F-0F4B-43CF-82F8-1BE7C7821D9C}.Release|x64.Deploy.0 = Release|x64
		{6B41DF4F-0F4B-43CF-82F8-1BE7C7821D9C}.Release|x86.ActiveCfg = Release|x64
		{6B41DF4F-0F4B-43CF-82F8-1BE7C7821D9C}.Release|x86.Build.0 = Release|x64
		{6B41DF4F-0F4B-43CF-82F8-1BE7C7821D9C}.Release|x86.Deploy.0 = Release|x64
		{64B706B7-29E2-4CE9-B872-94782CCCD852}.Debug|ARM64.ActiveCfg = Debug|ARM64
		{64B706B7-29E2-4CE9-B872-94782CCCD852}.Debug|ARM64.Build.0 = Debug|ARM64
		{64B706B7-29E2-4CE9-B872-94782CCCD852}.Debug|ARM64.Deploy.0 = Debug|ARM64
		{64B706B7-29E2-4CE9-B872-94782CCCD852}.Debug|x64.ActiveCfg = Debug|x64
		{64B706B7-29E2-4CE9-B872-94782CCCD852}.Debug|x64.Build.0 = Debug|x64
		{64B706B7-29E2-4CE9-B872-94782CCCD852}.Debug|x64.Deploy.0 = Debug|x64
		{64B706B7-29E2-4CE9-B872-94782CCCD852}.Debug|x86.ActiveCfg = Debug|x64
		{64B706B7-29E2-4CE9-B872-94782CCCD852}.Debug|x86.Build.0 = Debug|x64
		{64B706B7-29E2-4CE9-B872-94782CCCD852}.Debug|x86.Deploy.0 = Debug|x64
		{64B706B7-29E2-4CE9-B872-94782CCCD852}.Release|ARM64.ActiveCfg = Release|ARM64
		{64B706B7-29E2-4CE9-B872-94782CCCD852}.Release|ARM64.Build.0 = Release|ARM64
		{64B706B7-29E2-4CE9-B872-94782CCCD852}.Release|ARM64.Deploy.0 = Release|ARM64
		{64B706B7-29E2-4CE9-B872-94782CCCD852}.Release|x64.ActiveCfg = Release|x64
		{64B706B7-29E2-4CE9-B872-94782CCCD852}.Release|x64.Build.0 = Release|x64
		{64B706B7-29E2-4CE9-B872-94782CCCD852}.Release|x64.Deploy.0 = Release|x64
		{64B706B7-29E2-4CE9-B872-94782CCCD852}.Release|x86.ActiveCfg = Release|x64
		{64B706B7-29E2-4CE9-B872-94782CCCD852}.Release|x86.Build.0 = Release|x64
		{64B706B7-29E2-4CE9-B872-94782CCCD852}.Release|x86.Deploy.0 = Release|x64
		{E2A3A217-F600-4EE6-9100-72FD086F6A8D}.Debug|ARM64.ActiveCfg = Debug|x64
		{E2A3A217-F600-4EE6-9100-72FD086F6A8D}.Debug|ARM64.Build.0 = Debug|x64
		{E2A3A217-F600-4EE6-9100-72FD086F6A8D}.Debug|x64.ActiveCfg = Debug|x64
		{E2A3A217-F600-4EE6-9100-72FD086F6A8D}.Debug|x64.Build.0 = Debug|x64
		{E2A3A217-F600-4EE6-9100-72FD086F6A8D}.Debug|x86.ActiveCfg = Debug|x64
		{E2A3A217-F600-4EE6-9100-72FD086F6A8D}.Release|ARM64.ActiveCfg = Release|x64
		{E2A3A217-F600-4EE6-9100-72FD086F6A8D}.Release|ARM64.Build.0 = Release|x64
		{E2A3A217-F600-4EE6-9100-72FD086F6A8D}.Release|x64.ActiveCfg = Release|x64
		{E2A3A217-F600-4EE6-9100-72FD086F6A8D}.Release|x64.Build.0 = Release|x64
		{E2A3A217-F600-4EE6-9100-72FD086F6A8D}.Release|x86.ActiveCfg = Release|x64
		{75505501-48AB-434B-930B-3DFC6197D933}.Debug|ARM64.ActiveCfg = Debug|x64
		{75505501-48AB-434B-930B-3DFC6197D933}.Debug|ARM64.Build.0 = Debug|x64
		{75505501-48AB-434B-930B-3DFC6197D933}.Debug|x64.ActiveCfg = Debug|x64
		{75505501-48AB-434B-930B-3DFC6197D933}.Debug|x64.Build.0 = Debug|x64
		{75505501-48AB-434B-930B-3DFC6197D933}.Debug|x86.ActiveCfg = Debug|x64
		{75505501-48AB-434B-930B-3DFC6197D933}.Release|ARM64.ActiveCfg = Release|x64
		{75505501-48AB-434B-930B-3DFC6197D933}.Release|ARM64.Build.0 = Release|x64
		{75505501-48AB-434B-930B-3DFC6197D933}.Release|x64.ActiveCfg = Release|x64
		{75505501-48AB-434B-930B-3DFC6197D933}.Release|x64.Build.0 = Release|x64
		{75505501-48AB-434B-930B-3DFC6197D933}.Release|x86.ActiveCfg = Release|x64
		{5B9A5979-DCCD-4E2E-9339-592497105B21}.Debug|ARM64.ActiveCfg = Debug|ARM64
		{5B9A5979-DCCD-4E2E-9339-592497105B21}.Debug|ARM64.Build.0 = Debug|ARM64
		{5B9A5979-DCCD-4E2E-9339-592497105B21}.Debug|ARM64.Deploy.0 = Debug|ARM64
		{5B9A5979-DCCD-4E2E-9339-592497105B21}.Debug|x64.ActiveCfg = Debug|x64
		{5B9A5979-DCCD-4E2E-9339-592497105B21}.Debug|x64.Build.0 = Debug|x64
		{5B9A5979-DCCD-4E2E-9339-592497105B21}.Debug|x64.Deploy.0 = Debug|x64
		{5B9A5979-DCCD-4E2E-9339-592497105B21}.Debug|x86.ActiveCfg = Debug|x64
		{5B9A5979-DCCD-4E2E-9339-592497105B21}.Debug|x86.Build.0 = Debug|x64
		{5B9A5979-DCCD-4E2E-9339-592497105B21}.Debug|x86.Deploy.0 = Debug|x64
		{5B9A5979-DCCD-4E2E-9339-592497105B21}.Release|ARM64.ActiveCfg = Release|ARM64
		{5B9A5979-DCCD-4E2E-9339-592497105B21}.Release|ARM64.Build.0 = Release|ARM64
		{5B9A5979-DCCD-4E2E-9339-592497105B21}.Release|ARM64.Deploy.0 = Release|ARM64
		{5B9A5979-DCCD-4E2E-9339-592497105B21}.Release|x64.ActiveCfg = Release|x64
		{5B9A5979-DCCD-4E2E-9339-592497105B21}.Release|x64.Build.0 = Release|x64
		{5B9A5979-DCCD-4E2E-9339-592497105B21}.Release|x64.Deploy.0 = Release|x64
		{5B9A5979-DCCD-4E2E-9339-592497105B21}.Release|x86.ActiveCfg = Release|x64
		{5B9A5979-DCCD-4E2E-9339-592497105B21}.Release|x86.Build.0 = Release|x64
		{5B9A5979-DCCD-4E2E-9339-592497105B21}.Release|x86.Deploy.0 = Release|x64
		{1A13D34B-AD20-42D5-B354-FAA003E0B56F}.Debug|ARM64.ActiveCfg = Debug|x64
		{1A13D34B-AD20-42D5-B354-FAA003E0B56F}.Debug|ARM64.Build.0 = Debug|x64
		{1A13D34B-AD20-42D5-B354-FAA003E0B56F}.Debug|x64.ActiveCfg = Debug|x64
		{1A13D34B-AD20-42D5-B354-FAA003E0B56F}.Debug|x64.Build.0 = Debug|x64
		{1A13D34B-AD20-42D5-B354-FAA003E0B56F}.Debug|x86.ActiveCfg = Debug|x64
		{1A13D34B-AD20-42D5-B354-FAA003E0B56F}.Release|ARM64.ActiveCfg = Release|x64
		{1A13D34B-AD20-42D5-B354-FAA003E0B56F}.Release|ARM64.Build.0 = Release|x64
		{1A13D34B-AD20-42D5-B354-FAA003E0B56F}.Release|x64.ActiveCfg = Release|x64
		{1A13D34B-AD20-42D5-B354-FAA003E0B56F}.Release|x64.Build.0 = Release|x64
		{1A13D34B-AD20-42D5-B354-FAA003E0B56F}.Release|x86.ActiveCfg = Release|x64
		{76DF7DDE-74BA-49EE-AB53-381B8B1E610A}.Debug|ARM64.ActiveCfg = Debug|ARM64
		{76DF7DDE-74BA-49EE-AB53-381B8B1E610A}.Debug|ARM64.Build.0 = Debug|ARM64
		{76DF7DDE-74BA-49EE-AB53-381B8B1E610A}.Debug|ARM64.Deploy.0 = Debug|ARM64
		{76DF7DDE-74BA-49EE-AB53-381B8B1E610A}.Debug|x64.ActiveCfg = Debug|x64
		{76DF7DDE-74BA-49EE-AB53-381B8B1E610A}.Debug|x64.Build.0 = Debug|x64
		{76DF7DDE-74BA-49EE-AB53-381B8B1E610A}.Debug|x64.Deploy.0 = Debug|x64
		{76DF7DDE-74BA-49EE-AB53-381B8B1E610A}.Debug|x86.ActiveCfg = Debug|x64
		{76DF7DDE-74BA-49EE-AB53-381B8B1E610A}.Debug|x86.Build.0 = Debug|x64
		{76DF7DDE-74BA-49EE-AB53-381B8B1E610A}.Debug|x86.Deploy.0 = Debug|x64
		{76DF7DDE-74BA-49EE-AB53-381B8B1E610A}.Release|ARM64.ActiveCfg = Release|ARM64
		{76DF7DDE-74BA-49EE-AB53-381B8B1E610A}.Release|ARM64.Build.0 = Release|ARM64
		{76DF7DDE-74BA-49EE-AB53-381B8B1E610A}.Release|ARM64.Deploy.0 = Release|ARM64
		{76DF7DDE-74BA-49EE-AB53-381B8B1E610A}.Release|x64.ActiveCfg = Release|x64
		{76DF7DDE-74BA-49EE-AB53-381B8B1E610A}.Release|x64.Build.0 = Release|x64
		{76DF7DDE-74BA-49EE-AB53-381B8B1E610A}.Release|x64.Deploy.0 = Release|x64
		{76DF7DDE-74BA-49EE-AB53-381B8B1E610A}.Release|x86.ActiveCfg = Release|x64
		{76DF7DDE-74BA-49EE-AB53-381B8B1E610A}.Release|x86.Build.0 = Release|x64
		{76DF7DDE-74BA-49EE-AB53-381B8B1E610A}.Release|x86.Deploy.0 = Release|x64
		{A5F6B643-4C30-4305-9511-ACBC381C5F2D}.Debug|ARM64.ActiveCfg = Debug|x64
		{A5F6B643-4C30-4305-9511-ACBC381C5F2D}.Debug|ARM64.Build.0 = Debug|x64
		{A5F6B643-4C30-4305-9511-ACBC381C5F2D}.Debug|x64.ActiveCfg = Debug|x64
		{A5F6B643-4C30-4305-9511-ACBC381C5F2D}.Debug|x64.Build.0 = Debug|x64
		{A5F6B643-4C30-4305-9511-ACBC381C5F2D}.Debug|x86.ActiveCfg = Debug|x64
		{A5F6B643-4C30-4305-9511-ACBC381C5F2D}.Release|ARM64.ActiveCfg = Release|x64
		{A5F6B643-4C30-4305-9511-ACBC381C5F2D}.Release|ARM64.Build.0 = Release|x64
		{A5F6B643-4C30-4305-9511-ACBC381C5F2D}.Release|x64.ActiveCfg = Release|x64
		{A5F6B643-4C30-4305-9511-ACBC381C5F2D}.Release|x64.Build.0 = Release|x64
		{A5F6B643-4C30-4305-9511-ACBC381C5F2D}.Release|x86.ActiveCfg = Release|x64
		{207496BC-5FFA-4FBC-BA8E-9D8409035640}.Debug|ARM64.ActiveCfg = Debug|ARM64
		{207496BC-5FFA-4FBC-BA8E-9D8409035640}.Debug|ARM64.Build.0 = Debug|ARM64
		{207496BC-5FFA-4FBC-BA8E-9D8409035640}.Debug|ARM64.Deploy.0 = Debug|ARM64
		{207496BC-5FFA-4FBC-BA8E-9D8409035640}.Debug|x64.ActiveCfg = Debug|x64
		{207496BC-5FFA-4FBC-BA8E-9D8409035640}.Debug|x64.Build.0 = Debug|x64
		{207496BC-5FFA-4FBC-BA8E-9D8409035640}.Debug|x64.Deploy.0 = Debug|x64
		{207496BC-5FFA-4FBC-BA8E-9D8409035640}.Debug|x86.ActiveCfg = Debug|x64
		{207496BC-5FFA-4FBC-BA8E-9D8409035640}.Debug|x86.Build.0 = Debug|x64
		{207496BC-5FFA-4FBC-BA8E-9D8409035640}.Debug|x86.Deploy.0 = Debug|x64
		{207496BC-5FFA-4FBC-BA8E-9D8409035640}.Release|ARM64.ActiveCfg = Release|ARM64
		{207496BC-5FFA-4FBC-BA8E-9D8409035640}.Release|ARM64.Build.0 = Release|ARM64
		{207496BC-5FFA-4FBC-BA8E-9D8409035640}.Release|ARM64.Deploy.0 = Release|ARM64
		{207496BC-5FFA-4FBC-BA8E-9D8409035640}.Release|x64.ActiveCfg = Release|x64
		{207496BC-5FFA-4FBC-BA8E-9D8409035640}.Release|x64.Build.0 = Release|x64
		{207496BC-5FFA-4FBC-BA8E-9D8409035640}.Release|x64.Deploy.0 = Release|x64
		{207496BC-5FFA-4FBC-BA8E-9D8409035640}.Release|x86.ActiveCfg = Release|x64
		{207496BC-5FFA-4FBC-BA8E-9D8409035640}.Release|x86.Build.0 = Release|x64
		{207496BC-5FFA-4FBC-BA8E-9D8409035640}.Release|x86.Deploy.0 = Release|x64
		{62C340AA-5C1F-40B5-9BAF-E6E5874DFAB7}.Debug|ARM64.ActiveCfg = Debug|x64
		{62C340AA-5C1F-40B5-9BAF-E6E5874DFAB7}.Debug|ARM64.Build.0 = Debug|x64
		{62C340AA-5C1F-40B5-9BAF-E6E5874DFAB7}.Debug|x64.ActiveCfg = Debug|x64
		{62C340AA-5C1F-40B5-9BAF-E6E5874DFAB7}.Debug|x64.Build.0 = Debug|x64
		{62C340AA-5C1F-40B5-9BAF-E6E5874DFAB7}.Debug|x86.ActiveCfg = Debug|x64
		{62C340AA-5C1F-40B5-9BAF-E6E5874DFAB7}.Release|ARM64.ActiveCfg = Release|x64
		{62C340AA-5C1F-40B5-9BAF-E6E5874DFAB7}.Release|ARM64.Build.0 = Release|x64
		{62C340AA-5C1F-40B5-9BAF-E6E5874DFAB7}.Release|x64.ActiveCfg = Release|x64
		{62C340AA-5C1F-40B5-9BAF-E6E5874DFAB7}.Release|x64.Build.0 = Release|x64
		{62C340AA-5C1F-40B5-9BAF-E6E5874DFAB7}.Release|x86.ActiveCfg = Release|x64
		{7E4A1378-4767-4B7B-91CB-2627488B29E5}.Debug|ARM64.ActiveCfg = Debug|ARM64
		{7E4A1378-4767-4B7B-91CB-2627488B29E5}.Debug|ARM64.Build.0 = Debug|ARM64
		{7E4A1378-4767-4B7B-91CB-2627488B29E5}.Debug|ARM64.Deploy.0 = Debug|ARM64
		{7E4A1378-4767-4B7B-91CB-2627488B29E5}.Debug|x64.ActiveCfg = Debug|x64
		{7E4A1378-4767-4B7B-91CB-2627488B29E5}.Debug|x64.Build.0 = Debug|x64
		{7E4A1378-4767-4B7B-91CB-2627488B29E5}.Debug|x64.Deploy.0 = Debug|x64
		{7E4A1378-4767-4B7B-91CB-2627488B29E5}.Debug|x86.ActiveCfg = Debug|x64
		{7E4A1378-4767-4B7B-91CB-2627488B29E5}.Debug|x86.Build.0 = Debug|x64
		{7E4A1378-4767-4B7B-91CB-2627488B29E5}.Debug|x86.Deploy.0 = Debug|x64
		{7E4A1378-4767-4B7B-91CB-2627488B29E5}.Release|ARM64.ActiveCfg = Release|ARM64
		{7E4A1378-4767-4B7B-91CB-2627488B29E5}.Release|ARM64.Build.0 = Release|ARM64
		{7E4A1378-4767-4B7B-91CB-2627488B29E5}.Release|ARM64.Deploy.0 = Release|ARM64
		{7E4A1378-4767-4B7B-91CB-2627488B29E5}.Release|x64.ActiveCfg = Release|x64
		{7E4A1378-4767-4B7B-91CB-2627488B29E5}.Release|x64.Build.0 = Release|x64
		{7E4A1378-4767-4B7B-91CB-2627488B29E5}.Release|x64.Deploy.0 = Release|x64
		{7E4A1378-4767-4B7B-91CB-2627488B29E5}.Release|x86.ActiveCfg = Release|x64
		{7E4A1378-4767-4B7B-91CB-2627488B29E5}.Release|x86.Build.0 = Release|x64
		{7E4A1378-4767-4B7B-91CB-2627488B29E5}.Release|x86.Deploy.0 = Release|x64
		{5A3FDDFB-8580-4586-816F-F96AA861F96F}.Debug|ARM64.ActiveCfg = Debug|x64
		{5A3FDDFB-8580-4586-816F-F96AA861F96F}.Debug|ARM64.Build.0 = Debug|x64
		{5A3FDDFB-8580-4586-816F-F96AA861F96F}.Debug|x64.ActiveCfg = Debug|x64
		{5A3FDDFB-8580-4586-816F-F96AA861F96F}.Debug|x64.Build.0 = Debug|x64
		{5A3FDDFB-8580-4586-816F-F96AA861F96F}.Debug|x86.ActiveCfg = Debug|x64
		{5A3FDDFB-8580-4586-816F-F96AA861F96F}.Release|ARM64.ActiveCfg = Release|x64
		{5A3FDDFB-8580-4586-816F-F96AA861F96F}.Release|ARM64.Build.0 = Release|x64
		{5A3FDDFB-8580-4586-816F-F96AA861F96F}.Release|x64.ActiveCfg = Release|x64
		{5A3FDDFB-8580-4586-816F-F96AA861F96F}.Release|x64.Build.0 = Release|x64
		{5A3FDDFB-8580-4586-816F-F96AA861F96F}.Release|x86.ActiveCfg = Release|x64
	EndGlobalSection
	GlobalSection(SolutionProperties) = preSolution
		HideSolutionNode = FALSE
	EndGlobalSection
	GlobalSection(NestedProjects) = preSolution
		{478D8A89-27D1-4D72-8046-99BC6319D90F} = {459BB88B-AA05-4744-A6F1-EF99C31F63D5}
		{213F8DF4-4412-4ECC-8B37-24113286C254} = {459BB88B-AA05-4744-A6F1-EF99C31F63D5}
		{6B41DF4F-0F4B-43CF-82F8-1BE7C7821D9C} = {EA195B1D-B310-479E-AAEF-C503E12A29A4}
		{64B706B7-29E2-4CE9-B872-94782CCCD852} = {E1DC2D94-8226-4CB7-9293-673CCDABD0A7}
		{E2A3A217-F600-4EE6-9100-72FD086F6A8D} = {EA195B1D-B310-479E-AAEF-C503E12A29A4}
		{75505501-48AB-434B-930B-3DFC6197D933} = {E1DC2D94-8226-4CB7-9293-673CCDABD0A7}
		{5B9A5979-DCCD-4E2E-9339-592497105B21} = {D9370A4C-1E55-4B9F-B336-0E2CB7B011A3}
		{1A13D34B-AD20-42D5-B354-FAA003E0B56F} = {D9370A4C-1E55-4B9F-B336-0E2CB7B011A3}
		{76DF7DDE-74BA-49EE-AB53-381B8B1E610A} = {605EF9DE-9816-4496-A6AC-BE87DFC9A73B}
		{A5F6B643-4C30-4305-9511-ACBC381C5F2D} = {605EF9DE-9816-4496-A6AC-BE87DFC9A73B}
		{207496BC-5FFA-4FBC-BA8E-9D8409035640} = {623A7382-E800-46E2-9954-D42484372B58}
		{62C340AA-5C1F-40B5-9BAF-E6E5874DFAB7} = {623A7382-E800-46E2-9954-D42484372B58}
		{7E4A1378-4767-4B7B-91CB-2627488B29E5} = {1D5BA7DE-C2E1-45C2-AAE2-E2E0FFD87325}
		{5A3FDDFB-8580-4586-816F-F96AA861F96F} = {1D5BA7DE-C2E1-45C2-AAE2-E2E0FFD87325}
	EndGlobalSection
	GlobalSection(ExtensibilityGlobals) = postSolution
		SolutionGuid = {9A2D5DAA-252E-4A5B-BD4E-9E2FCFE98027}
	EndGlobalSection
EndGlobal
