
Microsoft Visual Studio Solution File, Format Version 12.00
# Visual Studio Version 17
VisualStudioVersion = 17.5.33627.172
MinimumVisualStudioVersion = 10.0.40219.1
Project("{8BC9CEB8-8B4A-11D0-8D11-00A0C91BC942}") = "Concepts", "Concepts\Concepts.vcxproj", "{D1F68606-12FD-4C00-8D60-3A76EF9D2228}"
EndProject
Project("{2150E333-8FDC-42A3-9474-1A3956D46DE8}") = "!DOC", "!DOC", "{A16FAE5D-8F51-4DB8-AA28-2C3958321AB0}"
	ProjectSection(SolutionItems) = preProject
		!DOC\!!!.txt = !DOC\!!!.txt
	EndProjectSection
EndProject
Global
	GlobalSection(SolutionConfigurationPlatforms) = preSolution
		Debug|x64 = Debug|x64
		Release|x64 = Release|x64
	EndGlobalSection
	GlobalSection(ProjectConfigurationPlatforms) = postSolution
		{D1F68606-12FD-4C00-8D60-3A76EF9D2228}.Debug|x64.ActiveCfg = Debug|x64
		{D1F68606-12FD-4C00-8D60-3A76EF9D2228}.Debug|x64.Build.0 = Debug|x64
		{D1F68606-12FD-4C00-8D60-3A76EF9D2228}.Release|x64.ActiveCfg = Release|x64
		{D1F68606-12FD-4C00-8D60-3A76EF9D2228}.Release|x64.Build.0 = Release|x64
	EndGlobalSection
	GlobalSection(SolutionProperties) = preSolution
		HideSolutionNode = FALSE
	EndGlobalSection
	GlobalSection(ExtensibilityGlobals) = postSolution
		SolutionGuid = {53282A83-6382-4E21-A3AF-8339C448534F}
	EndGlobalSection
EndGlobal
