
Microsoft Visual Studio Solution File, Format Version 11.00
# Visual Studio 2010
Project("{FAE04EC0-301F-11D3-BF4B-00C04F79EFBC}") = "TransportSessionPerCallService", "TransportSessionPerCallService\TransportSessionPerCallService.csproj", "{9320DCA2-F3BD-41CD-9446-0358F904C563}"
EndProject
Project("{FAE04EC0-301F-11D3-BF4B-00C04F79EFBC}") = "TransportSessionPerCallClient", "TransportSessionPerCallClient\TransportSessionPerCallClient.csproj", "{21B8FA4D-8612-43A8-8C2E-279191292D60}"
EndProject
Global
	GlobalSection(SolutionConfigurationPlatforms) = preSolution
		Debug|Any CPU = Debug|Any CPU
		Release|Any CPU = Release|Any CPU
	EndGlobalSection
	GlobalSection(ProjectConfigurationPlatforms) = postSolution
		{9320DCA2-F3BD-41CD-9446-0358F904C563}.Debug|Any CPU.ActiveCfg = Debug|Any CPU
		{9320DCA2-F3BD-41CD-9446-0358F904C563}.Debug|Any CPU.Build.0 = Debug|Any CPU
		{9320DCA2-F3BD-41CD-9446-0358F904C563}.Release|Any CPU.ActiveCfg = Release|Any CPU
		{9320DCA2-F3BD-41CD-9446-0358F904C563}.Release|Any CPU.Build.0 = Release|Any CPU
		{21B8FA4D-8612-43A8-8C2E-279191292D60}.Debug|Any CPU.ActiveCfg = Debug|Any CPU
		{21B8FA4D-8612-43A8-8C2E-279191292D60}.Debug|Any CPU.Build.0 = Debug|Any CPU
		{21B8FA4D-8612-43A8-8C2E-279191292D60}.Release|Any CPU.ActiveCfg = Release|Any CPU
		{21B8FA4D-8612-43A8-8C2E-279191292D60}.Release|Any CPU.Build.0 = Release|Any CPU
	EndGlobalSection
	GlobalSection(SolutionProperties) = preSolution
		HideSolutionNode = FALSE
	EndGlobalSection
EndGlobal
