
Microsoft Visual Studio Solution File, Format Version 10.00
# Visual Studio 2008
Project("{FAE04EC0-301F-11D3-BF4B-00C04F79EFBC}") = "ForkJoinParallelism", "ForkJoinParallelism\ForkJoinParallelism.csproj", "{E162E8CA-0072-48F4-A857-C565F2F4E77D}"
EndProject
Project("{FAE04EC0-301F-11D3-BF4B-00C04F79EFBC}") = "Future", "Future\Future.csproj", "{65E0DB9D-34FE-44F2-BF82-637198320E30}"
EndProject
Project("{FAE04EC0-301F-11D3-BF4B-00C04F79EFBC}") = "Promise", "Promise\Promise.csproj", "{528C71B7-F56B-4740-AD17-0B799DD0D27E}"
EndProject
Project("{FAE04EC0-301F-11D3-BF4B-00C04F79EFBC}") = "Recursion", "Recursion\Recursion.csproj", "{E8D9A673-3862-4EA4-9051-6D0E14DCC5F2}"
EndProject
Project("{FAE04EC0-301F-11D3-BF4B-00C04F79EFBC}") = "Pipeline", "Pipeline\Pipeline.csproj", "{DB06E2FC-9247-43E3-9D12-C7A2B51AB476}"
EndProject
Global
	GlobalSection(SolutionConfigurationPlatforms) = preSolution
		Debug|Any CPU = Debug|Any CPU
		Release|Any CPU = Release|Any CPU
	EndGlobalSection
	GlobalSection(ProjectConfigurationPlatforms) = postSolution
		{E162E8CA-0072-48F4-A857-C565F2F4E77D}.Debug|Any CPU.ActiveCfg = Debug|Any CPU
		{E162E8CA-0072-48F4-A857-C565F2F4E77D}.Debug|Any CPU.Build.0 = Debug|Any CPU
		{E162E8CA-0072-48F4-A857-C565F2F4E77D}.Release|Any CPU.ActiveCfg = Release|Any CPU
		{E162E8CA-0072-48F4-A857-C565F2F4E77D}.Release|Any CPU.Build.0 = Release|Any CPU
		{65E0DB9D-34FE-44F2-BF82-637198320E30}.Debug|Any CPU.ActiveCfg = Debug|Any CPU
		{65E0DB9D-34FE-44F2-BF82-637198320E30}.Debug|Any CPU.Build.0 = Debug|Any CPU
		{65E0DB9D-34FE-44F2-BF82-637198320E30}.Release|Any CPU.ActiveCfg = Release|Any CPU
		{65E0DB9D-34FE-44F2-BF82-637198320E30}.Release|Any CPU.Build.0 = Release|Any CPU
		{528C71B7-F56B-4740-AD17-0B799DD0D27E}.Debug|Any CPU.ActiveCfg = Debug|Any CPU
		{528C71B7-F56B-4740-AD17-0B799DD0D27E}.Debug|Any CPU.Build.0 = Debug|Any CPU
		{528C71B7-F56B-4740-AD17-0B799DD0D27E}.Release|Any CPU.ActiveCfg = Release|Any CPU
		{528C71B7-F56B-4740-AD17-0B799DD0D27E}.Release|Any CPU.Build.0 = Release|Any CPU
		{E8D9A673-3862-4EA4-9051-6D0E14DCC5F2}.Debug|Any CPU.ActiveCfg = Debug|Any CPU
		{E8D9A673-3862-4EA4-9051-6D0E14DCC5F2}.Debug|Any CPU.Build.0 = Debug|Any CPU
		{E8D9A673-3862-4EA4-9051-6D0E14DCC5F2}.Release|Any CPU.ActiveCfg = Release|Any CPU
		{E8D9A673-3862-4EA4-9051-6D0E14DCC5F2}.Release|Any CPU.Build.0 = Release|Any CPU
		{DB06E2FC-9247-43E3-9D12-C7A2B51AB476}.Debug|Any CPU.ActiveCfg = Debug|Any CPU
		{DB06E2FC-9247-43E3-9D12-C7A2B51AB476}.Debug|Any CPU.Build.0 = Debug|Any CPU
		{DB06E2FC-9247-43E3-9D12-C7A2B51AB476}.Release|Any CPU.ActiveCfg = Release|Any CPU
		{DB06E2FC-9247-43E3-9D12-C7A2B51AB476}.Release|Any CPU.Build.0 = Release|Any CPU
	EndGlobalSection
	GlobalSection(SolutionProperties) = preSolution
		HideSolutionNode = FALSE
	EndGlobalSection
EndGlobal
