
Microsoft Visual Studio Solution File, Format Version 12.00
# Visual Studio Version 17
VisualStudioVersion = 17.9.34728.123
MinimumVisualStudioVersion = 10.0.40219.1
Project("{2150E333-8FDC-42A3-9474-1A3956D46DE8}") = "!DOC", "!DOC", "{036CC1FB-5D96-4725-8772-1944B20D6640}"
	ProjectSection(SolutionItems) = preProject
		!DOC\!!!.txt = !DOC\!!!.txt
	EndProjectSection
EndProject
Project("{8BC9CEB8-8B4A-11D0-8D11-00A0C91BC942}") = "KernelProgrammingBasics", "KernelProgrammingBasics\KernelProgrammingBasics.vcxproj", "{B2777EBF-063F-415E-8F53-6DCBB4E2311E}"
EndProject
Project("{8BC9CEB8-8B4A-11D0-8D11-00A0C91BC942}") = "OpenProcessExplorerDriver", "OpenProcessExplorerDriver\OpenProcessExplorerDriver.vcxproj", "{2928A572-D28E-401D-BCD9-207C16B40505}"
EndProject
Project("{8BC9CEB8-8B4A-11D0-8D11-00A0C91BC942}") = "OpenDriverNoSymbolicLink", "OpenDriverNoSymbolicLink\OpenDriverNoSymbolicLink.vcxproj", "{A2312080-3BF4-4C49-B516-5C3E34FAE882}"
EndProject
Global
	GlobalSection(SolutionConfigurationPlatforms) = preSolution
		Debug|ARM64 = Debug|ARM64
		Debug|x64 = Debug|x64
		Debug|x86 = Debug|x86
		Release|ARM64 = Release|ARM64
		Release|x64 = Release|x64
		Release|x86 = Release|x86
	EndGlobalSection
	GlobalSection(ProjectConfigurationPlatforms) = postSolution
		{B2777EBF-063F-415E-8F53-6DCBB4E2311E}.Debug|ARM64.ActiveCfg = Debug|ARM64
		{B2777EBF-063F-415E-8F53-6DCBB4E2311E}.Debug|ARM64.Build.0 = Debug|ARM64
		{B2777EBF-063F-415E-8F53-6DCBB4E2311E}.Debug|ARM64.Deploy.0 = Debug|ARM64
		{B2777EBF-063F-415E-8F53-6DCBB4E2311E}.Debug|x64.ActiveCfg = Debug|x64
		{B2777EBF-063F-415E-8F53-6DCBB4E2311E}.Debug|x64.Build.0 = Debug|x64
		{B2777EBF-063F-415E-8F53-6DCBB4E2311E}.Debug|x64.Deploy.0 = Debug|x64
		{B2777EBF-063F-415E-8F53-6DCBB4E2311E}.Debug|x86.ActiveCfg = Debug|x64
		{B2777EBF-063F-415E-8F53-6DCBB4E2311E}.Debug|x86.Build.0 = Debug|x64
		{B2777EBF-063F-415E-8F53-6DCBB4E2311E}.Debug|x86.Deploy.0 = Debug|x64
		{B2777EBF-063F-415E-8F53-6DCBB4E2311E}.Release|ARM64.ActiveCfg = Release|ARM64
		{B2777EBF-063F-415E-8F53-6DCBB4E2311E}.Release|ARM64.Build.0 = Release|ARM64
		{B2777EBF-063F-415E-8F53-6DCBB4E2311E}.Release|ARM64.Deploy.0 = Release|ARM64
		{B2777EBF-063F-415E-8F53-6DCBB4E2311E}.Release|x64.ActiveCfg = Release|x64
		{B2777EBF-063F-415E-8F53-6DCBB4E2311E}.Release|x64.Build.0 = Release|x64
		{B2777EBF-063F-415E-8F53-6DCBB4E2311E}.Release|x64.Deploy.0 = Release|x64
		{B2777EBF-063F-415E-8F53-6DCBB4E2311E}.Release|x86.ActiveCfg = Release|x64
		{B2777EBF-063F-415E-8F53-6DCBB4E2311E}.Release|x86.Build.0 = Release|x64
		{B2777EBF-063F-415E-8F53-6DCBB4E2311E}.Release|x86.Deploy.0 = Release|x64
		{2928A572-D28E-401D-BCD9-207C16B40505}.Debug|ARM64.ActiveCfg = Debug|x64
		{2928A572-D28E-401D-BCD9-207C16B40505}.Debug|ARM64.Build.0 = Debug|x64
		{2928A572-D28E-401D-BCD9-207C16B40505}.Debug|x64.ActiveCfg = Debug|x64
		{2928A572-D28E-401D-BCD9-207C16B40505}.Debug|x64.Build.0 = Debug|x64
		{2928A572-D28E-401D-BCD9-207C16B40505}.Debug|x86.ActiveCfg = Debug|x64
		{2928A572-D28E-401D-BCD9-207C16B40505}.Release|ARM64.ActiveCfg = Release|x64
		{2928A572-D28E-401D-BCD9-207C16B40505}.Release|ARM64.Build.0 = Release|x64
		{2928A572-D28E-401D-BCD9-207C16B40505}.Release|x64.ActiveCfg = Release|x64
		{2928A572-D28E-401D-BCD9-207C16B40505}.Release|x64.Build.0 = Release|x64
		{2928A572-D28E-401D-BCD9-207C16B40505}.Release|x86.ActiveCfg = Release|x64
		{A2312080-3BF4-4C49-B516-5C3E34FAE882}.Debug|ARM64.ActiveCfg = Debug|x64
		{A2312080-3BF4-4C49-B516-5C3E34FAE882}.Debug|ARM64.Build.0 = Debug|x64
		{A2312080-3BF4-4C49-B516-5C3E34FAE882}.Debug|x64.ActiveCfg = Debug|x64
		{A2312080-3BF4-4C49-B516-5C3E34FAE882}.Debug|x64.Build.0 = Debug|x64
		{A2312080-3BF4-4C49-B516-5C3E34FAE882}.Debug|x86.ActiveCfg = Debug|x64
		{A2312080-3BF4-4C49-B516-5C3E34FAE882}.Release|ARM64.ActiveCfg = Release|x64
		{A2312080-3BF4-4C49-B516-5C3E34FAE882}.Release|ARM64.Build.0 = Release|x64
		{A2312080-3BF4-4C49-B516-5C3E34FAE882}.Release|x64.ActiveCfg = Release|x64
		{A2312080-3BF4-4C49-B516-5C3E34FAE882}.Release|x64.Build.0 = Release|x64
		{A2312080-3BF4-4C49-B516-5C3E34FAE882}.Release|x86.ActiveCfg = Release|x64
	EndGlobalSection
	GlobalSection(SolutionProperties) = preSolution
		HideSolutionNode = FALSE
	EndGlobalSection
	GlobalSection(ExtensibilityGlobals) = postSolution
		SolutionGuid = {F4C921D7-AB18-4AC3-8286-6A3E2AB9DD61}
	EndGlobalSection
EndGlobal
