
Microsoft Visual Studio Solution File, Format Version 12.00
# Visual Studio Version 17
VisualStudioVersion = 17.13.35913.81 d17.13
MinimumVisualStudioVersion = 10.0.40219.1
Project("{2150E333-8FDC-42A3-9474-1A3956D46DE8}") = "!DOC", "!DOC", "{02EA681E-C7D8-13C7-8484-4AC65E1B71E8}"
	ProjectSection(SolutionItems) = preProject
		!DOC\!!!.txt = !DOC\!!!.txt
	EndProjectSection
EndProject
Project("{FAE04EC0-301F-11D3-BF4B-00C04F79EFBC}") = "UsingGraphQL", "UsingGraphQL\UsingGraphQL.csproj", "{8EF3CF82-B344-4887-A87C-2629C9B37A75}"
EndProject
Project("{FAE04EC0-301F-11D3-BF4B-00C04F79EFBC}") = "MySharedLibrary", "MySharedLibrary\MySharedLibrary.csproj", "{962B4CD6-885F-46A6-8A65-BC7C4EC17C64}"
EndProject
Project("{FAE04EC0-301F-11D3-BF4B-00C04F79EFBC}") = "Client", "Client\Client.csproj", "{D0BA917E-0BE0-4C09-816C-DAA0266CED81}"
EndProject
Global
	GlobalSection(SolutionConfigurationPlatforms) = preSolution
		Debug|Any CPU = Debug|Any CPU
		Release|Any CPU = Release|Any CPU
	EndGlobalSection
	GlobalSection(ProjectConfigurationPlatforms) = postSolution
		{8EF3CF82-B344-4887-A87C-2629C9B37A75}.Debug|Any CPU.ActiveCfg = Debug|Any CPU
		{8EF3CF82-B344-4887-A87C-2629C9B37A75}.Debug|Any CPU.Build.0 = Debug|Any CPU
		{8EF3CF82-B344-4887-A87C-2629C9B37A75}.Release|Any CPU.ActiveCfg = Release|Any CPU
		{8EF3CF82-B344-4887-A87C-2629C9B37A75}.Release|Any CPU.Build.0 = Release|Any CPU
		{962B4CD6-885F-46A6-8A65-BC7C4EC17C64}.Debug|Any CPU.ActiveCfg = Debug|Any CPU
		{962B4CD6-885F-46A6-8A65-BC7C4EC17C64}.Debug|Any CPU.Build.0 = Debug|Any CPU
		{962B4CD6-885F-46A6-8A65-BC7C4EC17C64}.Release|Any CPU.ActiveCfg = Release|Any CPU
		{962B4CD6-885F-46A6-8A65-BC7C4EC17C64}.Release|Any CPU.Build.0 = Release|Any CPU
		{D0BA917E-0BE0-4C09-816C-DAA0266CED81}.Debug|Any CPU.ActiveCfg = Debug|Any CPU
		{D0BA917E-0BE0-4C09-816C-DAA0266CED81}.Debug|Any CPU.Build.0 = Debug|Any CPU
		{D0BA917E-0BE0-4C09-816C-DAA0266CED81}.Release|Any CPU.ActiveCfg = Release|Any CPU
		{D0BA917E-0BE0-4C09-816C-DAA0266CED81}.Release|Any CPU.Build.0 = Release|Any CPU
	EndGlobalSection
	GlobalSection(SolutionProperties) = preSolution
		HideSolutionNode = FALSE
	EndGlobalSection
	GlobalSection(ExtensibilityGlobals) = postSolution
		SolutionGuid = {81FF9F06-CE11-47DC-A8A0-45694C24974B}
	EndGlobalSection
EndGlobal
