
Microsoft Visual Studio Solution File, Format Version 12.00
# Visual Studio 2013
VisualStudioVersion = 12.0.21005.1
MinimumVisualStudioVersion = 10.0.40219.1
Project("{FAE04EC0-301F-11D3-BF4B-00C04F79EFBC}") = "IOBoundAsynchronousOperations", "IOBoundAsynchronousOperations\IOBoundAsynchronousOperations.csproj", "{622B6B46-5EC7-4F7E-B394-33CCFC635BD8}"
EndProject
Project("{FAE04EC0-301F-11D3-BF4B-00C04F79EFBC}") = "AsynchronousWCF", "AsynchronousWCF\AsynchronousWCF.csproj", "{07292A2E-541C-4F80-AD48-B08C1590DEB5}"
EndProject
Project("{FAE04EC0-301F-11D3-BF4B-00C04F79EFBC}") = "WPFThreading", "WPFThreading\WPFThreading.csproj", "{77B2AF0F-180F-4EC0-95C0-A23EC36B83A0}"
EndProject
Project("{2150E333-8FDC-42A3-9474-1A3956D46DE8}") = "!!!", "!!!", "{2BA163E2-213C-4124-A30B-0793FDD09F5B}"
	ProjectSection(SolutionItems) = preProject
		!!!.txt = !!!.txt
	EndProjectSection
EndProject
Global
	GlobalSection(SolutionConfigurationPlatforms) = preSolution
		Debug|Any CPU = Debug|Any CPU
		Debug|x86 = Debug|x86
		Release|Any CPU = Release|Any CPU
		Release|x86 = Release|x86
	EndGlobalSection
	GlobalSection(ProjectConfigurationPlatforms) = postSolution
		{622B6B46-5EC7-4F7E-B394-33CCFC635BD8}.Debug|Any CPU.ActiveCfg = Debug|Any CPU
		{622B6B46-5EC7-4F7E-B394-33CCFC635BD8}.Debug|Any CPU.Build.0 = Debug|Any CPU
		{622B6B46-5EC7-4F7E-B394-33CCFC635BD8}.Debug|x86.ActiveCfg = Debug|x86
		{622B6B46-5EC7-4F7E-B394-33CCFC635BD8}.Debug|x86.Build.0 = Debug|x86
		{622B6B46-5EC7-4F7E-B394-33CCFC635BD8}.Release|Any CPU.ActiveCfg = Release|Any CPU
		{622B6B46-5EC7-4F7E-B394-33CCFC635BD8}.Release|Any CPU.Build.0 = Release|Any CPU
		{622B6B46-5EC7-4F7E-B394-33CCFC635BD8}.Release|x86.ActiveCfg = Release|x86
		{622B6B46-5EC7-4F7E-B394-33CCFC635BD8}.Release|x86.Build.0 = Release|x86
		{07292A2E-541C-4F80-AD48-B08C1590DEB5}.Debug|Any CPU.ActiveCfg = Debug|Any CPU
		{07292A2E-541C-4F80-AD48-B08C1590DEB5}.Debug|Any CPU.Build.0 = Debug|Any CPU
		{07292A2E-541C-4F80-AD48-B08C1590DEB5}.Debug|x86.ActiveCfg = Debug|Any CPU
		{07292A2E-541C-4F80-AD48-B08C1590DEB5}.Release|Any CPU.ActiveCfg = Release|Any CPU
		{07292A2E-541C-4F80-AD48-B08C1590DEB5}.Release|Any CPU.Build.0 = Release|Any CPU
		{07292A2E-541C-4F80-AD48-B08C1590DEB5}.Release|x86.ActiveCfg = Release|Any CPU
		{77B2AF0F-180F-4EC0-95C0-A23EC36B83A0}.Debug|Any CPU.ActiveCfg = Debug|Any CPU
		{77B2AF0F-180F-4EC0-95C0-A23EC36B83A0}.Debug|Any CPU.Build.0 = Debug|Any CPU
		{77B2AF0F-180F-4EC0-95C0-A23EC36B83A0}.Debug|x86.ActiveCfg = Debug|Any CPU
		{77B2AF0F-180F-4EC0-95C0-A23EC36B83A0}.Release|Any CPU.ActiveCfg = Release|Any CPU
		{77B2AF0F-180F-4EC0-95C0-A23EC36B83A0}.Release|Any CPU.Build.0 = Release|Any CPU
		{77B2AF0F-180F-4EC0-95C0-A23EC36B83A0}.Release|x86.ActiveCfg = Release|Any CPU
	EndGlobalSection
	GlobalSection(SolutionProperties) = preSolution
		HideSolutionNode = FALSE
	EndGlobalSection
EndGlobal
